// !$*UTF8*$!
{
	archiveVersion = 1;
	classes = {
	};
	objectVersion = 42;
	objects = {

/* Begin PBXBuildFile section */
		344547DE0A7183C800A45CDF /* Capture_Forward_off.tif in Resources */ = {isa = PBXBuildFile; fileRef = 344547D80A7183C800A45CDF /* Capture_Forward_off.tif */; };
		344547DF0A7183C800A45CDF /* Capture_Forward_on.tif in Resources */ = {isa = PBXBuildFile; fileRef = 344547D90A7183C800A45CDF /* Capture_Forward_on.tif */; };
		344547E00A7183C800A45CDF /* Capture_Play_off.tif in Resources */ = {isa = PBXBuildFile; fileRef = 344547DA0A7183C800A45CDF /* Capture_Play_off.tif */; };
		344547E10A7183C800A45CDF /* Capture_Play_on.tif in Resources */ = {isa = PBXBuildFile; fileRef = 344547DB0A7183C800A45CDF /* Capture_Play_on.tif */; };
		344547E20A7183C800A45CDF /* Capture_Rewind_off.tif in Resources */ = {isa = PBXBuildFile; fileRef = 344547DC0A7183C800A45CDF /* Capture_Rewind_off.tif */; };
		344547E30A7183C800A45CDF /* Capture_Rewind_on.tif in Resources */ = {isa = PBXBuildFile; fileRef = 344547DD0A7183C800A45CDF /* Capture_Rewind_on.tif */; };
		8D15AC2D0486D014006FF6A4 /* MainMenu.nib in Resources */ = {isa = PBXBuildFile; fileRef = 2A37F4B6FDCFA73011CA2CEA /* MainMenu.nib */; };
		8D15AC2E0486D014006FF6A4 /* QTRDocument.nib in Resources */ = {isa = PBXBuildFile; fileRef = 2A37F4B4FDCFA73011CA2CEA /* QTRDocument.nib */; };
		8D15AC2F0486D014006FF6A4 /* InfoPlist.strings in Resources */ = {isa = PBXBuildFile; fileRef = 089C165FFE840EACC02AAC07 /* InfoPlist.strings */; };
		8D15AC310486D014006FF6A4 /* QTRDocument.m in Sources */ = {isa = PBXBuildFile; fileRef = 2A37F4ACFDCFA73011CA2CEA /* QTRDocument.m */; settings = {ATTRIBUTES = (); }; };
		8D15AC320486D014006FF6A4 /* main.m in Sources */ = {isa = PBXBuildFile; fileRef = 2A37F4B0FDCFA73011CA2CEA /* main.m */; settings = {ATTRIBUTES = (); }; };
		8D15AC340486D014006FF6A4 /* Cocoa.framework in Frameworks */ = {isa = PBXBuildFile; fileRef = 1058C7A7FEA54F5311CA2CBB /* Cocoa.framework */; };
		A34CE76108734D9000A6EC6D /* QuickTime.framework in Frameworks */ = {isa = PBXBuildFile; fileRef = A34CE76008734D9000A6EC6D /* QuickTime.framework */; };
		A34CE76308734DA400A6EC6D /* QTKit.framework in Frameworks */ = {isa = PBXBuildFile; fileRef = A34CE76208734DA400A6EC6D /* QTKit.framework */; };
		A3684D2208848F0200614F01 /* Capture_Record_off.tif in Resources */ = {isa = PBXBuildFile; fileRef = A3684D1E08848F0200614F01 /* Capture_Record_off.tif */; };
		A3684D2408848F0200614F01 /* Capture_Record_on.tif in Resources */ = {isa = PBXBuildFile; fileRef = A3684D2008848F0200614F01 /* Capture_Record_on.tif */; };
		A3BB2AD6087B6C5E0092403A /* QuartzCore.framework in Frameworks */ = {isa = PBXBuildFile; fileRef = A3BB2AD5087B6C5E0092403A /* QuartzCore.framework */; };
		AD2593A50885ECAC0024BE27 /* CoreAudio.framework in Frameworks */ = {isa = PBXBuildFile; fileRef = AD2593A40885ECAC0024BE27 /* CoreAudio.framework */; };
		ADC307B1088F3C590080A6EC /* Carbon.framework in Frameworks */ = {isa = PBXBuildFile; fileRef = ADC30798088F3C590080A6EC /* Carbon.framework */; };
		F4171F100B03AEBB000327CB /* Stop_Normal.tif in Resources */ = {isa = PBXBuildFile; fileRef = F4171F0F0B03AEBB000327CB /* Stop_Normal.tif */; };
		F4DFA3610AFC1D2000C0FA32 /* SpeakerLoud.tif in Resources */ = {isa = PBXBuildFile; fileRef = F4DFA35F0AFC1D2000C0FA32 /* SpeakerLoud.tif */; };
		F4DFA3620AFC1D2000C0FA32 /* SpeakerSoft.tif in Resources */ = {isa = PBXBuildFile; fileRef = F4DFA3600AFC1D2000C0FA32 /* SpeakerSoft.tif */; };
/* End PBXBuildFile section */

/* Begin PBXFileReference section */
		089C1660FE840EACC02AAC07 /* English */ = {isa = PBXFileReference; fileEncoding = 10; lastKnownFileType = text.plist.strings; name = English; path = English.lproj/InfoPlist.strings; sourceTree = "<group>"; };
		1058C7A7FEA54F5311CA2CBB /* Cocoa.framework */ = {isa = PBXFileReference; lastKnownFileType = wrapper.framework; name = Cocoa.framework; path = /System/Library/Frameworks/Cocoa.framework; sourceTree = "<absolute>"; };
		13E42FBA07B3F13500E4EEF1 /* CoreData.framework */ = {isa = PBXFileReference; lastKnownFileType = wrapper.framework; name = CoreData.framework; path = /System/Library/Frameworks/CoreData.framework; sourceTree = "<absolute>"; };
		2A37F4ACFDCFA73011CA2CEA /* QTRDocument.m */ = {isa = PBXFileReference; fileEncoding = 4; lastKnownFileType = sourcecode.c.objc; path = QTRDocument.m; sourceTree = "<group>"; };
		2A37F4AEFDCFA73011CA2CEA /* QTRDocument.h */ = {isa = PBXFileReference; fileEncoding = 4; lastKnownFileType = sourcecode.c.h; path = QTRDocument.h; sourceTree = "<group>"; };
		2A37F4B0FDCFA73011CA2CEA /* main.m */ = {isa = PBXFileReference; fileEncoding = 4; lastKnownFileType = sourcecode.c.objc; path = main.m; sourceTree = "<group>"; };
		2A37F4B5FDCFA73011CA2CEA /* English */ = {isa = PBXFileReference; lastKnownFileType = wrapper.nib; name = English; path = English.lproj/QTRDocument.nib; sourceTree = "<group>"; };
		2A37F4B7FDCFA73011CA2CEA /* English */ = {isa = PBXFileReference; lastKnownFileType = wrapper.nib; name = English; path = English.lproj/MainMenu.nib; sourceTree = "<group>"; };
		2A37F4C4FDCFA73011CA2CEA /* AppKit.framework */ = {isa = PBXFileReference; lastKnownFileType = wrapper.framework; name = AppKit.framework; path = /System/Library/Frameworks/AppKit.framework; sourceTree = "<absolute>"; };
		2A37F4C5FDCFA73011CA2CEA /* Foundation.framework */ = {isa = PBXFileReference; lastKnownFileType = wrapper.framework; name = Foundation.framework; path = /System/Library/Frameworks/Foundation.framework; sourceTree = "<absolute>"; };
		32DBCF750370BD2300C91783 /* QTRecorder_Prefix.pch */ = {isa = PBXFileReference; fileEncoding = 4; lastKnownFileType = sourcecode.c.h; path = QTRecorder_Prefix.pch; sourceTree = "<group>"; };
		344547D80A7183C800A45CDF /* Capture_Forward_off.tif */ = {isa = PBXFileReference; lastKnownFileType = image.tiff; name = Capture_Forward_off.tif; path = Images/Capture_Forward_off.tif; sourceTree = "<group>"; };
		344547D90A7183C800A45CDF /* Capture_Forward_on.tif */ = {isa = PBXFileReference; lastKnownFileType = image.tiff; name = Capture_Forward_on.tif; path = Images/Capture_Forward_on.tif; sourceTree = "<group>"; };
		344547DA0A7183C800A45CDF /* Capture_Play_off.tif */ = {isa = PBXFileReference; lastKnownFileType = image.tiff; name = Capture_Play_off.tif; path = Images/Capture_Play_off.tif; sourceTree = "<group>"; };
		344547DB0A7183C800A45CDF /* Capture_Play_on.tif */ = {isa = PBXFileReference; lastKnownFileType = image.tiff; name = Capture_Play_on.tif; path = Images/Capture_Play_on.tif; sourceTree = "<group>"; };
		344547DC0A7183C800A45CDF /* Capture_Rewind_off.tif */ = {isa = PBXFileReference; lastKnownFileType = image.tiff; name = Capture_Rewind_off.tif; path = Images/Capture_Rewind_off.tif; sourceTree = "<group>"; };
		344547DD0A7183C800A45CDF /* Capture_Rewind_on.tif */ = {isa = PBXFileReference; lastKnownFileType = image.tiff; name = Capture_Rewind_on.tif; path = Images/Capture_Rewind_on.tif; sourceTree = "<group>"; };
		8D15AC360486D014006FF6A4 /* Info.plist */ = {isa = PBXFileReference; fileEncoding = 4; lastKnownFileType = text.plist; path = Info.plist; sourceTree = "<group>"; };
		8D15AC370486D014006FF6A4 /* QTRecorder.app */ = {isa = PBXFileReference; explicitFileType = wrapper.application; includeInIndex = 0; path = QTRecorder.app; sourceTree = BUILT_PRODUCTS_DIR; };
		A34CE76008734D9000A6EC6D /* QuickTime.framework */ = {isa = PBXFileReference; lastKnownFileType = wrapper.framework; name = QuickTime.framework; path = /System/Library/Frameworks/QuickTime.framework; sourceTree = "<absolute>"; };
		A34CE76208734DA400A6EC6D /* QTKit.framework */ = {isa = PBXFileReference; lastKnownFileType = wrapper.framework; name = QTKit.framework; path = /System/Library/Frameworks/QTKit.framework; sourceTree = "<absolute>"; };
		A3684D1E08848F0200614F01 /* Capture_Record_off.tif */ = {isa = PBXFileReference; lastKnownFileType = image.tiff; name = Capture_Record_off.tif; path = Images/Capture_Record_off.tif; sourceTree = "<group>"; };
		A3684D2008848F0200614F01 /* Capture_Record_on.tif */ = {isa = PBXFileReference; lastKnownFileType = image.tiff; name = Capture_Record_on.tif; path = Images/Capture_Record_on.tif; sourceTree = "<group>"; };
		A3BB2AD5087B6C5E0092403A /* QuartzCore.framework */ = {isa = PBXFileReference; lastKnownFileType = wrapper.framework; name = QuartzCore.framework; path = /System/Library/Frameworks/QuartzCore.framework; sourceTree = "<absolute>"; };
		AD2593A40885ECAC0024BE27 /* CoreAudio.framework */ = {isa = PBXFileReference; lastKnownFileType = wrapper.framework; name = CoreAudio.framework; path = /System/Library/Frameworks/CoreAudio.framework; sourceTree = "<absolute>"; };
		ADC30798088F3C590080A6EC /* Carbon.framework */ = {isa = PBXFileReference; lastKnownFileType = wrapper.framework; name = Carbon.framework; path = /System/Library/Frameworks/Carbon.framework; sourceTree = "<absolute>"; };
		F4171F0F0B03AEBB000327CB /* Stop_Normal.tif */ = {isa = PBXFileReference; lastKnownFileType = image.tiff; name = Stop_Normal.tif; path = Images/Stop_Normal.tif; sourceTree = "<group>"; };
		F4DFA35F0AFC1D2000C0FA32 /* SpeakerLoud.tif */ = {isa = PBXFileReference; lastKnownFileType = image.tiff; name = SpeakerLoud.tif; path = Images/SpeakerLoud.tif; sourceTree = "<group>"; };
		F4DFA3600AFC1D2000C0FA32 /* SpeakerSoft.tif */ = {isa = PBXFileReference; lastKnownFileType = image.tiff; name = SpeakerSoft.tif; path = Images/SpeakerSoft.tif; sourceTree = "<group>"; };
/* End PBXFileReference section */

/* Begin PBXFrameworksBuildPhase section */
		8D15AC330486D014006FF6A4 /* Frameworks */ = {
			isa = PBXFrameworksBuildPhase;
			buildActionMask = 2147483647;
			files = (
				8D15AC340486D014006FF6A4 /* Cocoa.framework in Frameworks */,
				A34CE76108734D9000A6EC6D /* QuickTime.framework in Frameworks */,
				A34CE76308734DA400A6EC6D /* QTKit.framework in Frameworks */,
				A3BB2AD6087B6C5E0092403A /* QuartzCore.framework in Frameworks */,
				AD2593A50885ECAC0024BE27 /* CoreAudio.framework in Frameworks */,
				ADC307B1088F3C590080A6EC /* Carbon.framework in Frameworks */,
			);
			runOnlyForDeploymentPostprocessing = 0;
		};
/* End PBXFrameworksBuildPhase section */

/* Begin PBXGroup section */
		1058C7A6FEA54F5311CA2CBB /* Linked Frameworks */ = {
			isa = PBXGroup;
			children = (
				ADC30798088F3C590080A6EC /* Carbon.framework */,
				AD2593A40885ECAC0024BE27 /* CoreAudio.framework */,
				A3BB2AD5087B6C5E0092403A /* QuartzCore.framework */,
				A34CE76208734DA400A6EC6D /* QTKit.framework */,
				A34CE76008734D9000A6EC6D /* QuickTime.framework */,
				1058C7A7FEA54F5311CA2CBB /* Cocoa.framework */,
			);
			name = "Linked Frameworks";
			sourceTree = "<group>";
		};
		1058C7A8FEA54F5311CA2CBB /* Other Frameworks */ = {
			isa = PBXGroup;
			children = (
				2A37F4C4FDCFA73011CA2CEA /* AppKit.framework */,
				13E42FBA07B3F13500E4EEF1 /* CoreData.framework */,
				2A37F4C5FDCFA73011CA2CEA /* Foundation.framework */,
			);
			name = "Other Frameworks";
			sourceTree = "<group>";
		};
		19C28FB0FE9D524F11CA2CBB /* Products */ = {
			isa = PBXGroup;
			children = (
				8D15AC370486D014006FF6A4 /* QTRecorder.app */,
			);
			name = Products;
			sourceTree = "<group>";
		};
		2A37F4AAFDCFA73011CA2CEA /* QuickTime Recorder */ = {
			isa = PBXGroup;
			children = (
				2A37F4ABFDCFA73011CA2CEA /* Classes */,
				2A37F4AFFDCFA73011CA2CEA /* Other Sources */,
				2A37F4B8FDCFA73011CA2CEA /* Resources */,
				2A37F4C3FDCFA73011CA2CEA /* Frameworks */,
				AD2B62F008A972FF00CCC755 /* Projects */,
				19C28FB0FE9D524F11CA2CBB /* Products */,
			);
			name = "QuickTime Recorder";
			sourceTree = "<group>";
		};
		2A37F4ABFDCFA73011CA2CEA /* Classes */ = {
			isa = PBXGroup;
			children = (
				2A37F4AEFDCFA73011CA2CEA /* QTRDocument.h */,
				2A37F4ACFDCFA73011CA2CEA /* QTRDocument.m */,
			);
			name = Classes;
			sourceTree = "<group>";
		};
		2A37F4AFFDCFA73011CA2CEA /* Other Sources */ = {
			isa = PBXGroup;
			children = (
				32DBCF750370BD2300C91783 /* QTRecorder_Prefix.pch */,
				2A37F4B0FDCFA73011CA2CEA /* main.m */,
			);
			name = "Other Sources";
			sourceTree = "<group>";
		};
		2A37F4B8FDCFA73011CA2CEA /* Resources */ = {
			isa = PBXGroup;
			children = (
				2A37F4B6FDCFA73011CA2CEA /* MainMenu.nib */,
				2A37F4B4FDCFA73011CA2CEA /* QTRDocument.nib */,
				8D15AC360486D014006FF6A4 /* Info.plist */,
				089C165FFE840EACC02AAC07 /* InfoPlist.strings */,
				A3684D1E08848F0200614F01 /* Capture_Record_off.tif */,
				A3684D2008848F0200614F01 /* Capture_Record_on.tif */,
				344547D80A7183C800A45CDF /* Capture_Forward_off.tif */,
				344547D90A7183C800A45CDF /* Capture_Forward_on.tif */,
				344547DA0A7183C800A45CDF /* Capture_Play_off.tif */,
				344547DB0A7183C800A45CDF /* Capture_Play_on.tif */,
				344547DC0A7183C800A45CDF /* Capture_Rewind_off.tif */,
				344547DD0A7183C800A45CDF /* Capture_Rewind_on.tif */,
				F4DFA35F0AFC1D2000C0FA32 /* SpeakerLoud.tif */,
				F4DFA3600AFC1D2000C0FA32 /* SpeakerSoft.tif */,
				F4171F0F0B03AEBB000327CB /* Stop_Normal.tif */,
			);
			name = Resources;
			sourceTree = "<group>";
		};
		2A37F4C3FDCFA73011CA2CEA /* Frameworks */ = {
			isa = PBXGroup;
			children = (
				1058C7A6FEA54F5311CA2CBB /* Linked Frameworks */,
				1058C7A8FEA54F5311CA2CBB /* Other Frameworks */,
			);
			name = Frameworks;
			sourceTree = "<group>";
		};
		AD2B62F008A972FF00CCC755 /* Projects */ = {
			isa = PBXGroup;
			children = (
			);
			name = Projects;
			sourceTree = "<group>";
		};
/* End PBXGroup section */

/* Begin PBXNativeTarget section */
		8D15AC270486D014006FF6A4 /* QTRecorder */ = {
			isa = PBXNativeTarget;
			buildConfigurationList = A34CE2B7087340A700A6EC6D /* Build configuration list for PBXNativeTarget "QTRecorder" */;
			buildPhases = (
				8D15AC2B0486D014006FF6A4 /* Resources */,
				8D15AC300486D014006FF6A4 /* Sources */,
				8D15AC330486D014006FF6A4 /* Frameworks */,
			);
			buildRules = (
			);
			dependencies = (
			);
			name = QTRecorder;
			productInstallPath = "$(HOME)/Applications";
			productName = "QuickTime Recorder";
			productReference = 8D15AC370486D014006FF6A4 /* QTRecorder.app */;
			productType = "com.apple.product-type.application";
		};
/* End PBXNativeTarget section */

/* Begin PBXProject section */
		2A37F4A9FDCFA73011CA2CEA /* Project object */ = {
			isa = PBXProject;
			buildConfigurationList = A34CE2BB087340A700A6EC6D /* Build configuration list for PBXProject "QTRecorder" */;
			compatibilityVersion = "Xcode 2.4";
			hasScannedForEncodings = 1;
			mainGroup = 2A37F4AAFDCFA73011CA2CEA /* QuickTime Recorder */;
			projectDirPath = "";
			projectRoot = "";
			shouldCheckCompatibility = 1;
			targets = (
				8D15AC270486D014006FF6A4 /* QTRecorder */,
			);
		};
/* End PBXProject section */

/* Begin PBXResourcesBuildPhase section */
		8D15AC2B0486D014006FF6A4 /* Resources */ = {
			isa = PBXResourcesBuildPhase;
			buildActionMask = 2147483647;
			files = (
				8D15AC2D0486D014006FF6A4 /* MainMenu.nib in Resources */,
				8D15AC2E0486D014006FF6A4 /* QTRDocument.nib in Resources */,
				8D15AC2F0486D014006FF6A4 /* InfoPlist.strings in Resources */,
				A3684D2208848F0200614F01 /* Capture_Record_off.tif in Resources */,
				A3684D2408848F0200614F01 /* Capture_Record_on.tif in Resources */,
				344547DE0A7183C800A45CDF /* Capture_Forward_off.tif in Resources */,
				344547DF0A7183C800A45CDF /* Capture_Forward_on.tif in Resources */,
				344547E00A7183C800A45CDF /* Capture_Play_off.tif in Resources */,
				344547E10A7183C800A45CDF /* Capture_Play_on.tif in Resources */,
				344547E20A7183C800A45CDF /* Capture_Rewind_off.tif in Resources */,
				344547E30A7183C800A45CDF /* Capture_Rewind_on.tif in Resources */,
				F4DFA3610AFC1D2000C0FA32 /* SpeakerLoud.tif in Resources */,
				F4DFA3620AFC1D2000C0FA32 /* SpeakerSoft.tif in Resources */,
				F4171F100B03AEBB000327CB /* Stop_Normal.tif in Resources */,
			);
			runOnlyForDeploymentPostprocessing = 0;
		};
/* End PBXResourcesBuildPhase section */

/* Begin PBXSourcesBuildPhase section */
		8D15AC300486D014006FF6A4 /* Sources */ = {
			isa = PBXSourcesBuildPhase;
			buildActionMask = 2147483647;
			files = (
				8D15AC310486D014006FF6A4 /* QTRDocument.m in Sources */,
				8D15AC320486D014006FF6A4 /* main.m in Sources */,
			);
			runOnlyForDeploymentPostprocessing = 0;
		};
/* End PBXSourcesBuildPhase section */

/* Begin PBXVariantGroup section */
		089C165FFE840EACC02AAC07 /* InfoPlist.strings */ = {
			isa = PBXVariantGroup;
			children = (
				089C1660FE840EACC02AAC07 /* English */,
			);
			name = InfoPlist.strings;
			sourceTree = "<group>";
		};
		2A37F4B4FDCFA73011CA2CEA /* QTRDocument.nib */ = {
			isa = PBXVariantGroup;
			children = (
				2A37F4B5FDCFA73011CA2CEA /* English */,
			);
			name = QTRDocument.nib;
			sourceTree = "<group>";
		};
		2A37F4B6FDCFA73011CA2CEA /* MainMenu.nib */ = {
			isa = PBXVariantGroup;
			children = (
				2A37F4B7FDCFA73011CA2CEA /* English */,
			);
			name = MainMenu.nib;
			sourceTree = "<group>";
		};
/* End PBXVariantGroup section */

/* Begin XCBuildConfiguration section */
		A34CE2B8087340A700A6EC6D /* Debug */ = {
			isa = XCBuildConfiguration;
			buildSettings = {
				COPY_PHASE_STRIP = NO;
				DEPLOYMENT_LOCATION = YES;
				DSTROOT = "";
				GCC_DYNAMIC_NO_PIC = NO;
				GCC_ENABLE_FIX_AND_CONTINUE = YES;
				GCC_ENABLE_OBJC_EXCEPTIONS = YES;
				GCC_GENERATE_DEBUGGING_SYMBOLS = YES;
				GCC_OPTIMIZATION_LEVEL = 0;
				GCC_PRECOMPILE_PREFIX_HEADER = YES;
				GCC_PREFIX_HEADER = QTRecorder_Prefix.pch;
				GCC_WARN_ABOUT_RETURN_TYPE = YES;
				GCC_WARN_UNUSED_VARIABLE = YES;
				HEADER_SEARCH_PATHS = "";
				INFOPLIST_FILE = Info.plist;
				INSTALL_PATH = "";
				OBJROOT = build;
				OTHER_CFLAGS = (
					"$(value)",
					"-fconstant-cfstrings",
					"-DDEBUG",
				);
				OTHER_CPLUSPLUSFLAGS = "$(OTHER_CFLAGS)";
				PREBINDING = NO;
				PRODUCT_NAME = QTRecorder;
				SYMROOT = build;
				WRAPPER_EXTENSION = app;
				ZERO_LINK = NO;
			};
			name = Debug;
		};
		A34CE2B9087340A700A6EC6D /* Release */ = {
			isa = XCBuildConfiguration;
			buildSettings = {
				COPY_PHASE_STRIP = YES;
				GCC_ENABLE_FIX_AND_CONTINUE = NO;
				GCC_GENERATE_DEBUGGING_SYMBOLS = NO;
				GCC_PRECOMPILE_PREFIX_HEADER = YES;
				GCC_PREFIX_HEADER = QTRecorder_Prefix.pch;
				GCC_WARN_ABOUT_RETURN_TYPE = YES;
				GCC_WARN_UNUSED_VARIABLE = YES;
				HEADER_SEARCH_PATHS = "";
				INFOPLIST_FILE = Info.plist;
				INSTALL_PATH = "$(HOME)/Applications";
				PREBINDING = NO;
				PRODUCT_NAME = QTRecorder;
				WRAPPER_EXTENSION = app;
				ZERO_LINK = NO;
			};
			name = Release;
		};
		A34CE2BA087340A700A6EC6D /* Default */ = {
			isa = XCBuildConfiguration;
			buildSettings = {
				GCC_GENERATE_DEBUGGING_SYMBOLS = NO;
				GCC_PRECOMPILE_PREFIX_HEADER = YES;
				GCC_PREFIX_HEADER = QTRecorder_Prefix.pch;
				GCC_WARN_ABOUT_RETURN_TYPE = YES;
				GCC_WARN_UNUSED_VARIABLE = YES;
				HEADER_SEARCH_PATHS = "";
				INFOPLIST_FILE = Info.plist;
				INSTALL_PATH = "$(HOME)/Applications";
				PREBINDING = NO;
				PRODUCT_NAME = QTRecorder;
				WRAPPER_EXTENSION = app;
			};
			name = Default;
		};
		A34CE2BC087340A700A6EC6D /* Debug */ = {
			isa = XCBuildConfiguration;
			buildSettings = {
				GCC_ENABLE_OBJC_EXCEPTIONS = YES;
				MACOSX_DEPLOYMENT_TARGET = 10.4;
				OTHER_LDFLAGS = "$(inherited)";
			};
			name = Debug;
		};
		A34CE2BD087340A700A6EC6D /* Release */ = {
			isa = XCBuildConfiguration;
			buildSettings = {
				ARCHS = (
					ppc,
					i386,
				);
				MACOSX_DEPLOYMENT_TARGET = 10.4;
				OTHER_LDFLAGS = "$(inherited)";
			};
			name = Release;
		};
		A34CE2BE087340A700A6EC6D /* Default */ = {
			isa = XCBuildConfiguration;
			buildSettings = {
				MACOSX_DEPLOYMENT_TARGET = 10.4;
			};
			name = Default;
		};
/* End XCBuildConfiguration section */

/* Begin XCConfigurationList section */
		A34CE2B7087340A700A6EC6D /* Build configuration list for PBXNativeTarget "QTRecorder" */ = {
			isa = XCConfigurationList;
			buildConfigurations = (
				A34CE2B8087340A700A6EC6D /* Debug */,
				A34CE2B9087340A700A6EC6D /* Release */,
				A34CE2BA087340A700A6EC6D /* Default */,
			);
			defaultConfigurationIsVisible = 0;
			defaultConfigurationName = Default;
		};
		A34CE2BB087340A700A6EC6D /* Build configuration list for PBXProject "QTRecorder" */ = {
			isa = XCConfigurationList;
			buildConfigurations = (
				A34CE2BC087340A700A6EC6D /* Debug */,
				A34CE2BD087340A700A6EC6D /* Release */,
				A34CE2BE087340A700A6EC6D /* Default */,
			);
			defaultConfigurationIsVisible = 0;
			defaultConfigurationName = Default;
		};
/* End XCConfigurationList section */
	};
	rootObject = 2A37F4A9FDCFA73011CA2CEA /* Project object */;
}
