// !$*UTF8*$!
{
	archiveVersion = 1;
	classes = {
	};
	objectVersion = 32;
	objects = {
		014CEA4C0018CE3E11CA2923 = {
			buildRules = (
			);
			buildSettings = {
				COPY_PHASE_STRIP = NO;
			};
			isa = PBXBuildStyle;
			name = Development;
		};
		014CEA4D0018CE3E11CA2923 = {
			buildRules = (
			);
			buildSettings = {
				COPY_PHASE_STRIP = YES;
			};
			isa = PBXBuildStyle;
			name = Deployment;
		};
		034768E4FF38A6EB11DB9C8B = {
			isa = PBXExecutableFileReference;
			path = PBGetSetOptions;
			refType = 3;
		};
		04548EAB006F708211CB17AC = {
			isa = PBXFileReference;
			path = GetSetOptions.c;
			refType = 2;
		};
		04548EAC006F708211CB17AC = {
			fileRef = 04548EAB006F708211CB17AC;
			isa = PBXBuildFile;
			settings = {
			};
		};
		08FB7793FE84155DC02AAC07 = {
			buildStyles = (
				014CEA4C0018CE3E11CA2923,
				014CEA4D0018CE3E11CA2923,
			);
			isa = PBXProject;
			mainGroup = 08FB7794FE84155DC02AAC07;
			projectDirPath = .;
			targets = (
				08FB779FFE84155DC02AAC07,
			);
		};
		08FB7794FE84155DC02AAC07 = {
			children = (
				08FB7795FE84155DC02AAC07,
				08FB779DFE84155DC02AAC07,
				1A8B4A8EFE9D542A11CA2CBB,
			);
			isa = PBXGroup;
			name = PBGetSetOptions;
			refType = 4;
		};
		08FB7795FE84155DC02AAC07 = {
			children = (
				04548EAB006F708211CB17AC,
			);
			isa = PBXGroup;
			name = Source;
			refType = 4;
		};
		08FB779DFE84155DC02AAC07 = {
			children = (
				097DBE83FE8419DDC02AAC07,
			);
			isa = PBXGroup;
			name = "External Frameworks and Libraries";
			refType = 4;
		};
		08FB779FFE84155DC02AAC07 = {
			buildPhases = (
				08FB77A0FE84155DC02AAC07,
				08FB77A1FE84155DC02AAC07,
				08FB77A3FE84155DC02AAC07,
				08FB77A5FE84155DC02AAC07,
			);
			buildSettings = {
				FRAMEWORK_SEARCH_PATHS = "";
				HEADER_SEARCH_PATHS = "";
				INSTALL_PATH = "$(HOME)/bin";
				LIBRARY_SEARCH_PATHS = "";
				OPTIMIZATION_CFLAGS = "";
				OTHER_CFLAGS = "";
				OTHER_LDFLAGS = "";
				OTHER_REZFLAGS = "";
				PRODUCT_NAME = PBGetSetOptions;
				REZ_EXECUTABLE = YES;
				SECTORDER_FLAGS = "";
				WARNING_CFLAGS = "-Wmost -Wno-four-char-constants -Wno-unknown-pragmas";
			};
			conditionalBuildSettings = {
			};
			dependencies = (
			);
			isa = PBXToolTarget;
			name = PBGetSetOptions;
			productInstallPath = "$(HOME)/bin";
			productName = PBGetSetOptions;
			productReference = 034768E4FF38A6EB11DB9C8B;
			shouldUseHeadermap = 1;
		};
		08FB77A0FE84155DC02AAC07 = {
			buildActionMask = 2147483647;
			files = (
			);
			isa = PBXHeadersBuildPhase;
			name = Headers;
		};
		08FB77A1FE84155DC02AAC07 = {
			buildActionMask = 2147483647;
			files = (
				04548EAC006F708211CB17AC,
			);
			isa = PBXSourcesBuildPhase;
			name = Sources;
		};
		08FB77A3FE84155DC02AAC07 = {
			buildActionMask = 2147483647;
			files = (
				097DBE84FE8419DDC02AAC07,
			);
			isa = PBXFrameworksBuildPhase;
			name = "Frameworks & Libraries";
		};
		08FB77A5FE84155DC02AAC07 = {
			buildActionMask = 2147483647;
			files = (
			);
			isa = PBXRezBuildPhase;
			name = "ResourceManager Resources";
		};
		097DBE83FE8419DDC02AAC07 = {
			isa = PBXFrameworkReference;
			name = CoreServices.framework;
			path = /System/Library/Frameworks/CoreServices.framework;
			refType = 0;
		};
		097DBE84FE8419DDC02AAC07 = {
			fileRef = 097DBE83FE8419DDC02AAC07;
			isa = PBXBuildFile;
			settings = {
			};
		};
		1A8B4A8EFE9D542A11CA2CBB = {
			children = (
				034768E4FF38A6EB11DB9C8B,
			);
			isa = PBXGroup;
			name = Products;
			refType = 4;
		};
	};
	rootObject = 08FB7793FE84155DC02AAC07;
}
