// !$*UTF8*$!
{
	archiveVersion = 1;
	classes = {
	};
	objectVersion = 34;
	objects = {
		670F17B00291F1F205CB1624 = {
			children = (
				670F17B20291F1F205CB1624,
				670F17B10291F1F205CB1624,
				670F17B30291F1F205CB1624,
				670F17B40291F1F205CB1624,
				670F17B50291F1F205CB1624,
				670F17B60291F1F205CB1624,
			);
			isa = PBXGroup;
			path = ComponentIncludes;
			refType = 2;
		};
		670F17B10291F1F205CB1624 = {
			isa = PBXFileReference;
			path = ComponentDispatchHelper.c;
			refType = 4;
		};
		670F17B20291F1F205CB1624 = {
			isa = PBXFileReference;
			path = ComponentIncludes.txt;
			refType = 4;
		};
		670F17B30291F1F205CB1624 = {
			isa = PBXFileReference;
			path = Components.k.h;
			refType = 4;
		};
		670F17B40291F1F205CB1624 = {
			isa = PBXFileReference;
			path = ImageCodec.k.h;
			refType = 4;
		};
		670F17B50291F1F205CB1624 = {
			isa = PBXFileReference;
			path = ImageCompression.k.h;
			refType = 4;
		};
		670F17B60291F1F205CB1624 = {
			isa = PBXFileReference;
			path = QuickTimeComponents.k.h;
			refType = 4;
		};
		670F17B70291F1F205CB1624 = {
			fileRef = 670F17B30291F1F205CB1624;
			isa = PBXBuildFile;
			settings = {
			};
		};
		670F17B80291F1F205CB1624 = {
			fileRef = 670F17B40291F1F205CB1624;
			isa = PBXBuildFile;
			settings = {
			};
		};
		670F17B90291F1F205CB1624 = {
			fileRef = 670F17B50291F1F205CB1624;
			isa = PBXBuildFile;
			settings = {
			};
		};
		670F17BA0291F1F205CB1624 = {
			fileRef = 670F17B60291F1F205CB1624;
			isa = PBXBuildFile;
			settings = {
			};
		};
		670F17BC0291F27205CB1624 = {
			children = (
				670F17BD0291F27205CB1624,
				670F17BE0291F27205CB1624,
			);
			isa = PBXGroup;
			path = Effect;
			refType = 2;
		};
		670F17BD0291F27205CB1624 = {
			isa = PBXFileReference;
			path = EffectFilter16.c;
			refType = 4;
		};
		670F17BE0291F27205CB1624 = {
			isa = PBXFileReference;
			path = EffectFilter32.c;
			refType = 4;
		};
		670F17C10291F28305CB1624 = {
			children = (
				670F17C20291F28305CB1624,
				670F17C50291F28305CB1624,
				670F17C60291F28305CB1624,
				670F17C80291F28305CB1624,
				670F17C30291F28305CB1624,
				670F17C70291F28305CB1624,
				67C570050293240905CB1624,
				670F17C40291F28305CB1624,
			);
			isa = PBXGroup;
			path = EffectFramework;
			refType = 2;
		};
		670F17C20291F28305CB1624 = {
			isa = PBXFileReference;
			path = BltMacros.h;
			refType = 4;
		};
		670F17C30291F28305CB1624 = {
			isa = PBXFileReference;
			path = Effect.c;
			refType = 4;
		};
		670F17C40291F28305CB1624 = {
			isa = PBXFileReference;
			path = Effect.r;
			refType = 4;
		};
		670F17C50291F28305CB1624 = {
			isa = PBXFileReference;
			path = EffectDefinitions.h;
			refType = 4;
		};
		670F17C60291F28305CB1624 = {
			isa = PBXFileReference;
			path = EffectDispatch.h;
			refType = 4;
		};
		670F17C70291F28305CB1624 = {
			isa = PBXFileReference;
			path = EffectUtilities.c;
			refType = 4;
		};
		670F17C80291F28305CB1624 = {
			isa = PBXFileReference;
			path = EffectUtilities.h;
			refType = 4;
		};
		670F17C90291F28305CB1624 = {
			fileRef = 670F17C20291F28305CB1624;
			isa = PBXBuildFile;
			settings = {
			};
		};
		670F17CA0291F28305CB1624 = {
			fileRef = 670F17C50291F28305CB1624;
			isa = PBXBuildFile;
			settings = {
			};
		};
		670F17CB0291F28305CB1624 = {
			fileRef = 670F17C60291F28305CB1624;
			isa = PBXBuildFile;
			settings = {
			};
		};
		670F17CC0291F28305CB1624 = {
			fileRef = 670F17C80291F28305CB1624;
			isa = PBXBuildFile;
			settings = {
			};
		};
		670F17CD0291F28305CB1624 = {
			fileRef = 670F17C30291F28305CB1624;
			isa = PBXBuildFile;
			settings = {
			};
		};
		670F17CE0291F28305CB1624 = {
			fileRef = 670F17C70291F28305CB1624;
			isa = PBXBuildFile;
			settings = {
			};
		};
		6771851101E676CB05CB1624 = {
			buildStyles = (
				6771851301E676CB05CB1624,
				6771851401E676CB05CB1624,
			);
			isa = PBXProject;
			mainGroup = 6771851201E676CB05CB1624;
			productRefGroup = 6771851601E6777005CB1624;
			projectDirPath = "";
			targets = (
				6771851801E6777005CB1624,
			);
		};
		6771851201E676CB05CB1624 = {
			children = (
				670F17C10291F28305CB1624,
				670F17BC0291F27205CB1624,
				670F17B00291F1F205CB1624,
				6771852601E6783505CB1624,
				6771851601E6777005CB1624,
			);
			isa = PBXGroup;
			refType = 4;
		};
		6771851301E676CB05CB1624 = {
			buildRules = (
			);
			buildSettings = {
				COPY_PHASE_STRIP = NO;
				WARNING_CFLAGS = "-Wmost";
			};
			isa = PBXBuildStyle;
			name = Development;
		};
		6771851401E676CB05CB1624 = {
			buildRules = (
			);
			buildSettings = {
				COPY_PHASE_STRIP = YES;
			};
			isa = PBXBuildStyle;
			name = Deployment;
		};
		6771851601E6777005CB1624 = {
			children = (
				6771851701E6777005CB1624,
			);
			isa = PBXGroup;
			name = Products;
			refType = 4;
		};
		6771851701E6777005CB1624 = {
			isa = PBXLibraryReference;
			path = Dimmer2EffectMachOPB.component;
			refType = 3;
		};
		6771851801E6777005CB1624 = {
			buildPhases = (
				6771851901E6777005CB1624,
				6771851A01E6777005CB1624,
				6771851C01E6777005CB1624,
				6771851D01E6777005CB1624,
			);
			buildSettings = {
				DYLIB_COMPATIBILITY_VERSION = 1;
				DYLIB_CURRENT_VERSION = 1;
				EXPORTED_SYMBOLS_FILE = EffectPB.exp;
				HEADER_SEARCH_PATHS = "";
				IMPLICITLY_INCLUDED_HEADERS = PrefixIncludes/PrefixCarbon.h;
				LIBRARY_STYLE = DYNAMIC;
				OPTIMIZATION_CFLAGS = "-O0";
				OTHER_CFLAGS = "-I ComponentIncludes/ -I Effect/ -I-";
				OTHER_LIBTOOL_FLAGS = "";
				OTHER_REZFLAGS = "-i EffectFramework/ -i Effect/ -i PrefixIncludes/";
				PRODUCT_NAME = Dimmer2EffectMachOPB.component;
				REZ_EXECUTABLE = YES;
				SECTORDER_FLAGS = "";
				WARNING_CFLAGS = "-Wno-four-char-constants -Wno-unknown-pragmas";
			};
			dependencies = (
			);
			isa = PBXLibraryTarget;
			name = Dimmer2Effect.component;
			productName = SoftVOutMachOPB.Component;
			productReference = 6771851701E6777005CB1624;
			shouldUseHeadermap = 0;
		};
		6771851901E6777005CB1624 = {
			buildActionMask = 2147483647;
			files = (
				670F17B70291F1F205CB1624,
				670F17B80291F1F205CB1624,
				670F17B90291F1F205CB1624,
				670F17BA0291F1F205CB1624,
				670F17C90291F28305CB1624,
				670F17CA0291F28305CB1624,
				670F17CB0291F28305CB1624,
				670F17CC0291F28305CB1624,
			);
			isa = PBXHeadersBuildPhase;
			name = Headers;
		};
		6771851A01E6777005CB1624 = {
			buildActionMask = 2147483647;
			files = (
				670F17CD0291F28305CB1624,
				670F17CE0291F28305CB1624,
			);
			isa = PBXSourcesBuildPhase;
			name = Sources;
		};
		6771851C01E6777005CB1624 = {
			buildActionMask = 2147483647;
			files = (
				6771852901E6783505CB1624,
				6771852A01E6783505CB1624,
			);
			isa = PBXFrameworksBuildPhase;
			name = "Frameworks & Libraries";
		};
		6771851D01E6777005CB1624 = {
			buildActionMask = 2147483647;
			files = (
				67C570060293240905CB1624,
			);
			isa = PBXRezBuildPhase;
			name = "ResourceManager Resources";
		};
		6771852601E6783505CB1624 = {
			children = (
				6771852701E6783505CB1624,
				6771852801E6783505CB1624,
			);
			isa = PBXGroup;
			name = Frameworks;
			refType = 4;
		};
		6771852701E6783505CB1624 = {
			isa = PBXFrameworkReference;
			name = Carbon.framework;
			path = /System/Library/Frameworks/Carbon.framework;
			refType = 0;
		};
		6771852801E6783505CB1624 = {
			isa = PBXFrameworkReference;
			name = QuickTime.framework;
			path = /System/Library/Frameworks/QuickTime.framework;
			refType = 0;
		};
		6771852901E6783505CB1624 = {
			fileRef = 6771852701E6783505CB1624;
			isa = PBXBuildFile;
			settings = {
			};
		};
		6771852A01E6783505CB1624 = {
			fileRef = 6771852801E6783505CB1624;
			isa = PBXBuildFile;
			settings = {
			};
		};
		67C570050293240905CB1624 = {
			isa = PBXFileReference;
			name = EffectRezPB.r;
			path = EffectFramework/EffectRezPB.r;
			refType = 2;
		};
		67C570060293240905CB1624 = {
			fileRef = 67C570050293240905CB1624;
			isa = PBXBuildFile;
			settings = {
			};
		};
	};
	rootObject = 6771851101E676CB05CB1624;
}
