// !$*UTF8*$!
{
	archiveVersion = 1;
	classes = {
	};
	objectVersion = 39;
	objects = {
		010FB80D00814DD77F000001 = {
			fileRef = 10F9BF62FEEDA25E11DB9C8B;
			isa = PBXBuildFile;
			settings = {
			};
		};
		01F12F4CFEC8CE2211DB9C8B = {
			buildSettings = {
			};
			buildStyles = (
				0E20B662001FAFA711DB9C8B,
				0E20B663001FAFA711DB9C8B,
			);
			hasScannedForEncodings = 1;
			isa = PBXProject;
			mainGroup = 01F12F4DFEC8CE2211DB9C8B;
			productRefGroup = 01F12F4FFEC8CEF111DB9C8B;
			projectDirPath = "";
			targets = (
				1601BCDBFEEE210811DB9C8B,
				F5D46FD6023411C001A80164,
				F5D46FDD023412BB01A80164,
			);
		};
		01F12F4DFEC8CE2211DB9C8B = {
			children = (
				8450E9D7066EA05400643160,
				F503E5A402341B8B01A80164,
				F5D46FF90234171801A80164,
				F5D46FFB0234171801A80164,
				10F9BF62FEEDA25E11DB9C8B,
				01F12F4FFEC8CEF111DB9C8B,
			);
			isa = PBXGroup;
			refType = 4;
			sourceTree = "<group>";
		};
		01F12F4FFEC8CEF111DB9C8B = {
			children = (
				849BA265066E94EA0039F5B1,
				06D05853FF24F2DB11DB9C8B,
				F5D46FD5023411C001A80164,
				F5D46FDB023412BB01A80164,
			);
			isa = PBXGroup;
			name = Products;
			refType = 4;
			sourceTree = "<group>";
		};
//010
//011
//012
//013
//014
//060
//061
//062
//063
//064
		06D05853FF24F2DB11DB9C8B = {
			explicitFileType = wrapper.application;
			isa = PBXFileReference;
			path = HelpHook.app;
			refType = 3;
			sourceTree = BUILT_PRODUCTS_DIR;
		};
//060
//061
//062
//063
//064
//0E0
//0E1
//0E2
//0E3
//0E4
		0E20B662001FAFA711DB9C8B = {
			buildSettings = {
				COPY_PHASE_STRIP = NO;
				GCC_DYNAMIC_NO_PIC = NO;
				GCC_ENABLE_FIX_AND_CONTINUE = YES;
				GCC_GENERATE_DEBUGGING_SYMBOLS = YES;
				GCC_OPTIMIZATION_LEVEL = 0;
				ZERO_LINK = YES;
			};
			isa = PBXBuildStyle;
			name = Development;
		};
		0E20B663001FAFA711DB9C8B = {
			buildSettings = {
				COPY_PHASE_STRIP = YES;
				GCC_ENABLE_FIX_AND_CONTINUE = NO;
				ZERO_LINK = NO;
			};
			isa = PBXBuildStyle;
			name = Deployment;
		};
//0E0
//0E1
//0E2
//0E3
//0E4
//100
//101
//102
//103
//104
		10F9BF62FEEDA25E11DB9C8B = {
			isa = PBXFileReference;
			lastKnownFileType = image.icns;
			path = HelpHook.icns;
			refType = 4;
			sourceTree = "<group>";
		};
//100
//101
//102
//103
//104
//160
//161
//162
//163
//164
		1601BCDBFEEE210811DB9C8B = {
			buildPhases = (
				1601BCDCFEEE210811DB9C8B,
				1601BCDEFEEE210811DB9C8B,
				1601BCDFFEEE210811DB9C8B,
				1601BCE2FEEE210811DB9C8B,
				F5D46FE40234132A01A80164,
			);
			buildSettings = {
				JAVA_COMPILER = /usr/bin/javac;
				JAVA_ONLY = YES;
				JAVA_SOURCE_SUBDIR = .;
				PRODUCT_NAME = HelpHook;
			};
			dependencies = (
				84BAD91B06834A6E00B2E1EE,
			);
			isa = PBXApplicationTarget;
			name = HelpHook;
			productName = JNISample;
			productReference = 06D05853FF24F2DB11DB9C8B;
			productSettingsXML = "<?xml version=\"1.0\" encoding=\"UTF-8\"?>
<!DOCTYPE plist PUBLIC \"-//Apple Computer//DTD PLIST 1.0//EN\" \"http://www.apple.com/DTDs/PropertyList-1.0.dtd\">
<plist version=\"1.0\">
<dict>
	<key>CFBundleDevelopmentRegion</key>
	<string>English</string>
	<key>CFBundleExecutable</key>
	<string>HelpHook</string>
	<key>CFBundleGetInfoString</key>
	<string>1.0</string>
	<key>CFBundleHelpBookFolder</key>
	<string>SampleHelp</string>
	<key>CFBundleHelpBookName</key>
	<string>Sample Help</string>
	<key>CFBundleIconFile</key>
	<string>HelpHook.icns</string>
	<key>CFBundleIdentifier</key>
	<string>apple.dts.samplecode.HelpHook</string>
	<key>CFBundleInfoDictionaryVersion</key>
	<string>6.0</string>
	<key>CFBundleName</key>
	<string>Help Hook</string>
	<key>CFBundlePackageType</key>
	<string>APPL</string>
	<key>CFBundleShortVersionString</key>
	<string>1.0</string>
	<key>CFBundleSignature</key>
	<string>????</string>
	<key>CFBundleVersion</key>
	<string>1.0</string>
	<key>Java</key>
	<dict>
		<key>ClassPath</key>
		<array>
			<string>$JAVAROOT/HelpHook.jar</string>
		</array>
		<key>JVMVersion</key>
		<string>1.4+</string>
		<key>MainClass</key>
		<string>apple.dts.samplecode.helphook.HelpTest</string>
		<key>Properties</key>
		<dict>
			<key>apple.laf.useScreenMenuBar</key>
			<string>true</string>
		</dict>
	</dict>
</dict>
</plist>
";
		};
		1601BCDCFEEE210811DB9C8B = {
			buildActionMask = 2147483647;
			files = (
				F5D46FD40234111101A80164,
				84D4744C066E7D6F0091B01A,
			);
			isa = PBXSourcesBuildPhase;
			runOnlyForDeploymentPostprocessing = 0;
		};
		1601BCDEFEEE210811DB9C8B = {
			buildActionMask = 2147483647;
			files = (
			);
			isa = PBXJavaArchiveBuildPhase;
			runOnlyForDeploymentPostprocessing = 0;
		};
		1601BCDFFEEE210811DB9C8B = {
			buildActionMask = 2147483647;
			files = (
				010FB80D00814DD77F000001,
				847AEF16068B8289009B7FE6,
			);
			isa = PBXResourcesBuildPhase;
			runOnlyForDeploymentPostprocessing = 0;
		};
		1601BCE2FEEE210811DB9C8B = {
			buildActionMask = 2147483647;
			files = (
			);
			isa = PBXFrameworksBuildPhase;
			runOnlyForDeploymentPostprocessing = 0;
		};
//160
//161
//162
//163
//164
//840
//841
//842
//843
//844
		8450E9D7066EA05400643160 = {
			children = (
				847AEECE068B80EE009B7FE6,
			);
			isa = PBXGroup;
			name = Resources;
			refType = 4;
			sourceTree = "<group>";
		};
		847AEECE068B80EE009B7FE6 = {
			isa = PBXFileReference;
			lastKnownFileType = folder;
			path = SampleHelp;
			refType = 4;
			sourceTree = "<group>";
		};
		847AEF16068B8289009B7FE6 = {
			fileRef = 847AEECE068B80EE009B7FE6;
			isa = PBXBuildFile;
			settings = {
			};
		};
		849BA254066E94D90039F5B1 = {
			fileEncoding = 4;
			isa = PBXFileReference;
			lastKnownFileType = sourcecode.c.objc;
			path = JavaHelpHook.m;
			refType = 4;
			sourceTree = "<group>";
		};
		849BA256066E94D90039F5B1 = {
			fileRef = 849BA254066E94D90039F5B1;
			isa = PBXBuildFile;
			settings = {
			};
		};
		849BA265066E94EA0039F5B1 = {
			fileEncoding = 30;
			isa = PBXFileReference;
			lastKnownFileType = sourcecode.c.h;
			name = javah_HelpHook.h;
			path = build/Headers/javah_HelpHook.h;
			refType = 4;
			sourceTree = "<group>";
		};
		84BAD91A06834A6E00B2E1EE = {
			containerPortal = 01F12F4CFEC8CE2211DB9C8B;
			isa = PBXContainerItemProxy;
			proxyType = 1;
			remoteGlobalIDString = F5D46FD6023411C001A80164;
			remoteInfo = ExampleJNILIB;
		};
		84BAD91B06834A6E00B2E1EE = {
			isa = PBXTargetDependency;
			target = F5D46FD6023411C001A80164;
			targetProxy = 84BAD91A06834A6E00B2E1EE;
		};
		84BFCCC9065AFC4600301BEA = {
			isa = PBXFileReference;
			lastKnownFileType = wrapper.framework;
			name = JavaVM.framework;
			path = /System/Library/Frameworks/JavaVM.framework;
			refType = 0;
			sourceTree = "<absolute>";
		};
		84BFCCCA065AFC4600301BEA = {
			fileRef = 84BFCCC9065AFC4600301BEA;
			isa = PBXBuildFile;
			settings = {
			};
		};
		84D4744B066E7D6F0091B01A = {
			fileEncoding = 4;
			isa = PBXFileReference;
			lastKnownFileType = sourcecode.java;
			path = HelpHook.java;
			refType = 4;
			sourceTree = "<group>";
		};
		84D4744C066E7D6F0091B01A = {
			fileRef = 84D4744B066E7D6F0091B01A;
			isa = PBXBuildFile;
			settings = {
			};
		};
		84D4744D066E7D6F0091B01A = {
			fileRef = 84D4744B066E7D6F0091B01A;
			isa = PBXBuildFile;
			settings = {
			};
		};
		84D47469066E7DF20091B01A = {
			children = (
				84D47489066E7E040091B01A,
				84BFCCC9065AFC4600301BEA,
			);
			isa = PBXGroup;
			name = Frameworks;
			refType = 4;
			sourceTree = "<group>";
		};
		84D47489066E7E040091B01A = {
			isa = PBXFileReference;
			lastKnownFileType = wrapper.framework;
			name = Cocoa.framework;
			path = /System/Library/Frameworks/Cocoa.framework;
			refType = 0;
			sourceTree = "<absolute>";
		};
		84D4748A066E7E050091B01A = {
			fileRef = 84D47489066E7E040091B01A;
			isa = PBXBuildFile;
			settings = {
			};
		};
//840
//841
//842
//843
//844
//F50
//F51
//F52
//F53
//F54
		F503E5A402341B8B01A80164 = {
			fileEncoding = 30;
			isa = PBXFileReference;
			lastKnownFileType = text;
			path = README.txt;
			refType = 4;
			sourceTree = "<group>";
		};
		F5D46FD30234111101A80164 = {
			fileEncoding = 30;
			isa = PBXFileReference;
			lastKnownFileType = sourcecode.java;
			path = HelpTest.java;
			refType = 2;
			sourceTree = SOURCE_ROOT;
		};
		F5D46FD40234111101A80164 = {
			fileRef = F5D46FD30234111101A80164;
			isa = PBXBuildFile;
			settings = {
			};
		};
		F5D46FD5023411C001A80164 = {
			explicitFileType = "compiled.mach-o.dylib";
			isa = PBXFileReference;
			path = libJavaHelpHook.jnilib;
			refType = 3;
			sourceTree = BUILT_PRODUCTS_DIR;
		};
		F5D46FD6023411C001A80164 = {
			buildPhases = (
				F5D46FD7023411C001A80164,
				F5D46FD8023411C001A80164,
				F5D46FD9023411C001A80164,
				F5D46FDA023411C001A80164,
			);
			buildSettings = {
				HEADER_SEARCH_PATHS = "\"${OBJROOT}/Headers\" /System/Library/Frameworks/JavaVM.framework/Headers/";
				LIBRARY_STYLE = BUNDLE;
				OTHER_CFLAGS = "";
				OTHER_LDFLAGS = "";
				OTHER_LIBTOOL_FLAGS = "";
				OTHER_REZFLAGS = "";
				PREBINDING = NO;
				PRODUCT_NAME = libJavaHelpHook.jnilib;
				REZ_EXECUTABLE = YES;
				SECTORDER_FLAGS = "";
				WARNING_CFLAGS = "-Wmost -Wno-four-char-constants -Wno-unknown-pragmas";
			};
			dependencies = (
			);
			isa = PBXLibraryTarget;
			name = ExampleJNILIB;
			productInstallPath = /usr/local/lib;
			productName = libExample.jnilib;
			productReference = F5D46FD5023411C001A80164;
		};
		F5D46FD7023411C001A80164 = {
			buildActionMask = 2147483647;
			files = (
			);
			isa = PBXHeadersBuildPhase;
			runOnlyForDeploymentPostprocessing = 0;
		};
		F5D46FD8023411C001A80164 = {
			buildActionMask = 2147483647;
			files = (
				849BA256066E94D90039F5B1,
			);
			isa = PBXSourcesBuildPhase;
			runOnlyForDeploymentPostprocessing = 0;
		};
		F5D46FD9023411C001A80164 = {
			buildActionMask = 2147483647;
			files = (
				84BFCCCA065AFC4600301BEA,
				84D4748A066E7E050091B01A,
			);
			isa = PBXFrameworksBuildPhase;
			runOnlyForDeploymentPostprocessing = 0;
		};
		F5D46FDA023411C001A80164 = {
			buildActionMask = 2147483647;
			files = (
			);
			isa = PBXRezBuildPhase;
			runOnlyForDeploymentPostprocessing = 0;
		};
		F5D46FDB023412BB01A80164 = {
			explicitFileType = "compiled.mach-o.executable";
			isa = PBXFileReference;
			path = JNIOut.jar;
			refType = 3;
			sourceTree = BUILT_PRODUCTS_DIR;
		};
		F5D46FDD023412BB01A80164 = {
			buildPhases = (
				F5D46FDE023412BB01A80164,
				F5D46FE0023412BB01A80164,
				F5D46FE1023412BB01A80164,
				F5D46FF3023414C401A80164,
			);
			buildSettings = {
				JAVA_ARCHIVE_CLASSES = YES;
				JAVA_ARCHIVE_TYPE = JAR;
				JAVA_COMPILER = /usr/bin/javac;
				JAVA_SOURCE_SUBDIR = .;
				OTHER_CFLAGS = "";
				OTHER_LDFLAGS = "";
				OTHER_REZFLAGS = "";
				PRODUCT_NAME = JNIOut;
				PURE_JAVA = YES;
				REZ_EXECUTABLE = YES;
				SECTORDER_FLAGS = "";
				WARNING_CFLAGS = "-Wmost -Wno-four-char-constants -Wno-unknown-pragmas";
			};
			dependencies = (
			);
			isa = PBXToolTarget;
			name = "Do Javah";
			productInstallPath = /usr/local/bin;
			productName = JNIOut;
			productReference = F5D46FDB023412BB01A80164;
		};
		F5D46FDE023412BB01A80164 = {
			buildActionMask = 2147483647;
			files = (
				F5D46FDF023412BB01A80164,
				84D4744D066E7D6F0091B01A,
			);
			isa = PBXSourcesBuildPhase;
			runOnlyForDeploymentPostprocessing = 0;
		};
		F5D46FDF023412BB01A80164 = {
			fileRef = F5D46FD30234111101A80164;
			isa = PBXBuildFile;
			settings = {
			};
		};
		F5D46FE0023412BB01A80164 = {
			buildActionMask = 2147483647;
			files = (
			);
			isa = PBXJavaArchiveBuildPhase;
			runOnlyForDeploymentPostprocessing = 0;
		};
		F5D46FE1023412BB01A80164 = {
			buildActionMask = 2147483647;
			files = (
			);
			isa = PBXFrameworksBuildPhase;
			runOnlyForDeploymentPostprocessing = 0;
		};
		F5D46FE40234132A01A80164 = {
			buildActionMask = 2147483647;
			dstPath = "";
			dstSubfolderSpec = 15;
			files = (
				F5D46FF60234166C01A80164,
			);
			isa = PBXCopyFilesBuildPhase;
			runOnlyForDeploymentPostprocessing = 0;
		};
		F5D46FF3023414C401A80164 = {
			buildActionMask = 2147483647;
			files = (
			);
			isa = PBXShellScriptBuildPhase;
			runOnlyForDeploymentPostprocessing = 0;
			shellPath = /bin/sh;
			shellScript = "mkdir -p \"${OBJROOT}/Headers\"\njavah -classpath \"${SYMROOT}/JNIOut.jar\" -force -o \"${OBJROOT}/Headers/javah_HelpHook.h\" \"apple.dts.samplecode.helphook.HelpHook\"\necho OBJROOT = ${OBJROOT} SYMROOT = ${SYMROOT}";
		};
		F5D46FF60234166C01A80164 = {
			fileRef = F5D46FD5023411C001A80164;
			isa = PBXBuildFile;
			settings = {
			};
		};
		F5D46FF90234171801A80164 = {
			children = (
				F5D46FD30234111101A80164,
				84D4744B066E7D6F0091B01A,
			);
			isa = PBXGroup;
			name = Java;
			refType = 4;
			sourceTree = "<group>";
		};
		F5D46FFB0234171801A80164 = {
			children = (
				849BA254066E94D90039F5B1,
				84D47469066E7DF20091B01A,
			);
			isa = PBXGroup;
			name = ExampleJNILIB;
			refType = 4;
			sourceTree = "<group>";
		};
	};
	rootObject = 01F12F4CFEC8CE2211DB9C8B;
}
