// !$*UTF8*$!
{
	archiveVersion = 1;
	classes = {
	};
	objectVersion = 44;
	objects = {

/* Begin PBXBuildFile section */
		2D14491B0AD57A67002A9E6E /* Localizable.strings in Resources */ = {isa = PBXBuildFile; fileRef = 2D1449190AD57A67002A9E6E /* Localizable.strings */; };
		2D6DCA2D0ACD9A4900E5A9E1 /* OutputBins2Test.ppd in Copy PPD */ = {isa = PBXBuildFile; fileRef = 2D6DCA100ACD999300E5A9E1 /* OutputBins2Test.ppd */; };
		2DFA92A30ACD96150007BBAC /* OutputBins2PDE.m in Sources */ = {isa = PBXBuildFile; fileRef = 2DFA92A20ACD96150007BBAC /* OutputBins2PDE.m */; };
		633BC9AE0B793AAE00CA8384 /* OutputBins2PDEPlugin.m in Sources */ = {isa = PBXBuildFile; fileRef = 633BC9AC0B793AAE00CA8384 /* OutputBins2PDEPlugin.m */; };
		633BC9E40B7955A000CA8384 /* PasswordPDE.m in Sources */ = {isa = PBXBuildFile; fileRef = 633BC9E20B7955A000CA8384 /* PasswordPDE.m */; };
		633BC9EA0B79562200CA8384 /* PasswordPDE.nib in Resources */ = {isa = PBXBuildFile; fileRef = 633BC9E80B79562200CA8384 /* PasswordPDE.nib */; };
		6341BD4B0D53A0E3001A85E0 /* OutputBins2Config.xcconfig in Resources */ = {isa = PBXBuildFile; fileRef = 6341BD4A0D53A0E3001A85E0 /* OutputBins2Config.xcconfig */; };
		6345764D0D5104A400C3AF1E /* Info.plist in Resources */ = {isa = PBXBuildFile; fileRef = 6345764B0D5104A400C3AF1E /* Info.plist */; };
		63C81A410B2247F900D2A81E /* PDEChoice.m in Sources */ = {isa = PBXBuildFile; fileRef = 63C81A3F0B2247F900D2A81E /* PDEChoice.m */; };
		63D871ED0C4C2A40005545CA /* Utilities.m in Sources */ = {isa = PBXBuildFile; fileRef = 63D871EC0C4C2A40005545CA /* Utilities.m */; };
		63E476B40BC44D7500CB1CDB /* Carbon.framework in Frameworks */ = {isa = PBXBuildFile; fileRef = D54F471F09BCFB9B00C2275A /* Carbon.framework */; };
		63E477720BC47AC300CB1CDB /* OutputbinsPDE2Help.helpindex in CopyFiles */ = {isa = PBXBuildFile; fileRef = 63E4776E0BC47AAB00CB1CDB /* OutputbinsPDE2Help.helpindex */; };
		63E477730BC47AC300CB1CDB /* OutputbinsPDE2Help.html in CopyFiles */ = {isa = PBXBuildFile; fileRef = 63E4776F0BC47AAB00CB1CDB /* OutputbinsPDE2Help.html */; };
		63F3A48A0B22C55600C96D9F /* PDELogging.m in Sources */ = {isa = PBXBuildFile; fileRef = 63F3A4880B22C55600C96D9F /* PDELogging.m */; };
		8D5B49B4048680CD000E48DA /* Cocoa.framework in Frameworks */ = {isa = PBXBuildFile; fileRef = 1058C7ADFEA557BF11CA2CBB /* Cocoa.framework */; };
		D54F478D09BCFF2200C2275A /* libcups.dylib in Frameworks */ = {isa = PBXBuildFile; fileRef = D54F478C09BCFF2200C2275A /* libcups.dylib */; };
		D54F47A809BD02BF00C2275A /* OutputBins2PDE.nib in Resources */ = {isa = PBXBuildFile; fileRef = D54F47A609BD02BF00C2275A /* OutputBins2PDE.nib */; };
/* End PBXBuildFile section */

/* Begin PBXCopyFilesBuildPhase section */
		2D6DCA1B0ACD99E300E5A9E1 /* Copy PPD */ = {
			isa = PBXCopyFilesBuildPhase;
			buildActionMask = 8;
			dstPath = "${DSTROOT}/Library/Printers/PPDs/Contents/Resources/en.lproj/";
			dstSubfolderSpec = 0;
			files = (
				2D6DCA2D0ACD9A4900E5A9E1 /* OutputBins2Test.ppd in Copy PPD */,
			);
			name = "Copy PPD";
			runOnlyForDeploymentPostprocessing = 1;
		};
		63E4776A0BC479BD00CB1CDB /* CopyFiles */ = {
			isa = PBXCopyFilesBuildPhase;
			buildActionMask = 2147483647;
			comments = "Copies the Help Book into the bundle";
			dstPath = English.lproj/OutputBinsPDE2Help;
			dstSubfolderSpec = 7;
			files = (
				63E477720BC47AC300CB1CDB /* OutputbinsPDE2Help.helpindex in CopyFiles */,
				63E477730BC47AC300CB1CDB /* OutputbinsPDE2Help.html in CopyFiles */,
			);
			runOnlyForDeploymentPostprocessing = 0;
		};
/* End PBXCopyFilesBuildPhase section */

/* Begin PBXFileReference section */
		1058C7ADFEA557BF11CA2CBB /* Cocoa.framework */ = {isa = PBXFileReference; lastKnownFileType = wrapper.framework; name = Cocoa.framework; path = /System/Library/Frameworks/Cocoa.framework; sourceTree = "<absolute>"; };
		2D14491A0AD57A67002A9E6E /* English */ = {isa = PBXFileReference; fileEncoding = 30; lastKnownFileType = text.plist.strings; name = English; path = English.lproj/Localizable.strings; sourceTree = "<group>"; };
		2D6DCA100ACD999300E5A9E1 /* OutputBins2Test.ppd */ = {isa = PBXFileReference; fileEncoding = 30; lastKnownFileType = text; path = OutputBins2Test.ppd; sourceTree = "<group>"; };
		2DFA92A20ACD96150007BBAC /* OutputBins2PDE.m */ = {isa = PBXFileReference; fileEncoding = 4; lastKnownFileType = sourcecode.c.objc; path = OutputBins2PDE.m; sourceTree = "<group>"; };
		633BC9AB0B793AAE00CA8384 /* OutputBins2PDEPlugin.h */ = {isa = PBXFileReference; fileEncoding = 4; lastKnownFileType = sourcecode.c.h; path = OutputBins2PDEPlugin.h; sourceTree = "<group>"; };
		633BC9AC0B793AAE00CA8384 /* OutputBins2PDEPlugin.m */ = {isa = PBXFileReference; fileEncoding = 4; lastKnownFileType = sourcecode.c.objc; path = OutputBins2PDEPlugin.m; sourceTree = "<group>"; };
		633BC9E20B7955A000CA8384 /* PasswordPDE.m */ = {isa = PBXFileReference; fileEncoding = 4; lastKnownFileType = sourcecode.c.objc; path = PasswordPDE.m; sourceTree = "<group>"; };
		633BC9E30B7955A000CA8384 /* PasswordPDE.h */ = {isa = PBXFileReference; fileEncoding = 4; lastKnownFileType = sourcecode.c.h; path = PasswordPDE.h; sourceTree = "<group>"; };
		633BC9E90B79562200CA8384 /* English */ = {isa = PBXFileReference; lastKnownFileType = wrapper.nib; name = English; path = English.lproj/PasswordPDE.nib; sourceTree = "<group>"; };
		6341BD4A0D53A0E3001A85E0 /* OutputBins2Config.xcconfig */ = {isa = PBXFileReference; fileEncoding = 4; lastKnownFileType = text.xcconfig; path = OutputBins2Config.xcconfig; sourceTree = "<group>"; };
		6345764B0D5104A400C3AF1E /* Info.plist */ = {isa = PBXFileReference; fileEncoding = 4; lastKnownFileType = text.plist.xml; path = Info.plist; sourceTree = "<group>"; };
		637153540CDA687800897659 /* README.txt */ = {isa = PBXFileReference; fileEncoding = 4; lastKnownFileType = text; path = README.txt; sourceTree = "<group>"; };
		63C81A3E0B2247F900D2A81E /* PDEChoice.h */ = {isa = PBXFileReference; fileEncoding = 4; lastKnownFileType = sourcecode.c.h; path = PDEChoice.h; sourceTree = "<group>"; };
		63C81A3F0B2247F900D2A81E /* PDEChoice.m */ = {isa = PBXFileReference; fileEncoding = 4; lastKnownFileType = sourcecode.c.objc; path = PDEChoice.m; sourceTree = "<group>"; };
		63D871EB0C4C2A40005545CA /* Utilities.h */ = {isa = PBXFileReference; fileEncoding = 4; lastKnownFileType = sourcecode.c.h; path = Utilities.h; sourceTree = "<group>"; };
		63D871EC0C4C2A40005545CA /* Utilities.m */ = {isa = PBXFileReference; fileEncoding = 4; lastKnownFileType = sourcecode.c.objc; path = Utilities.m; sourceTree = "<group>"; };
		63E4776E0BC47AAB00CB1CDB /* OutputbinsPDE2Help.helpindex */ = {isa = PBXFileReference; lastKnownFileType = file; path = OutputbinsPDE2Help.helpindex; sourceTree = "<group>"; };
		63E4776F0BC47AAB00CB1CDB /* OutputbinsPDE2Help.html */ = {isa = PBXFileReference; fileEncoding = 4; lastKnownFileType = text.html; path = OutputbinsPDE2Help.html; sourceTree = "<group>"; };
		63F3A4870B22C55600C96D9F /* PDELogging.h */ = {isa = PBXFileReference; fileEncoding = 4; lastKnownFileType = sourcecode.c.h; path = PDELogging.h; sourceTree = "<group>"; };
		63F3A4880B22C55600C96D9F /* PDELogging.m */ = {isa = PBXFileReference; fileEncoding = 4; lastKnownFileType = sourcecode.c.objc; path = PDELogging.m; sourceTree = "<group>"; };
		8D5B49B6048680CD000E48DA /* OutputBins2PDE.bundle */ = {isa = PBXFileReference; explicitFileType = wrapper.cfbundle; includeInIndex = 0; path = OutputBins2PDE.bundle; sourceTree = BUILT_PRODUCTS_DIR; };
		D54F471609BCFAD700C2275A /* OutputBins2PDE.h */ = {isa = PBXFileReference; fileEncoding = 4; lastKnownFileType = sourcecode.c.h; path = OutputBins2PDE.h; sourceTree = "<group>"; };
		D54F471F09BCFB9B00C2275A /* Carbon.framework */ = {isa = PBXFileReference; lastKnownFileType = wrapper.framework; name = Carbon.framework; path = /System/Library/Frameworks/Carbon.framework; sourceTree = "<absolute>"; };
		D54F478C09BCFF2200C2275A /* libcups.dylib */ = {isa = PBXFileReference; lastKnownFileType = "compiled.mach-o.dylib"; name = libcups.dylib; path = /usr/lib/libcups.dylib; sourceTree = "<absolute>"; };
		D54F47A709BD02BF00C2275A /* English */ = {isa = PBXFileReference; lastKnownFileType = wrapper.nib; name = English; path = English.lproj/OutputBins2PDE.nib; sourceTree = "<group>"; };
/* End PBXFileReference section */

/* Begin PBXFrameworksBuildPhase section */
		8D5B49B3048680CD000E48DA /* Frameworks */ = {
			isa = PBXFrameworksBuildPhase;
			buildActionMask = 2147483647;
			files = (
				8D5B49B4048680CD000E48DA /* Cocoa.framework in Frameworks */,
				D54F478D09BCFF2200C2275A /* libcups.dylib in Frameworks */,
				63E476B40BC44D7500CB1CDB /* Carbon.framework in Frameworks */,
			);
			runOnlyForDeploymentPostprocessing = 0;
		};
/* End PBXFrameworksBuildPhase section */

/* Begin PBXGroup section */
		089C166AFE841209C02AAC07 /* OutputBins */ = {
			isa = PBXGroup;
			children = (
				637153540CDA687800897659 /* README.txt */,
				08FB77AFFE84173DC02AAC07 /* Sources */,
				089C167CFE841241C02AAC07 /* Resources */,
				63A3D1DF0CE141EB007D7386 /* Build Configuration */,
				089C1671FE841209C02AAC07 /* Frameworks and Libraries */,
				2D3C76920ACDCD1C001367CE /* PPD */,
				19C28FB8FE9D52D311CA2CBB /* Products */,
			);
			name = OutputBins;
			sourceTree = "<group>";
		};
		089C1671FE841209C02AAC07 /* Frameworks and Libraries */ = {
			isa = PBXGroup;
			children = (
				D54F478C09BCFF2200C2275A /* libcups.dylib */,
				D54F471F09BCFB9B00C2275A /* Carbon.framework */,
				1058C7ADFEA557BF11CA2CBB /* Cocoa.framework */,
			);
			name = "Frameworks and Libraries";
			sourceTree = "<group>";
		};
		089C167CFE841241C02AAC07 /* Resources */ = {
			isa = PBXGroup;
			children = (
				6345764B0D5104A400C3AF1E /* Info.plist */,
				2D1449190AD57A67002A9E6E /* Localizable.strings */,
				633BC9E80B79562200CA8384 /* PasswordPDE.nib */,
				D54F47A609BD02BF00C2275A /* OutputBins2PDE.nib */,
				63E4776D0BC47AAB00CB1CDB /* OutputBinsPDE2Help */,
			);
			name = Resources;
			sourceTree = "<group>";
		};
		08FB77AFFE84173DC02AAC07 /* Sources */ = {
			isa = PBXGroup;
			children = (
				63D871EB0C4C2A40005545CA /* Utilities.h */,
				63D871EC0C4C2A40005545CA /* Utilities.m */,
				63F3A4870B22C55600C96D9F /* PDELogging.h */,
				63F3A4880B22C55600C96D9F /* PDELogging.m */,
				63C81A3E0B2247F900D2A81E /* PDEChoice.h */,
				63C81A3F0B2247F900D2A81E /* PDEChoice.m */,
				D54F471609BCFAD700C2275A /* OutputBins2PDE.h */,
				2DFA92A20ACD96150007BBAC /* OutputBins2PDE.m */,
				633BC9E30B7955A000CA8384 /* PasswordPDE.h */,
				633BC9E20B7955A000CA8384 /* PasswordPDE.m */,
				633BC9AB0B793AAE00CA8384 /* OutputBins2PDEPlugin.h */,
				633BC9AC0B793AAE00CA8384 /* OutputBins2PDEPlugin.m */,
			);
			name = Sources;
			sourceTree = "<group>";
		};
		19C28FB8FE9D52D311CA2CBB /* Products */ = {
			isa = PBXGroup;
			children = (
				8D5B49B6048680CD000E48DA /* OutputBins2PDE.bundle */,
			);
			name = Products;
			sourceTree = "<group>";
		};
		2D3C76920ACDCD1C001367CE /* PPD */ = {
			isa = PBXGroup;
			children = (
				2D6DCA100ACD999300E5A9E1 /* OutputBins2Test.ppd */,
			);
			name = PPD;
			sourceTree = "<group>";
		};
		63A3D1DF0CE141EB007D7386 /* Build Configuration */ = {
			isa = PBXGroup;
			children = (
				6341BD4A0D53A0E3001A85E0 /* OutputBins2Config.xcconfig */,
			);
			name = "Build Configuration";
			sourceTree = "<group>";
		};
		63E4776D0BC47AAB00CB1CDB /* OutputBinsPDE2Help */ = {
			isa = PBXGroup;
			children = (
				63E4776E0BC47AAB00CB1CDB /* OutputbinsPDE2Help.helpindex */,
				63E4776F0BC47AAB00CB1CDB /* OutputbinsPDE2Help.html */,
			);
			path = OutputBinsPDE2Help;
			sourceTree = "<group>";
		};
/* End PBXGroup section */

/* Begin PBXNativeTarget section */
		8D5B49AC048680CD000E48DA /* OutputBins2PDE */ = {
			isa = PBXNativeTarget;
			buildConfigurationList = 1DEB913A08733D840010E9CD /* Build configuration list for PBXNativeTarget "OutputBins2PDE" */;
			buildPhases = (
				8D5B49AF048680CD000E48DA /* Resources */,
				63E4776A0BC479BD00CB1CDB /* CopyFiles */,
				8D5B49B1048680CD000E48DA /* Sources */,
				8D5B49B3048680CD000E48DA /* Frameworks */,
				2D6DCA1B0ACD99E300E5A9E1 /* Copy PPD */,
			);
			buildRules = (
			);
			dependencies = (
			);
			name = OutputBins2PDE;
			productInstallPath = "$(HOME)/Library/Bundles";
			productName = OutputBins;
			productReference = 8D5B49B6048680CD000E48DA /* OutputBins2PDE.bundle */;
			productType = "com.apple.product-type.bundle";
		};
/* End PBXNativeTarget section */

/* Begin PBXProject section */
		089C1669FE841209C02AAC07 /* Project object */ = {
			isa = PBXProject;
			buildConfigurationList = 1DEB913E08733D840010E9CD /* Build configuration list for PBXProject "OutputBins2PDE" */;
			compatibilityVersion = "Xcode 3.0";
			hasScannedForEncodings = 1;
			mainGroup = 089C166AFE841209C02AAC07 /* OutputBins */;
			projectDirPath = "";
			projectRoot = "";
			targets = (
				8D5B49AC048680CD000E48DA /* OutputBins2PDE */,
			);
		};
/* End PBXProject section */

/* Begin PBXResourcesBuildPhase section */
		8D5B49AF048680CD000E48DA /* Resources */ = {
			isa = PBXResourcesBuildPhase;
			buildActionMask = 2147483647;
			files = (
				D54F47A809BD02BF00C2275A /* OutputBins2PDE.nib in Resources */,
				2D14491B0AD57A67002A9E6E /* Localizable.strings in Resources */,
				633BC9EA0B79562200CA8384 /* PasswordPDE.nib in Resources */,
				6345764D0D5104A400C3AF1E /* Info.plist in Resources */,
				6341BD4B0D53A0E3001A85E0 /* OutputBins2Config.xcconfig in Resources */,
			);
			runOnlyForDeploymentPostprocessing = 0;
		};
/* End PBXResourcesBuildPhase section */

/* Begin PBXSourcesBuildPhase section */
		8D5B49B1048680CD000E48DA /* Sources */ = {
			isa = PBXSourcesBuildPhase;
			buildActionMask = 2147483647;
			files = (
				2DFA92A30ACD96150007BBAC /* OutputBins2PDE.m in Sources */,
				63C81A410B2247F900D2A81E /* PDEChoice.m in Sources */,
				63F3A48A0B22C55600C96D9F /* PDELogging.m in Sources */,
				633BC9AE0B793AAE00CA8384 /* OutputBins2PDEPlugin.m in Sources */,
				633BC9E40B7955A000CA8384 /* PasswordPDE.m in Sources */,
				63D871ED0C4C2A40005545CA /* Utilities.m in Sources */,
			);
			runOnlyForDeploymentPostprocessing = 0;
		};
/* End PBXSourcesBuildPhase section */

/* Begin PBXVariantGroup section */
		2D1449190AD57A67002A9E6E /* Localizable.strings */ = {
			isa = PBXVariantGroup;
			children = (
				2D14491A0AD57A67002A9E6E /* English */,
			);
			name = Localizable.strings;
			sourceTree = "<group>";
		};
		633BC9E80B79562200CA8384 /* PasswordPDE.nib */ = {
			isa = PBXVariantGroup;
			children = (
				633BC9E90B79562200CA8384 /* English */,
			);
			name = PasswordPDE.nib;
			sourceTree = "<group>";
		};
		D54F47A609BD02BF00C2275A /* OutputBins2PDE.nib */ = {
			isa = PBXVariantGroup;
			children = (
				D54F47A709BD02BF00C2275A /* English */,
			);
			name = OutputBins2PDE.nib;
			sourceTree = "<group>";
		};
/* End PBXVariantGroup section */

/* Begin XCBuildConfiguration section */
		1DEB913B08733D840010E9CD /* Debug */ = {
			isa = XCBuildConfiguration;
			baseConfigurationReference = 6341BD4A0D53A0E3001A85E0 /* OutputBins2Config.xcconfig */;
			buildSettings = {
				COPY_PHASE_STRIP = NO;
				GCC_ENABLE_FIX_AND_CONTINUE = YES;
				GCC_OPTIMIZATION_LEVEL = 0;
				OTHER_CFLAGS = "-DPDE_LOGGING=1";
			};
			name = Debug;
		};
		1DEB913C08733D840010E9CD /* Release */ = {
			isa = XCBuildConfiguration;
			baseConfigurationReference = 6341BD4A0D53A0E3001A85E0 /* OutputBins2Config.xcconfig */;
			buildSettings = {
				ARCHS = (
					i386,
					ppc,
					ppc64,
					x86_64,
				);
				GCC_GENERATE_DEBUGGING_SYMBOLS = NO;
				"MACOSX_DEPLOYMENT_TARGET[arch=i386]" = 10.4;
				"MACOSX_DEPLOYMENT_TARGET[arch=ppc64]" = 10.5;
				"MACOSX_DEPLOYMENT_TARGET[arch=ppc]" = 10.4;
				"MACOSX_DEPLOYMENT_TARGET[arch=x86_64]" = 10.5;
			};
			name = Release;
		};
		1DEB913F08733D840010E9CD /* Debug */ = {
			isa = XCBuildConfiguration;
			baseConfigurationReference = 6341BD4A0D53A0E3001A85E0 /* OutputBins2Config.xcconfig */;
			buildSettings = {
				GCC_WARN_ABOUT_RETURN_TYPE = YES;
				GCC_WARN_UNUSED_VARIABLE = YES;
				PREBINDING = NO;
				SDKROOT = "$(DEVELOPER_SDK_DIR)/MacOSX10.5.sdk";
			};
			name = Debug;
		};
		1DEB914008733D840010E9CD /* Release */ = {
			isa = XCBuildConfiguration;
			baseConfigurationReference = 6341BD4A0D53A0E3001A85E0 /* OutputBins2Config.xcconfig */;
			buildSettings = {
				GCC_WARN_ABOUT_RETURN_TYPE = YES;
				GCC_WARN_UNUSED_VARIABLE = YES;
				PREBINDING = NO;
				SDKROOT = "$(DEVELOPER_SDK_DIR)/MacOSX10.5.sdk";
			};
			name = Release;
		};
/* End XCBuildConfiguration section */

/* Begin XCConfigurationList section */
		1DEB913A08733D840010E9CD /* Build configuration list for PBXNativeTarget "OutputBins2PDE" */ = {
			isa = XCConfigurationList;
			buildConfigurations = (
				1DEB913B08733D840010E9CD /* Debug */,
				1DEB913C08733D840010E9CD /* Release */,
			);
			defaultConfigurationIsVisible = 0;
			defaultConfigurationName = Release;
		};
		1DEB913E08733D840010E9CD /* Build configuration list for PBXProject "OutputBins2PDE" */ = {
			isa = XCConfigurationList;
			buildConfigurations = (
				1DEB913F08733D840010E9CD /* Debug */,
				1DEB914008733D840010E9CD /* Release */,
			);
			defaultConfigurationIsVisible = 0;
			defaultConfigurationName = Release;
		};
/* End XCConfigurationList section */
	};
	rootObject = 089C1669FE841209C02AAC07 /* Project object */;
}
