// !$*UTF8*$!
{
	archiveVersion = 1;
	classes = {
	};
	objectVersion = 42;
	objects = {

/* Begin PBXFileReference section */
		EB84E4460C9716100079F38C /* .classpath */ = {isa = PBXFileReference; fileEncoding = 4; lastKnownFileType = text.xml; path = .classpath; sourceTree = SOURCE_ROOT; };
		EB84E4470C9716100079F38C /* .project */ = {isa = PBXFileReference; fileEncoding = 4; lastKnownFileType = text.xml; path = .project; sourceTree = SOURCE_ROOT; };
		EB84E4480C9716100079F38C /* app-modules.xml */ = {isa = PBXFileReference; fileEncoding = 4; lastKnownFileType = text.xml; path = "app-modules.xml"; sourceTree = SOURCE_ROOT; };
		EB84E4580C9716100079F38C /* build-properties.xml */ = {isa = PBXFileReference; fileEncoding = 4; lastKnownFileType = text.xml; path = "build-properties.xml"; sourceTree = SOURCE_ROOT; };
		EB84E4590C9716100079F38C /* build.properties */ = {isa = PBXFileReference; fileEncoding = 4; lastKnownFileType = text; path = build.properties; sourceTree = SOURCE_ROOT; };
		EB84E45A0C9716100079F38C /* build.xml */ = {isa = PBXFileReference; fileEncoding = 4; lastKnownFileType = text.xml; path = build.xml; sourceTree = SOURCE_ROOT; };
		EB84E45E0C9716100079F38C /* README.rtfd */ = {isa = PBXFileReference; lastKnownFileType = wrapper.rtfd; path = README.rtfd; sourceTree = SOURCE_ROOT; };
		EB84E4660C9716100079F38C /* EntityBaseComponent.java */ = {isa = PBXFileReference; fileEncoding = 4; lastKnownFileType = sourcecode.java; name = EntityBaseComponent.java; path = src/main/java/com/webobjects/entitygenerator/EntityBaseComponent.java; sourceTree = SOURCE_ROOT; };
		EB84E4670C9716100079F38C /* EntityComponent.java */ = {isa = PBXFileReference; fileEncoding = 4; lastKnownFileType = sourcecode.java; name = EntityComponent.java; path = src/main/java/com/webobjects/entitygenerator/EntityComponent.java; sourceTree = SOURCE_ROOT; };
		EB84E4680C9716100079F38C /* EntityConfiguration.java */ = {isa = PBXFileReference; fileEncoding = 4; lastKnownFileType = sourcecode.java; name = EntityConfiguration.java; path = src/main/java/com/webobjects/entitygenerator/EntityConfiguration.java; sourceTree = SOURCE_ROOT; };
		EB84E4690C9716100079F38C /* EntityContext.java */ = {isa = PBXFileReference; fileEncoding = 4; lastKnownFileType = sourcecode.java; name = EntityContext.java; path = src/main/java/com/webobjects/entitygenerator/EntityContext.java; sourceTree = SOURCE_ROOT; };
		EB84E46A0C9716100079F38C /* EntityGenerator.java */ = {isa = PBXFileReference; fileEncoding = 4; lastKnownFileType = sourcecode.java; name = EntityGenerator.java; path = src/main/java/com/webobjects/entitygenerator/EntityGenerator.java; sourceTree = SOURCE_ROOT; };
		EB84E46C0C9716100079F38C /* EOGenerator.java */ = {isa = PBXFileReference; fileEncoding = 4; lastKnownFileType = sourcecode.java; name = EOGenerator.java; path = src/main/java/com/webobjects/eogenerator/EOGenerator.java; sourceTree = SOURCE_ROOT; };
		EB84E46D0C9716100079F38C /* EOGeneratorApplication.java */ = {isa = PBXFileReference; fileEncoding = 4; lastKnownFileType = sourcecode.java; name = EOGeneratorApplication.java; path = src/main/java/com/webobjects/eogenerator/EOGeneratorApplication.java; sourceTree = SOURCE_ROOT; };
		EB84E46E0C9716100079F38C /* EOGeneratorSession.java */ = {isa = PBXFileReference; fileEncoding = 4; lastKnownFileType = sourcecode.java; name = EOGeneratorSession.java; path = src/main/java/com/webobjects/eogenerator/EOGeneratorSession.java; sourceTree = SOURCE_ROOT; };
		EB84E4700C9716100079F38C /* Configuration.java */ = {isa = PBXFileReference; fileEncoding = 4; lastKnownFileType = sourcecode.java; name = Configuration.java; path = src/main/java/com/webobjects/generator/Configuration.java; sourceTree = SOURCE_ROOT; };
		EB84E4710C9716100079F38C /* Generator.java */ = {isa = PBXFileReference; fileEncoding = 4; lastKnownFileType = sourcecode.java; name = Generator.java; path = src/main/java/com/webobjects/generator/Generator.java; sourceTree = SOURCE_ROOT; };
		EB84E4720C9716100079F38C /* GeneratorComponent.java */ = {isa = PBXFileReference; fileEncoding = 4; lastKnownFileType = sourcecode.java; name = GeneratorComponent.java; path = src/main/java/com/webobjects/generator/GeneratorComponent.java; sourceTree = SOURCE_ROOT; };
		EB84E4730C9716100079F38C /* GeneratorContext.java */ = {isa = PBXFileReference; fileEncoding = 4; lastKnownFileType = sourcecode.java; name = GeneratorContext.java; path = src/main/java/com/webobjects/generator/GeneratorContext.java; sourceTree = SOURCE_ROOT; };
		EB84E4780C9716100079F38C /* CustomInfo.plist */ = {isa = PBXFileReference; fileEncoding = 4; lastKnownFileType = text.plist; name = CustomInfo.plist; path = src/main/woresources/CustomInfo.plist; sourceTree = SOURCE_ROOT; };
		EB84E4790C9716100079F38C /* Properties */ = {isa = PBXFileReference; fileEncoding = 4; lastKnownFileType = text; name = Properties; path = src/main/woresources/Properties; sourceTree = SOURCE_ROOT; };
		EB84E47F0C9716100079F38C /* JavaSourceEOF52.eotemplate */ = {isa = PBXFileReference; fileEncoding = 4; lastKnownFileType = text; name = JavaSourceEOF52.eotemplate; path = Templates/JavaSourceEOF52.eotemplate; sourceTree = SOURCE_ROOT; };
		EB84E4800C9716100079F38C /* JavaSubclassSourceEOF5.eotemplate */ = {isa = PBXFileReference; fileEncoding = 4; lastKnownFileType = text; name = JavaSubclassSourceEOF5.eotemplate; path = Templates/JavaSubclassSourceEOF5.eotemplate; sourceTree = SOURCE_ROOT; };
		EB84E4830C9716100079F38C /* clientclasses.exclude.patternset */ = {isa = PBXFileReference; fileEncoding = 4; lastKnownFileType = text; name = clientclasses.exclude.patternset; path = "wo-resources/BuildFiles/clientclasses.exclude.patternset"; sourceTree = SOURCE_ROOT; };
		EB84E4840C9716100079F38C /* clientclasses.include.patternset */ = {isa = PBXFileReference; fileEncoding = 4; lastKnownFileType = text; name = clientclasses.include.patternset; path = "wo-resources/BuildFiles/clientclasses.include.patternset"; sourceTree = SOURCE_ROOT; };
		EB84E4850C9716100079F38C /* extensions.exclude.patternset */ = {isa = PBXFileReference; fileEncoding = 4; lastKnownFileType = text; name = extensions.exclude.patternset; path = "wo-resources/BuildFiles/extensions.exclude.patternset"; sourceTree = SOURCE_ROOT; };
		EB84E4860C9716100079F38C /* extensions.include.patternset */ = {isa = PBXFileReference; fileEncoding = 4; lastKnownFileType = text; name = extensions.include.patternset; path = "wo-resources/BuildFiles/extensions.include.patternset"; sourceTree = SOURCE_ROOT; };
		EB84E4870C9716100079F38C /* frameworks.exclude.patternset */ = {isa = PBXFileReference; fileEncoding = 4; lastKnownFileType = text; name = frameworks.exclude.patternset; path = "wo-resources/BuildFiles/frameworks.exclude.patternset"; sourceTree = SOURCE_ROOT; };
		EB84E4880C9716100079F38C /* frameworks.include.patternset */ = {isa = PBXFileReference; fileEncoding = 4; lastKnownFileType = text; name = frameworks.include.patternset; path = "wo-resources/BuildFiles/frameworks.include.patternset"; sourceTree = SOURCE_ROOT; };
		EB84E4890C9716100079F38C /* Info */ = {isa = PBXFileReference; fileEncoding = 4; lastKnownFileType = text.xml; name = Info; path = "wo-resources/BuildFiles/Info"; sourceTree = SOURCE_ROOT; };
		EB84E48A0C9716100079F38C /* jboss-web.xml */ = {isa = PBXFileReference; fileEncoding = 4; lastKnownFileType = text.xml; name = "jboss-web.xml"; path = "wo-resources/BuildFiles/jboss-web.xml"; sourceTree = SOURCE_ROOT; };
		EB84E48B0C9716100079F38C /* LICENSE.pdf */ = {isa = PBXFileReference; lastKnownFileType = image.pdf; name = LICENSE.pdf; path = "wo-resources/BuildFiles/LICENSE.pdf"; sourceTree = SOURCE_ROOT; };
		EB84E48C0C9716100079F38C /* pbdevelopment */ = {isa = PBXFileReference; fileEncoding = 4; lastKnownFileType = text.xml; name = pbdevelopment; path = "wo-resources/BuildFiles/pbdevelopment"; sourceTree = SOURCE_ROOT; };
		EB84E48D0C9716100079F38C /* PkgInfo */ = {isa = PBXFileReference; fileEncoding = 4; lastKnownFileType = text; name = PkgInfo; path = "wo-resources/BuildFiles/PkgInfo"; sourceTree = SOURCE_ROOT; };
		EB84E48E0C9716100079F38C /* resources.exclude.patternset */ = {isa = PBXFileReference; fileEncoding = 4; lastKnownFileType = text; name = resources.exclude.patternset; path = "wo-resources/BuildFiles/resources.exclude.patternset"; sourceTree = SOURCE_ROOT; };
		EB84E48F0C9716100079F38C /* resources.include.patternset */ = {isa = PBXFileReference; fileEncoding = 4; lastKnownFileType = text; name = resources.include.patternset; path = "wo-resources/BuildFiles/resources.include.patternset"; sourceTree = SOURCE_ROOT; };
		EB84E4900C9716100079F38C /* serverclasses.exclude.patternset */ = {isa = PBXFileReference; fileEncoding = 4; lastKnownFileType = text; name = serverclasses.exclude.patternset; path = "wo-resources/BuildFiles/serverclasses.exclude.patternset"; sourceTree = SOURCE_ROOT; };
		EB84E4910C9716100079F38C /* serverclasses.include.patternset */ = {isa = PBXFileReference; fileEncoding = 4; lastKnownFileType = text; name = serverclasses.include.patternset; path = "wo-resources/BuildFiles/serverclasses.include.patternset"; sourceTree = SOURCE_ROOT; };
		EB84E4920C9716100079F38C /* ServletEnv_web.xml */ = {isa = PBXFileReference; fileEncoding = 4; lastKnownFileType = text.xml; name = ServletEnv_web.xml; path = "wo-resources/BuildFiles/ServletEnv_web.xml"; sourceTree = SOURCE_ROOT; };
		EB84E4930C9716100079F38C /* template_client.wsdd */ = {isa = PBXFileReference; fileEncoding = 4; lastKnownFileType = text.xml; name = template_client.wsdd; path = "wo-resources/BuildFiles/template_client.wsdd"; sourceTree = SOURCE_ROOT; };
		EB84E4940C9716100079F38C /* template_server.wsdd */ = {isa = PBXFileReference; fileEncoding = 4; lastKnownFileType = text.xml; name = template_server.wsdd; path = "wo-resources/BuildFiles/template_server.wsdd"; sourceTree = SOURCE_ROOT; };
		EB84E4950C9716100079F38C /* UnixLaunch.sh */ = {isa = PBXFileReference; fileEncoding = 4; lastKnownFileType = text.script.sh; name = UnixLaunch.sh; path = "wo-resources/BuildFiles/UnixLaunch.sh"; sourceTree = SOURCE_ROOT; };
		EB84E4960C9716100079F38C /* webserverresources.exclude.patternset */ = {isa = PBXFileReference; fileEncoding = 4; lastKnownFileType = text; name = webserverresources.exclude.patternset; path = "wo-resources/BuildFiles/webserverresources.exclude.patternset"; sourceTree = SOURCE_ROOT; };
		EB84E4970C9716100079F38C /* webserverresources.include.patternset */ = {isa = PBXFileReference; fileEncoding = 4; lastKnownFileType = text; name = webserverresources.include.patternset; path = "wo-resources/BuildFiles/webserverresources.include.patternset"; sourceTree = SOURCE_ROOT; };
		EB84E4980C9716100079F38C /* WinLaunch.CMD */ = {isa = PBXFileReference; fileEncoding = 4; lastKnownFileType = text; name = WinLaunch.CMD; path = "wo-resources/BuildFiles/WinLaunch.CMD"; sourceTree = SOURCE_ROOT; };
		EB84E4990C9716100079F38C /* WOBootstrap.jar */ = {isa = PBXFileReference; lastKnownFileType = archive.jar; name = WOBootstrap.jar; path = "wo-resources/BuildFiles/WOBootstrap.jar"; sourceTree = SOURCE_ROOT; };
		EB84E49A0C9716100079F38C /* WOtaglib_1_0.tld */ = {isa = PBXFileReference; fileEncoding = 4; lastKnownFileType = text.xml; name = WOtaglib_1_0.tld; path = "wo-resources/BuildFiles/WOtaglib_1_0.tld"; sourceTree = SOURCE_ROOT; };
		EB84E49C0C9716100079F38C /* Main.api */ = {isa = PBXFileReference; fileEncoding = 4; lastKnownFileType = text.woapi; name = Main.api; path = "wo-resources/Resources/Main.api"; sourceTree = SOURCE_ROOT; };
		EB84E49E0C9716100079F38C /* Main.html */ = {isa = PBXFileReference; fileEncoding = 4; lastKnownFileType = text.html; name = Main.html; path = "wo-resources/Resources/Main.wo/Main.html"; sourceTree = SOURCE_ROOT; };
		EB84E49F0C9716100079F38C /* Main.wod */ = {isa = PBXFileReference; fileEncoding = 4; lastKnownFileType = text.wodefinitions; name = Main.wod; path = "wo-resources/Resources/Main.wo/Main.wod"; sourceTree = SOURCE_ROOT; };
		EB84E4A00C9716100079F38C /* Main.woo */ = {isa = PBXFileReference; fileEncoding = 4; lastKnownFileType = text.plist.woobjects; name = Main.woo; path = "wo-resources/Resources/Main.wo/Main.woo"; sourceTree = SOURCE_ROOT; };
		EB84E4A10C9716100079F38C /* Properties */ = {isa = PBXFileReference; fileEncoding = 4; lastKnownFileType = text; name = Properties; path = "wo-resources/Resources/Properties"; sourceTree = SOURCE_ROOT; };
		EB84E4A20C9716100079F38C /* WOAfile.icns */ = {isa = PBXFileReference; lastKnownFileType = image.icns; name = WOAfile.icns; path = "wo-resources/Resources/WOAfile.icns"; sourceTree = SOURCE_ROOT; };
		EB84E4A40C9716100079F38C /* webobjects.gif */ = {isa = PBXFileReference; lastKnownFileType = image.gif; name = webobjects.gif; path = "wo-resources/WebServerResources/webobjects.gif"; sourceTree = SOURCE_ROOT; };
		EB84E4A60C9716100079F38C /* ant.classpaths.user.home */ = {isa = PBXFileReference; fileEncoding = 4; lastKnownFileType = text; name = ant.classpaths.user.home; path = woproject/ant.classpaths.user.home; sourceTree = SOURCE_ROOT; };
		EB84E4A70C9716100079F38C /* ant.classpaths.wo.wolocalroot */ = {isa = PBXFileReference; fileEncoding = 4; lastKnownFileType = text; name = ant.classpaths.wo.wolocalroot; path = woproject/ant.classpaths.wo.wolocalroot; sourceTree = SOURCE_ROOT; };
		EB84E4A80C9716100079F38C /* ant.classpaths.wo.wosystemroot */ = {isa = PBXFileReference; fileEncoding = 4; lastKnownFileType = text; name = ant.classpaths.wo.wosystemroot; path = woproject/ant.classpaths.wo.wosystemroot; sourceTree = SOURCE_ROOT; };
		EB84E4A90C9716100079F38C /* ant.frameworks.user.home */ = {isa = PBXFileReference; fileEncoding = 4; lastKnownFileType = text; name = ant.frameworks.user.home; path = woproject/ant.frameworks.user.home; sourceTree = SOURCE_ROOT; };
		EB84E4AA0C9716100079F38C /* ant.frameworks.wo.wolocalroot */ = {isa = PBXFileReference; fileEncoding = 4; lastKnownFileType = text; name = ant.frameworks.wo.wolocalroot; path = woproject/ant.frameworks.wo.wolocalroot; sourceTree = SOURCE_ROOT; };
		EB84E4AB0C9716100079F38C /* ant.frameworks.wo.wosystemroot */ = {isa = PBXFileReference; fileEncoding = 4; lastKnownFileType = text; name = ant.frameworks.wo.wosystemroot; path = woproject/ant.frameworks.wo.wosystemroot; sourceTree = SOURCE_ROOT; };
		EB84E4AC0C9716100079F38C /* classes.exclude.patternset */ = {isa = PBXFileReference; fileEncoding = 4; lastKnownFileType = text; name = classes.exclude.patternset; path = woproject/classes.exclude.patternset; sourceTree = SOURCE_ROOT; };
		EB84E4AD0C9716100079F38C /* classes.include.patternset */ = {isa = PBXFileReference; fileEncoding = 4; lastKnownFileType = text; name = classes.include.patternset; path = woproject/classes.include.patternset; sourceTree = SOURCE_ROOT; };
		EB84E4AE0C9716100079F38C /* resources.exclude.patternset */ = {isa = PBXFileReference; fileEncoding = 4; lastKnownFileType = text; name = resources.exclude.patternset; path = woproject/resources.exclude.patternset; sourceTree = SOURCE_ROOT; };
		EB84E4AF0C9716100079F38C /* resources.include.patternset */ = {isa = PBXFileReference; fileEncoding = 4; lastKnownFileType = text; name = resources.include.patternset; path = woproject/resources.include.patternset; sourceTree = SOURCE_ROOT; };
		EB84E4B00C9716100079F38C /* wsresources.exclude.patternset */ = {isa = PBXFileReference; fileEncoding = 4; lastKnownFileType = text; name = wsresources.exclude.patternset; path = woproject/wsresources.exclude.patternset; sourceTree = SOURCE_ROOT; };
		EB84E4B10C9716100079F38C /* wsresources.include.patternset */ = {isa = PBXFileReference; fileEncoding = 4; lastKnownFileType = text; name = wsresources.include.patternset; path = woproject/wsresources.include.patternset; sourceTree = SOURCE_ROOT; };
/* End PBXFileReference section */

/* Begin PBXGroup section */
		EB84E2B70C9714D20079F38C = {
			isa = PBXGroup;
			children = (
				EB84E4450C9716100079F38C /* JavaEOGenerator */,
			);
			sourceTree = "<group>";
		};
		EB84E4450C9716100079F38C /* JavaEOGenerator */ = {
			isa = PBXGroup;
			children = (
				EB84E4460C9716100079F38C /* .classpath */,
				EB84E4470C9716100079F38C /* .project */,
				EB84E4480C9716100079F38C /* app-modules.xml */,
				EB84E4580C9716100079F38C /* build-properties.xml */,
				EB84E4590C9716100079F38C /* build.properties */,
				EB84E45A0C9716100079F38C /* build.xml */,
				EB84E45E0C9716100079F38C /* README.rtfd */,
				EB84E45F0C9716100079F38C /* src */,
				EB84E47E0C9716100079F38C /* Templates */,
				EB84E4810C9716100079F38C /* wo-resources */,
				EB84E4A50C9716100079F38C /* woproject */,
			);
			name = JavaEOGenerator;
			sourceTree = SOURCE_ROOT;
		};
		EB84E45F0C9716100079F38C /* src */ = {
			isa = PBXGroup;
			children = (
				EB84E4600C9716100079F38C /* main */,
				EB84E47A0C9716100079F38C /* site */,
				EB84E47B0C9716100079F38C /* test */,
			);
			path = src;
			sourceTree = SOURCE_ROOT;
		};
		EB84E4600C9716100079F38C /* main */ = {
			isa = PBXGroup;
			children = (
				EB84E4610C9716100079F38C /* components */,
				EB84E4620C9716100079F38C /* java */,
				EB84E4740C9716100079F38C /* javacc */,
				EB84E4750C9716100079F38C /* resources */,
				EB84E4760C9716100079F38C /* webserverresources */,
				EB84E4770C9716100079F38C /* woresources */,
			);
			name = main;
			path = src/main;
			sourceTree = SOURCE_ROOT;
		};
		EB84E4610C9716100079F38C /* components */ = {
			isa = PBXGroup;
			children = (
			);
			name = components;
			path = src/main/components;
			sourceTree = SOURCE_ROOT;
		};
		EB84E4620C9716100079F38C /* java */ = {
			isa = PBXGroup;
			children = (
				EB84E4630C9716100079F38C /* com */,
			);
			name = java;
			path = src/main/java;
			sourceTree = SOURCE_ROOT;
		};
		EB84E4630C9716100079F38C /* com */ = {
			isa = PBXGroup;
			children = (
				EB84E4640C9716100079F38C /* webobjects */,
			);
			name = com;
			path = src/main/java/com;
			sourceTree = SOURCE_ROOT;
		};
		EB84E4640C9716100079F38C /* webobjects */ = {
			isa = PBXGroup;
			children = (
				EB84E4650C9716100079F38C /* entitygenerator */,
				EB84E46B0C9716100079F38C /* eogenerator */,
				EB84E46F0C9716100079F38C /* generator */,
			);
			name = webobjects;
			path = src/main/java/com/webobjects;
			sourceTree = SOURCE_ROOT;
		};
		EB84E4650C9716100079F38C /* entitygenerator */ = {
			isa = PBXGroup;
			children = (
				EB84E4660C9716100079F38C /* EntityBaseComponent.java */,
				EB84E4670C9716100079F38C /* EntityComponent.java */,
				EB84E4680C9716100079F38C /* EntityConfiguration.java */,
				EB84E4690C9716100079F38C /* EntityContext.java */,
				EB84E46A0C9716100079F38C /* EntityGenerator.java */,
			);
			name = entitygenerator;
			path = src/main/java/com/webobjects/entitygenerator;
			sourceTree = SOURCE_ROOT;
		};
		EB84E46B0C9716100079F38C /* eogenerator */ = {
			isa = PBXGroup;
			children = (
				EB84E46C0C9716100079F38C /* EOGenerator.java */,
				EB84E46D0C9716100079F38C /* EOGeneratorApplication.java */,
				EB84E46E0C9716100079F38C /* EOGeneratorSession.java */,
			);
			name = eogenerator;
			path = src/main/java/com/webobjects/eogenerator;
			sourceTree = SOURCE_ROOT;
		};
		EB84E46F0C9716100079F38C /* generator */ = {
			isa = PBXGroup;
			children = (
				EB84E4700C9716100079F38C /* Configuration.java */,
				EB84E4710C9716100079F38C /* Generator.java */,
				EB84E4720C9716100079F38C /* GeneratorComponent.java */,
				EB84E4730C9716100079F38C /* GeneratorContext.java */,
			);
			name = generator;
			path = src/main/java/com/webobjects/generator;
			sourceTree = SOURCE_ROOT;
		};
		EB84E4740C9716100079F38C /* javacc */ = {
			isa = PBXGroup;
			children = (
			);
			name = javacc;
			path = src/main/javacc;
			sourceTree = SOURCE_ROOT;
		};
		EB84E4750C9716100079F38C /* resources */ = {
			isa = PBXGroup;
			children = (
			);
			name = resources;
			path = src/main/resources;
			sourceTree = SOURCE_ROOT;
		};
		EB84E4760C9716100079F38C /* webserverresources */ = {
			isa = PBXGroup;
			children = (
			);
			name = webserverresources;
			path = src/main/webserverresources;
			sourceTree = SOURCE_ROOT;
		};
		EB84E4770C9716100079F38C /* woresources */ = {
			isa = PBXGroup;
			children = (
				EB84E4780C9716100079F38C /* CustomInfo.plist */,
				EB84E4790C9716100079F38C /* Properties */,
			);
			name = woresources;
			path = src/main/woresources;
			sourceTree = SOURCE_ROOT;
		};
		EB84E47A0C9716100079F38C /* site */ = {
			isa = PBXGroup;
			children = (
			);
			name = site;
			path = src/site;
			sourceTree = SOURCE_ROOT;
		};
		EB84E47B0C9716100079F38C /* test */ = {
			isa = PBXGroup;
			children = (
				EB84E47C0C9716100079F38C /* java */,
				EB84E47D0C9716100079F38C /* resources */,
			);
			name = test;
			path = src/test;
			sourceTree = SOURCE_ROOT;
		};
		EB84E47C0C9716100079F38C /* java */ = {
			isa = PBXGroup;
			children = (
			);
			name = java;
			path = src/test/java;
			sourceTree = SOURCE_ROOT;
		};
		EB84E47D0C9716100079F38C /* resources */ = {
			isa = PBXGroup;
			children = (
			);
			name = resources;
			path = src/test/resources;
			sourceTree = SOURCE_ROOT;
		};
		EB84E47E0C9716100079F38C /* Templates */ = {
			isa = PBXGroup;
			children = (
				EB84E47F0C9716100079F38C /* JavaSourceEOF52.eotemplate */,
				EB84E4800C9716100079F38C /* JavaSubclassSourceEOF5.eotemplate */,
			);
			path = Templates;
			sourceTree = SOURCE_ROOT;
		};
		EB84E4810C9716100079F38C /* wo-resources */ = {
			isa = PBXGroup;
			children = (
				EB84E4820C9716100079F38C /* BuildFiles */,
				EB84E49B0C9716100079F38C /* Resources */,
				EB84E4A30C9716100079F38C /* WebServerResources */,
			);
			path = "wo-resources";
			sourceTree = SOURCE_ROOT;
		};
		EB84E4820C9716100079F38C /* BuildFiles */ = {
			isa = PBXGroup;
			children = (
				EB84E4830C9716100079F38C /* clientclasses.exclude.patternset */,
				EB84E4840C9716100079F38C /* clientclasses.include.patternset */,
				EB84E4850C9716100079F38C /* extensions.exclude.patternset */,
				EB84E4860C9716100079F38C /* extensions.include.patternset */,
				EB84E4870C9716100079F38C /* frameworks.exclude.patternset */,
				EB84E4880C9716100079F38C /* frameworks.include.patternset */,
				EB84E4890C9716100079F38C /* Info */,
				EB84E48A0C9716100079F38C /* jboss-web.xml */,
				EB84E48B0C9716100079F38C /* LICENSE.pdf */,
				EB84E48C0C9716100079F38C /* pbdevelopment */,
				EB84E48D0C9716100079F38C /* PkgInfo */,
				EB84E48E0C9716100079F38C /* resources.exclude.patternset */,
				EB84E48F0C9716100079F38C /* resources.include.patternset */,
				EB84E4900C9716100079F38C /* serverclasses.exclude.patternset */,
				EB84E4910C9716100079F38C /* serverclasses.include.patternset */,
				EB84E4920C9716100079F38C /* ServletEnv_web.xml */,
				EB84E4930C9716100079F38C /* template_client.wsdd */,
				EB84E4940C9716100079F38C /* template_server.wsdd */,
				EB84E4950C9716100079F38C /* UnixLaunch.sh */,
				EB84E4960C9716100079F38C /* webserverresources.exclude.patternset */,
				EB84E4970C9716100079F38C /* webserverresources.include.patternset */,
				EB84E4980C9716100079F38C /* WinLaunch.CMD */,
				EB84E4990C9716100079F38C /* WOBootstrap.jar */,
				EB84E49A0C9716100079F38C /* WOtaglib_1_0.tld */,
			);
			name = BuildFiles;
			path = "wo-resources/BuildFiles";
			sourceTree = SOURCE_ROOT;
		};
		EB84E49B0C9716100079F38C /* Resources */ = {
			isa = PBXGroup;
			children = (
				EB84E49C0C9716100079F38C /* Main.api */,
				EB84E49D0C9716100079F38C /* Main.wo */,
				EB84E4A10C9716100079F38C /* Properties */,
				EB84E4A20C9716100079F38C /* WOAfile.icns */,
			);
			name = Resources;
			path = "wo-resources/Resources";
			sourceTree = SOURCE_ROOT;
		};
		EB84E49D0C9716100079F38C /* Main.wo */ = {
			isa = PBXGroup;
			children = (
				EB84E49E0C9716100079F38C /* Main.html */,
				EB84E49F0C9716100079F38C /* Main.wod */,
				EB84E4A00C9716100079F38C /* Main.woo */,
			);
			name = Main.wo;
			path = "wo-resources/Resources/Main.wo";
			sourceTree = SOURCE_ROOT;
		};
		EB84E4A30C9716100079F38C /* WebServerResources */ = {
			isa = PBXGroup;
			children = (
				EB84E4A40C9716100079F38C /* webobjects.gif */,
			);
			name = WebServerResources;
			path = "wo-resources/WebServerResources";
			sourceTree = SOURCE_ROOT;
		};
		EB84E4A50C9716100079F38C /* woproject */ = {
			isa = PBXGroup;
			children = (
				EB84E4A60C9716100079F38C /* ant.classpaths.user.home */,
				EB84E4A70C9716100079F38C /* ant.classpaths.wo.wolocalroot */,
				EB84E4A80C9716100079F38C /* ant.classpaths.wo.wosystemroot */,
				EB84E4A90C9716100079F38C /* ant.frameworks.user.home */,
				EB84E4AA0C9716100079F38C /* ant.frameworks.wo.wolocalroot */,
				EB84E4AB0C9716100079F38C /* ant.frameworks.wo.wosystemroot */,
				EB84E4AC0C9716100079F38C /* classes.exclude.patternset */,
				EB84E4AD0C9716100079F38C /* classes.include.patternset */,
				EB84E4AE0C9716100079F38C /* resources.exclude.patternset */,
				EB84E4AF0C9716100079F38C /* resources.include.patternset */,
				EB84E4B00C9716100079F38C /* wsresources.exclude.patternset */,
				EB84E4B10C9716100079F38C /* wsresources.include.patternset */,
			);
			path = woproject;
			sourceTree = SOURCE_ROOT;
		};
/* End PBXGroup section */

/* Begin PBXLegacyTarget section */
		EB84E4B60C9716380079F38C /* Build */ = {
			isa = PBXLegacyTarget;
			buildArgumentsString = "$(ACTION)";
			buildConfigurationList = EB84E4BC0C9716600079F38C /* Build configuration list for PBXLegacyTarget "Build" */;
			buildPhases = (
			);
			buildToolPath = /usr/bin/ant;
			dependencies = (
			);
			name = Build;
			passBuildSettingsInEnvironment = 1;
			productName = Build;
		};
/* End PBXLegacyTarget section */

/* Begin PBXProject section */
		EB84E2B90C9714D20079F38C /* Project object */ = {
			isa = PBXProject;
			buildConfigurationList = EB84E2BC0C9714D20079F38C /* Build configuration list for PBXProject "JavaEOGenerator" */;
			compatibilityVersion = "Xcode 2.4";
			hasScannedForEncodings = 0;
			mainGroup = EB84E2B70C9714D20079F38C;
			projectDirPath = "";
			projectRoot = "";
			targets = (
				EB84E4B60C9716380079F38C /* Build */,
			);
		};
/* End PBXProject section */

/* Begin XCBuildConfiguration section */
		EB84E2BA0C9714D20079F38C /* Debug */ = {
			isa = XCBuildConfiguration;
			buildSettings = {
				COPY_PHASE_STRIP = NO;
			};
			name = Debug;
		};
		EB84E2BB0C9714D20079F38C /* Release */ = {
			isa = XCBuildConfiguration;
			buildSettings = {
				COPY_PHASE_STRIP = YES;
			};
			name = Release;
		};
		EB84E4B70C9716380079F38C /* Debug */ = {
			isa = XCBuildConfiguration;
			buildSettings = {
				COPY_PHASE_STRIP = NO;
				GCC_DYNAMIC_NO_PIC = NO;
				GCC_OPTIMIZATION_LEVEL = 0;
				PRODUCT_NAME = Build;
			};
			name = Debug;
		};
		EB84E4B80C9716380079F38C /* Release */ = {
			isa = XCBuildConfiguration;
			buildSettings = {
				COPY_PHASE_STRIP = YES;
				DEBUG_INFORMATION_FORMAT = "dwarf-with-dsym";
				GCC_ENABLE_FIX_AND_CONTINUE = NO;
				PRODUCT_NAME = Build;
				ZERO_LINK = NO;
			};
			name = Release;
		};
/* End XCBuildConfiguration section */

/* Begin XCConfigurationList section */
		EB84E2BC0C9714D20079F38C /* Build configuration list for PBXProject "JavaEOGenerator" */ = {
			isa = XCConfigurationList;
			buildConfigurations = (
				EB84E2BA0C9714D20079F38C /* Debug */,
				EB84E2BB0C9714D20079F38C /* Release */,
			);
			defaultConfigurationIsVisible = 0;
			defaultConfigurationName = Release;
		};
		EB84E4BC0C9716600079F38C /* Build configuration list for PBXLegacyTarget "Build" */ = {
			isa = XCConfigurationList;
			buildConfigurations = (
				EB84E4B70C9716380079F38C /* Debug */,
				EB84E4B80C9716380079F38C /* Release */,
			);
			defaultConfigurationIsVisible = 0;
			defaultConfigurationName = Release;
		};
/* End XCConfigurationList section */
	};
	rootObject = EB84E2B90C9714D20079F38C /* Project object */;
}
