// !$*UTF8*$!
{
	archiveVersion = 1;
	classes = {
	};
	objectVersion = 42;
	objects = {

/* Begin PBXBuildFile section */
		41DA6D1F07B1AACB00958F0E /* StockObserver.h in Headers */ = {isa = PBXBuildFile; fileRef = 21C3FD47FEAB647A11CA0E35 /* StockObserver.h */; };
		41DA6D2107B1AACB00958F0E /* MainMenu.nib in Resources */ = {isa = PBXBuildFile; fileRef = 29B97318FDCFA39411CA2CEA /* MainMenu.nib */; };
		41DA6D2207B1AACB00958F0E /* README.rtf in Resources */ = {isa = PBXBuildFile; fileRef = 01146B7CFF672EB811CA0C5D /* README.rtf */; };
		41DA6D2407B1AACB00958F0E /* main.m in Sources */ = {isa = PBXBuildFile; fileRef = 29B97316FDCFA39411CA2CEA /* main.m */; settings = {ATTRIBUTES = (); }; };
		41DA6D2507B1AACB00958F0E /* StockObserver.m in Sources */ = {isa = PBXBuildFile; fileRef = 21C3FD46FEAB647A11CA0E35 /* StockObserver.m */; settings = {ATTRIBUTES = (); }; };
		41DA6D2607B1AACB00958F0E /* NotificationObserve.c in Sources */ = {isa = PBXBuildFile; fileRef = 00C8CB33FF64637D7F000001 /* NotificationObserve.c */; settings = {ATTRIBUTES = (); }; };
		41DA6D2807B1AACB00958F0E /* Cocoa.framework in Frameworks */ = {isa = PBXBuildFile; fileRef = 1629D127FF67EE6211CA0C5D /* Cocoa.framework */; };
/* End PBXBuildFile section */

/* Begin PBXBuildStyle section */
		01D4F809FFB7A98F11CA0CA4 /* Development */ = {
			isa = PBXBuildStyle;
			buildSettings = {
				COPY_PHASE_STRIP = NO;
				GCC_DYNAMIC_NO_PIC = NO;
				GCC_ENABLE_FIX_AND_CONTINUE = YES;
				GCC_GENERATE_DEBUGGING_SYMBOLS = YES;
				GCC_OPTIMIZATION_LEVEL = 0;
				OPTIMIZATION_CFLAGS = "-O0";
				ZERO_LINK = YES;
			};
			name = Development;
		};
		01D4F80AFFB7A98F11CA0CA4 /* Deployment */ = {
			isa = PBXBuildStyle;
			buildSettings = {
				COPY_PHASE_STRIP = YES;
				GCC_ENABLE_FIX_AND_CONTINUE = NO;
				ZERO_LINK = NO;
			};
			name = Deployment;
		};
/* End PBXBuildStyle section */

/* Begin PBXFileReference section */
		00C8CB33FF64637D7F000001 /* NotificationObserve.c */ = {isa = PBXFileReference; lastKnownFileType = sourcecode.c.c; path = NotificationObserve.c; sourceTree = "<group>"; };
		01146B7CFF672EB811CA0C5D /* README.rtf */ = {isa = PBXFileReference; lastKnownFileType = text.rtf; path = README.rtf; sourceTree = "<group>"; };
		1629D127FF67EE6211CA0C5D /* Cocoa.framework */ = {isa = PBXFileReference; lastKnownFileType = wrapper.framework; name = Cocoa.framework; path = /System/Library/Frameworks/Cocoa.framework; sourceTree = "<absolute>"; };
		1629D129FF67EE6211CA0C5D /* CoreFoundation.framework */ = {isa = PBXFileReference; lastKnownFileType = wrapper.framework; name = CoreFoundation.framework; path = /System/Library/Frameworks/CoreFoundation.framework; sourceTree = "<absolute>"; };
		1629D12BFF67F08D11CA0C5D /* Foundation.framework */ = {isa = PBXFileReference; lastKnownFileType = wrapper.framework; name = Foundation.framework; path = /System/Library/Frameworks/Foundation.framework; sourceTree = "<absolute>"; };
		1629D12CFF67F08D11CA0C5D /* AppKit.framework */ = {isa = PBXFileReference; lastKnownFileType = wrapper.framework; name = AppKit.framework; path = /System/Library/Frameworks/AppKit.framework; sourceTree = "<absolute>"; };
		21C3FD46FEAB647A11CA0E35 /* StockObserver.m */ = {isa = PBXFileReference; lastKnownFileType = sourcecode.c.objc; path = StockObserver.m; sourceTree = "<group>"; };
		21C3FD47FEAB647A11CA0E35 /* StockObserver.h */ = {isa = PBXFileReference; lastKnownFileType = sourcecode.c.h; path = StockObserver.h; sourceTree = "<group>"; };
		29B97316FDCFA39411CA2CEA /* main.m */ = {isa = PBXFileReference; lastKnownFileType = sourcecode.c.objc; path = main.m; sourceTree = "<group>"; };
		29B97319FDCFA39411CA2CEA /* English */ = {isa = PBXFileReference; lastKnownFileType = wrapper.nib; name = English; path = English.lproj/MainMenu.nib; sourceTree = "<group>"; };
		41DA6D2A07B1AACB00958F0E /* Info-StockObserver.plist */ = {isa = PBXFileReference; lastKnownFileType = text.xml; path = "Info-StockObserver.plist"; sourceTree = "<group>"; };
		41DA6D2B07B1AACB00958F0E /* StockObserver.app */ = {isa = PBXFileReference; explicitFileType = wrapper.application; includeInIndex = 0; path = StockObserver.app; sourceTree = BUILT_PRODUCTS_DIR; };
		5C2616F80847A9D900F21AFC /* CommonBuildSettings.xcconfig */ = {isa = PBXFileReference; fileEncoding = 5; lastKnownFileType = text.xcconfig; name = CommonBuildSettings.xcconfig; path = ../CommonBuildSettings.xcconfig; sourceTree = "<group>"; };
/* End PBXFileReference section */

/* Begin PBXFrameworksBuildPhase section */
		41DA6D2707B1AACB00958F0E /* Frameworks */ = {
			isa = PBXFrameworksBuildPhase;
			buildActionMask = 2147483647;
			files = (
				41DA6D2807B1AACB00958F0E /* Cocoa.framework in Frameworks */,
			);
			runOnlyForDeploymentPostprocessing = 0;
		};
/* End PBXFrameworksBuildPhase section */

/* Begin PBXGroup section */
		080E96DDFE201D6D7F000001 /* Classes */ = {
			isa = PBXGroup;
			children = (
				21C3FD46FEAB647A11CA0E35 /* StockObserver.m */,
				21C3FD47FEAB647A11CA0E35 /* StockObserver.h */,
			);
			name = Classes;
			sourceTree = "<group>";
		};
		1629D128FF67EE6211CA0C5D /* Referenced (Non-linked) */ = {
			isa = PBXGroup;
			children = (
				1629D129FF67EE6211CA0C5D /* CoreFoundation.framework */,
				1629D12BFF67F08D11CA0C5D /* Foundation.framework */,
				1629D12CFF67F08D11CA0C5D /* AppKit.framework */,
			);
			name = "Referenced (Non-linked)";
			sourceTree = "<group>";
		};
		20EBBB22FEAB640D11CA0E35 /* Products */ = {
			isa = PBXGroup;
			children = (
				41DA6D2B07B1AACB00958F0E /* StockObserver.app */,
			);
			name = Products;
			sourceTree = "<group>";
		};
		29B97314FDCFA39411CA2CEA /* CocoaApp */ = {
			isa = PBXGroup;
			children = (
				5C2616F80847A9D900F21AFC /* CommonBuildSettings.xcconfig */,
				01146B7CFF672EB811CA0C5D /* README.rtf */,
				080E96DDFE201D6D7F000001 /* Classes */,
				29B97315FDCFA39411CA2CEA /* Other Sources */,
				29B97317FDCFA39411CA2CEA /* Resources */,
				29B97323FDCFA39411CA2CEA /* Frameworks and Libraries */,
				20EBBB22FEAB640D11CA0E35 /* Products */,
				41DA6D2A07B1AACB00958F0E /* Info-StockObserver.plist */,
			);
			name = CocoaApp;
			sourceTree = "<group>";
		};
		29B97315FDCFA39411CA2CEA /* Other Sources */ = {
			isa = PBXGroup;
			children = (
				29B97316FDCFA39411CA2CEA /* main.m */,
				00C8CB33FF64637D7F000001 /* NotificationObserve.c */,
			);
			name = "Other Sources";
			sourceTree = "<group>";
		};
		29B97317FDCFA39411CA2CEA /* Resources */ = {
			isa = PBXGroup;
			children = (
				29B97318FDCFA39411CA2CEA /* MainMenu.nib */,
			);
			name = Resources;
			sourceTree = "<group>";
		};
		29B97323FDCFA39411CA2CEA /* Frameworks and Libraries */ = {
			isa = PBXGroup;
			children = (
				1629D127FF67EE6211CA0C5D /* Cocoa.framework */,
				1629D128FF67EE6211CA0C5D /* Referenced (Non-linked) */,
			);
			name = "Frameworks and Libraries";
			sourceTree = "<group>";
		};
/* End PBXGroup section */

/* Begin PBXHeadersBuildPhase section */
		41DA6D1E07B1AACB00958F0E /* Headers */ = {
			isa = PBXHeadersBuildPhase;
			buildActionMask = 2147483647;
			files = (
				41DA6D1F07B1AACB00958F0E /* StockObserver.h in Headers */,
			);
			runOnlyForDeploymentPostprocessing = 0;
		};
/* End PBXHeadersBuildPhase section */

/* Begin PBXNativeTarget section */
		41DA6D1D07B1AACB00958F0E /* StockObserver */ = {
			isa = PBXNativeTarget;
			buildConfigurationList = 5C2616F90847A9DA00F21AFC /* Build configuration list for PBXNativeTarget "StockObserver" */;
			buildPhases = (
				41DA6D1E07B1AACB00958F0E /* Headers */,
				41DA6D2007B1AACB00958F0E /* Resources */,
				41DA6D2307B1AACB00958F0E /* Sources */,
				41DA6D2707B1AACB00958F0E /* Frameworks */,
				41DA6D2907B1AACB00958F0E /* Rez */,
			);
			buildRules = (
			);
			buildSettings = {
				FRAMEWORK_SEARCH_PATHS = "";
				HEADER_SEARCH_PATHS = "";
				INFOPLIST_FILE = "Info-StockObserver.plist";
				INSTALL_PATH = "$(HOME)/Applications";
				LIBRARY_SEARCH_PATHS = "";
				OTHER_CFLAGS = "";
				OTHER_LDFLAGS = "";
				PRODUCT_NAME = StockObserver;
				SECTORDER_FLAGS = "";
				WARNING_CFLAGS = (
					"-Wmost",
					"-Wno-four-char-constants",
					"-Wno-unknown-pragmas",
				);
				WRAPPER_EXTENSION = app;
			};
			dependencies = (
			);
			name = StockObserver;
			productInstallPath = "$(HOME)/Applications";
			productName = StockObserver;
			productReference = 41DA6D2B07B1AACB00958F0E /* StockObserver.app */;
			productType = "com.apple.product-type.application";
		};
/* End PBXNativeTarget section */

/* Begin PBXProject section */
		29B97313FDCFA39411CA2CEA /* Project object */ = {
			isa = PBXProject;
			buildConfigurationList = 5C2616FD0847A9DA00F21AFC /* Build configuration list for PBXProject "StockObserver" */;
			buildSettings = {
			};
			buildStyles = (
				01D4F809FFB7A98F11CA0CA4 /* Development */,
				01D4F80AFFB7A98F11CA0CA4 /* Deployment */,
			);
			hasScannedForEncodings = 1;
			mainGroup = 29B97314FDCFA39411CA2CEA /* CocoaApp */;
			projectDirPath = "";
			targets = (
				41DA6D1D07B1AACB00958F0E /* StockObserver */,
			);
		};
/* End PBXProject section */

/* Begin PBXResourcesBuildPhase section */
		41DA6D2007B1AACB00958F0E /* Resources */ = {
			isa = PBXResourcesBuildPhase;
			buildActionMask = 2147483647;
			files = (
				41DA6D2107B1AACB00958F0E /* MainMenu.nib in Resources */,
				41DA6D2207B1AACB00958F0E /* README.rtf in Resources */,
			);
			runOnlyForDeploymentPostprocessing = 0;
		};
/* End PBXResourcesBuildPhase section */

/* Begin PBXRezBuildPhase section */
		41DA6D2907B1AACB00958F0E /* Rez */ = {
			isa = PBXRezBuildPhase;
			buildActionMask = 2147483647;
			files = (
			);
			runOnlyForDeploymentPostprocessing = 0;
		};
/* End PBXRezBuildPhase section */

/* Begin PBXSourcesBuildPhase section */
		41DA6D2307B1AACB00958F0E /* Sources */ = {
			isa = PBXSourcesBuildPhase;
			buildActionMask = 2147483647;
			files = (
				41DA6D2407B1AACB00958F0E /* main.m in Sources */,
				41DA6D2507B1AACB00958F0E /* StockObserver.m in Sources */,
				41DA6D2607B1AACB00958F0E /* NotificationObserve.c in Sources */,
			);
			runOnlyForDeploymentPostprocessing = 0;
		};
/* End PBXSourcesBuildPhase section */

/* Begin PBXVariantGroup section */
		29B97318FDCFA39411CA2CEA /* MainMenu.nib */ = {
			isa = PBXVariantGroup;
			children = (
				29B97319FDCFA39411CA2CEA /* English */,
			);
			name = MainMenu.nib;
			sourceTree = "<group>";
		};
/* End PBXVariantGroup section */

/* Begin XCBuildConfiguration section */
		5C2616FA0847A9DA00F21AFC /* Debug */ = {
			isa = XCBuildConfiguration;
			buildSettings = {
				COPY_PHASE_STRIP = NO;
				GCC_DYNAMIC_NO_PIC = NO;
				GCC_ENABLE_FIX_AND_CONTINUE = YES;
				GCC_GENERATE_DEBUGGING_SYMBOLS = YES;
				GCC_OPTIMIZATION_LEVEL = 0;
				INFOPLIST_FILE = "Info-StockObserver.plist";
				INFOPLIST_PREFIX_HEADER = ../CommonInfoPlistSettings.h;
				INFOPLIST_PREPROCESS = YES;
				INFOPLIST_PREPROCESSOR_DEFINITIONS = "_CONFIGURATION_=$(CONFIGURATION)";
				INSTALL_PATH = "$(HOME)/Applications";
				OPTIMIZATION_CFLAGS = "-O0";
				PRODUCT_NAME = StockObserver;
				WARNING_CFLAGS = (
					"-Wmost",
					"-Wno-four-char-constants",
					"-Wno-unknown-pragmas",
				);
				WRAPPER_EXTENSION = app;
				ZERO_LINK = YES;
			};
			name = Debug;
		};
		5C2616FB0847A9DA00F21AFC /* Release */ = {
			isa = XCBuildConfiguration;
			buildSettings = {
				COPY_PHASE_STRIP = YES;
				GCC_ENABLE_FIX_AND_CONTINUE = NO;
				INFOPLIST_FILE = "Info-StockObserver.plist";
				INFOPLIST_PREFIX_HEADER = ../CommonInfoPlistSettings.h;
				INFOPLIST_PREPROCESS = YES;
				INSTALL_PATH = "$(HOME)/Applications";
				PRODUCT_NAME = StockObserver;
				WARNING_CFLAGS = (
					"-Wmost",
					"-Wno-four-char-constants",
					"-Wno-unknown-pragmas",
				);
				WRAPPER_EXTENSION = app;
				ZERO_LINK = NO;
			};
			name = Release;
		};
		5C2616FC0847A9DA00F21AFC /* Default */ = {
			isa = XCBuildConfiguration;
			buildSettings = {
				INFOPLIST_FILE = "Info-StockObserver.plist";
				INFOPLIST_PREFIX_HEADER = ../CommonInfoPlistSettings.h;
				INFOPLIST_PREPROCESS = YES;
				INSTALL_PATH = "$(HOME)/Applications";
				PRODUCT_NAME = StockObserver;
				WARNING_CFLAGS = (
					"-Wmost",
					"-Wno-four-char-constants",
					"-Wno-unknown-pragmas",
				);
				WRAPPER_EXTENSION = app;
			};
			name = Default;
		};
		5C2616FE0847A9DA00F21AFC /* Debug */ = {
			isa = XCBuildConfiguration;
			baseConfigurationReference = 5C2616F80847A9D900F21AFC /* CommonBuildSettings.xcconfig */;
			buildSettings = {
				INFOPLIST_PREPROCESSOR_DEFINITIONS = "_CONFIGURATION_=$(CONFIGURATION)";
			};
			name = Debug;
		};
		5C2616FF0847A9DA00F21AFC /* Release */ = {
			isa = XCBuildConfiguration;
			baseConfigurationReference = 5C2616F80847A9D900F21AFC /* CommonBuildSettings.xcconfig */;
			buildSettings = {
				INFOPLIST_PREPROCESSOR_DEFINITIONS = _RELEASE_;
			};
			name = Release;
		};
		5C2617000847A9DA00F21AFC /* Default */ = {
			isa = XCBuildConfiguration;
			baseConfigurationReference = 5C2616F80847A9D900F21AFC /* CommonBuildSettings.xcconfig */;
			buildSettings = {
				INFOPLIST_PREPROCESSOR_DEFINITIONS = "_CONFIGURATION_=$(CONFIGURATION)";
			};
			name = Default;
		};
/* End XCBuildConfiguration section */

/* Begin XCConfigurationList section */
		5C2616F90847A9DA00F21AFC /* Build configuration list for PBXNativeTarget "StockObserver" */ = {
			isa = XCConfigurationList;
			buildConfigurations = (
				5C2616FA0847A9DA00F21AFC /* Debug */,
				5C2616FB0847A9DA00F21AFC /* Release */,
				5C2616FC0847A9DA00F21AFC /* Default */,
			);
			defaultConfigurationIsVisible = 0;
			defaultConfigurationName = Default;
		};
		5C2616FD0847A9DA00F21AFC /* Build configuration list for PBXProject "StockObserver" */ = {
			isa = XCConfigurationList;
			buildConfigurations = (
				5C2616FE0847A9DA00F21AFC /* Debug */,
				5C2616FF0847A9DA00F21AFC /* Release */,
				5C2617000847A9DA00F21AFC /* Default */,
			);
			defaultConfigurationIsVisible = 0;
			defaultConfigurationName = Default;
		};
/* End XCConfigurationList section */
	};
	rootObject = 29B97313FDCFA39411CA2CEA /* Project object */;
}
