// !$*UTF8*$!
{
	archiveVersion = 1;
	classes = {
	};
	objectVersion = 39;
	objects = {
		0111F2C600819D1A7F000001 = {
			fileEncoding = 4;
			isa = PBXFileReference;
			lastKnownFileType = sourcecode.java;
			path = AboutBox.java;
			refType = 4;
			sourceTree = "<group>";
		};
		0111F2C700819D1A7F000001 = {
			fileRef = 0111F2C600819D1A7F000001;
			isa = PBXBuildFile;
			settings = {
			};
		};
		01F12F4CFEC8CE2211DB9C8B = {
			buildSettings = {
			};
			buildStyles = (
				0E20B662001FAFA711DB9C8B,
				0E20B663001FAFA711DB9C8B,
			);
			hasScannedForEncodings = 1;
			isa = PBXProject;
			mainGroup = 01F12F4DFEC8CE2211DB9C8B;
			productRefGroup = 01F12F4FFEC8CEF111DB9C8B;
			projectDirPath = "";
			targets = (
				1601BCDBFEEE210811DB9C8B,
			);
		};
		01F12F4DFEC8CE2211DB9C8B = {
			children = (
				01F12F4EFEC8CE6A11DB9C8B,
				0111F2C600819D1A7F000001,
				3618598404B2561400927277,
				10F9BF62FEEDA25E11DB9C8B,
				6A9C778D023ECD530CC91562,
				01F12F4FFEC8CEF111DB9C8B,
			);
			isa = PBXGroup;
			refType = 4;
			sourceTree = "<group>";
		};
		01F12F4EFEC8CE6A11DB9C8B = {
			fileEncoding = 4;
			isa = PBXFileReference;
			lastKnownFileType = sourcecode.java;
			path = SkyCreator.java;
			refType = 4;
			sourceTree = "<group>";
			tabWidth = 8;
		};
		01F12F4FFEC8CEF111DB9C8B = {
			children = (
				06D05853FF24F2DB11DB9C8B,
			);
			isa = PBXGroup;
			name = Products;
			refType = 4;
			sourceTree = "<group>";
		};
//010
//011
//012
//013
//014
//060
//061
//062
//063
//064
		06D05853FF24F2DB11DB9C8B = {
			explicitFileType = wrapper.application;
			isa = PBXFileReference;
			path = SkyCreator.app;
			refType = 3;
			sourceTree = BUILT_PRODUCTS_DIR;
		};
//060
//061
//062
//063
//064
//0E0
//0E1
//0E2
//0E3
//0E4
		0E20B662001FAFA711DB9C8B = {
			buildSettings = {
				COPY_PHASE_STRIP = NO;
				GCC_DYNAMIC_NO_PIC = NO;
				GCC_ENABLE_FIX_AND_CONTINUE = YES;
				GCC_GENERATE_DEBUGGING_SYMBOLS = YES;
				GCC_OPTIMIZATION_LEVEL = 0;
				ZERO_LINK = YES;
			};
			isa = PBXBuildStyle;
			name = Development;
		};
		0E20B663001FAFA711DB9C8B = {
			buildSettings = {
				COPY_PHASE_STRIP = YES;
				GCC_ENABLE_FIX_AND_CONTINUE = NO;
				ZERO_LINK = NO;
			};
			isa = PBXBuildStyle;
			name = Deployment;
		};
//0E0
//0E1
//0E2
//0E3
//0E4
//100
//101
//102
//103
//104
		10F9BF62FEEDA25E11DB9C8B = {
			isa = PBXFileReference;
			lastKnownFileType = image.icns;
			path = SkyCreator.icns;
			refType = 4;
			sourceTree = "<group>";
		};
//100
//101
//102
//103
//104
//160
//161
//162
//163
//164
		1601BCDBFEEE210811DB9C8B = {
			buildPhases = (
				1601BCDCFEEE210811DB9C8B,
				1601BCDEFEEE210811DB9C8B,
				1601BCDFFEEE210811DB9C8B,
				1601BCE2FEEE210811DB9C8B,
				6A88643101E695080CC91562,
			);
			buildSettings = {
				JAVA_ARCHIVE_COMPRESSION = NO;
				JAVA_COMPILER = /usr/bin/javac;
				JAVA_ONLY = YES;
				JAVA_SOURCE_SUBDIR = .;
				PRODUCT_NAME = SkyCreator;
			};
			dependencies = (
			);
			isa = PBXApplicationTarget;
			name = SkyCreator;
			productName = SkyCreator;
			productReference = 06D05853FF24F2DB11DB9C8B;
			productSettingsXML = "<?xml version=\"1.0\" encoding=\"UTF-8\"?>
<!DOCTYPE plist PUBLIC \"-//Apple Computer//DTD PLIST 1.0//EN\" \"http://www.apple.com/DTDs/PropertyList-1.0.dtd\">
<plist version=\"1.0\">
<dict>
	<key>CFBundleDevelopmentRegion</key>
	<string>English</string>
	<key>CFBundleExecutable</key>
	<string>SkyCreator</string>
	<key>CFBundleGetInfoString</key>
	<string></string>
	<key>CFBundleIconFile</key>
	<string>SkyCreator.icns</string>
	<key>CFBundleIdentifier</key>
	<string></string>
	<key>CFBundleInfoDictionaryVersion</key>
	<string>6.0</string>
	<key>CFBundleName</key>
	<string>SkyCreator</string>
	<key>CFBundlePackageType</key>
	<string>APPL</string>
	<key>CFBundleShortVersionString</key>
	<string></string>
	<key>CFBundleSignature</key>
	<string>????</string>
	<key>CFBundleVersion</key>
	<string>0.1</string>
	<key>Java</key>
	<dict>
		<key>ClassPath</key>
		<string>$JAVAROOT/SkyCreator.jar</string>
		<key>JVMVersion</key>
		<string>1.4*</string>
		<key>MainClass</key>
		<string>SkyCreator</string>
		<key>Properties</key>
		<dict>
			<key>apple.laf.useScreenMenuBar</key>
			<string>true</string>
		</dict>
		<key>WorkingDirectory</key>
		<string>$APP_PACKAGE/Contents/Resources/Java</string>
	</dict>
</dict>
</plist>
";
		};
		1601BCDCFEEE210811DB9C8B = {
			buildActionMask = 2147483647;
			files = (
				1601BCDDFEEE210811DB9C8B,
				0111F2C700819D1A7F000001,
				3618598504B2561400927277,
			);
			isa = PBXSourcesBuildPhase;
			runOnlyForDeploymentPostprocessing = 0;
		};
		1601BCDDFEEE210811DB9C8B = {
			fileRef = 01F12F4EFEC8CE6A11DB9C8B;
			isa = PBXBuildFile;
			settings = {
				ATTRIBUTES = (
				);
			};
		};
		1601BCDEFEEE210811DB9C8B = {
			buildActionMask = 2147483647;
			files = (
				6A9C778F023ECDCC0CC91562,
				5D38FA2D08429EF9007E9543,
				5D38FA2E08429EF9007E9543,
				5D38FA2F08429EF9007E9543,
				5D38FA3008429EF9007E9543,
				5D4BFFAF0843CD1C00A54816,
			);
			isa = PBXJavaArchiveBuildPhase;
			runOnlyForDeploymentPostprocessing = 0;
		};
		1601BCDFFEEE210811DB9C8B = {
			buildActionMask = 2147483647;
			files = (
				1601BCE0FEEE210811DB9C8B,
				5D38FA2908429E94007E9543,
				5D38FA2A08429E94007E9543,
				5D38FA2B08429E94007E9543,
				5D38FA2C08429E94007E9543,
				5D4BFFA10843CCB000A54816,
			);
			isa = PBXResourcesBuildPhase;
			runOnlyForDeploymentPostprocessing = 0;
		};
		1601BCE0FEEE210811DB9C8B = {
			fileRef = 10F9BF62FEEDA25E11DB9C8B;
			isa = PBXBuildFile;
			settings = {
			};
		};
		1601BCE2FEEE210811DB9C8B = {
			buildActionMask = 2147483647;
			files = (
			);
			isa = PBXFrameworksBuildPhase;
			runOnlyForDeploymentPostprocessing = 0;
		};
//160
//161
//162
//163
//164
//360
//361
//362
//363
//364
		3618598404B2561400927277 = {
			fileEncoding = 4;
			isa = PBXFileReference;
			lastKnownFileType = sourcecode.java;
			path = PrefPane.java;
			refType = 4;
			sourceTree = "<group>";
		};
		3618598504B2561400927277 = {
			fileRef = 3618598404B2561400927277;
			isa = PBXBuildFile;
			settings = {
			};
		};
//360
//361
//362
//363
//364
//5D0
//5D1
//5D2
//5D3
//5D4
		5D38FA2508429E94007E9543 = {
			isa = PBXFileReference;
			lastKnownFileType = image.png;
			path = star1.png;
			refType = 4;
			sourceTree = "<group>";
		};
		5D38FA2608429E94007E9543 = {
			isa = PBXFileReference;
			lastKnownFileType = image.png;
			path = star2.png;
			refType = 4;
			sourceTree = "<group>";
		};
		5D38FA2708429E94007E9543 = {
			isa = PBXFileReference;
			lastKnownFileType = image.png;
			path = star3.png;
			refType = 4;
			sourceTree = "<group>";
		};
		5D38FA2808429E94007E9543 = {
			isa = PBXFileReference;
			lastKnownFileType = image.png;
			path = star4.png;
			refType = 4;
			sourceTree = "<group>";
		};
		5D38FA2908429E94007E9543 = {
			fileRef = 5D38FA2508429E94007E9543;
			isa = PBXBuildFile;
			settings = {
			};
		};
		5D38FA2A08429E94007E9543 = {
			fileRef = 5D38FA2608429E94007E9543;
			isa = PBXBuildFile;
			settings = {
			};
		};
		5D38FA2B08429E94007E9543 = {
			fileRef = 5D38FA2708429E94007E9543;
			isa = PBXBuildFile;
			settings = {
			};
		};
		5D38FA2C08429E94007E9543 = {
			fileRef = 5D38FA2808429E94007E9543;
			isa = PBXBuildFile;
			settings = {
			};
		};
		5D38FA2D08429EF9007E9543 = {
			fileRef = 5D38FA2508429E94007E9543;
			isa = PBXBuildFile;
			settings = {
				JAVA_ARCHIVE_SUBDIR = "";
			};
		};
		5D38FA2E08429EF9007E9543 = {
			fileRef = 5D38FA2608429E94007E9543;
			isa = PBXBuildFile;
			settings = {
				JAVA_ARCHIVE_SUBDIR = "";
			};
		};
		5D38FA2F08429EF9007E9543 = {
			fileRef = 5D38FA2708429E94007E9543;
			isa = PBXBuildFile;
			settings = {
				JAVA_ARCHIVE_SUBDIR = "";
			};
		};
		5D38FA3008429EF9007E9543 = {
			fileRef = 5D38FA2808429E94007E9543;
			isa = PBXBuildFile;
			settings = {
				JAVA_ARCHIVE_SUBDIR = "";
			};
		};
		5D4BFFA00843CCB000A54816 = {
			isa = PBXFileReference;
			lastKnownFileType = image.png;
			path = star5.png;
			refType = 4;
			sourceTree = "<group>";
		};
		5D4BFFA10843CCB000A54816 = {
			fileRef = 5D4BFFA00843CCB000A54816;
			isa = PBXBuildFile;
			settings = {
			};
		};
		5D4BFFAF0843CD1C00A54816 = {
			fileRef = 5D4BFFA00843CCB000A54816;
			isa = PBXBuildFile;
			settings = {
				JAVA_ARCHIVE_SUBDIR = "";
			};
		};
//5D0
//5D1
//5D2
//5D3
//5D4
//6A0
//6A1
//6A2
//6A3
//6A4
		6A88643101E695080CC91562 = {
			buildActionMask = 2147483647;
			files = (
			);
			isa = PBXShellScriptBuildPhase;
			runOnlyForDeploymentPostprocessing = 0;
			shellPath = /bin/sh;
			shellScript = "#\n# This script copies alert strings into the application\n# so that if the application cannot be launched on an \n# older version of the operating system, the user gets a \n# localized error message.  \n#\n# The particular localizations copied into the application\n# are dependent upon the set of localizations installed on\n# the machine the application is built on.\n#\n\nif [ \"${TARGET_BUILD_DIR}\" = \"\" ]; \nthen\n    TARGET_BUILD_DIR=${BUILD_DIR}\nfi\n\nALERTSTRINGS=\"OldJavaAlert.strings\"\nAPPLAUNCHRESDIR=\"/System/Library/PrivateFrameworks/JavaApplicationLauncher.framework/Resources\";\nLSH=`/bin/ls $APPLAUNCHRESDIR | /usr/bin/grep lproj`;\nRESOURCEDIR=\"${TARGET_BUILD_DIR}/$TARGET_NAME.app/Contents/Resources\"\n\nfor COPYDIR in $LSH\ndo\n        /bin/mkdir -p $RESOURCEDIR/$COPYDIR\n        /bin/cp \"$APPLAUNCHRESDIR/$COPYDIR/$ALERTSTRINGS\" \"$RESOURCEDIR/$COPYDIR\"\ndone";
		};
		6A9C778D023ECD530CC91562 = {
			children = (
				5D4BFFA00843CCB000A54816,
				5D38FA2508429E94007E9543,
				5D38FA2608429E94007E9543,
				5D38FA2708429E94007E9543,
				5D38FA2808429E94007E9543,
				6A9C778E023ECDCC0CC91562,
			);
			isa = PBXGroup;
			name = Resources;
			refType = 4;
			sourceTree = "<group>";
		};
		6A9C778E023ECDCC0CC91562 = {
			isa = PBXFileReference;
			lastKnownFileType = text;
			path = SkyCreatorstrings.properties;
			refType = 4;
			sourceTree = "<group>";
		};
		6A9C778F023ECDCC0CC91562 = {
			fileRef = 6A9C778E023ECDCC0CC91562;
			isa = PBXBuildFile;
			settings = {
				JAVA_ARCHIVE_SUBDIR = "";
			};
		};
	};
	rootObject = 01F12F4CFEC8CE2211DB9C8B;
}
