// !$*UTF8*$!
{
	archiveVersion = 1;
	classes = {
	};
	objectVersion = 42;
	objects = {

/* Begin PBXBuildFile section */
		63F096770C04EB0400D5A490 /* Cocoa.framework in Frameworks */ = {isa = PBXBuildFile; fileRef = 63F096760C04EB0400D5A490 /* Cocoa.framework */; };
		8D0C4E8D0486CD37000505A6 /* InfoPlist.strings in Resources */ = {isa = PBXBuildFile; fileRef = 0867D6AAFE840B52C02AAC07 /* InfoPlist.strings */; };
		8D0C4E8E0486CD37000505A6 /* main.nib in Resources */ = {isa = PBXBuildFile; fileRef = 02345980000FD03B11CA0E72 /* main.nib */; };
		8D0C4E920486CD37000505A6 /* Carbon.framework in Frameworks */ = {isa = PBXBuildFile; fileRef = 20286C33FDCF999611CA2CEA /* Carbon.framework */; };
		E54D91B70B0D4AD900F7E1FA /* AppDrawing.c in Sources */ = {isa = PBXBuildFile; fileRef = E54D91AE0B0D4AD900F7E1FA /* AppDrawing.c */; };
		E54D91B80B0D4AD900F7E1FA /* MyCarbonPrinting.c in Sources */ = {isa = PBXBuildFile; fileRef = E54D91B00B0D4AD900F7E1FA /* MyCarbonPrinting.c */; };
		E54D91B90B0D4AD900F7E1FA /* NavServicesHandling.c in Sources */ = {isa = PBXBuildFile; fileRef = E54D91B20B0D4AD900F7E1FA /* NavServicesHandling.c */; };
		E54D91BA0B0D4AD900F7E1FA /* UIHandling.c in Sources */ = {isa = PBXBuildFile; fileRef = E54D91B50B0D4AD900F7E1FA /* UIHandling.c */; };
		E54D92050B0D4E7000F7E1FA /* AESupport.r in Rez */ = {isa = PBXBuildFile; fileRef = E54D91AD0B0D4AD900F7E1FA /* AESupport.r */; };
		E54D92520B0E2B5500F7E1FA /* AppCustomPDE.m in Sources */ = {isa = PBXBuildFile; fileRef = E54D91CB0B0D4BAC00F7E1FA /* AppCustomPDE.m */; };
		E54D92550B0E2BB200F7E1FA /* Info.plist in Resources */ = {isa = PBXBuildFile; fileRef = E54D92540B0E2BB200F7E1FA /* Info.plist */; };
		E54D925A0B0E2BC200F7E1FA /* AppCustomPDE.nib in Resources */ = {isa = PBXBuildFile; fileRef = E54D92560B0E2BC200F7E1FA /* AppCustomPDE.nib */; };
		E54D925B0B0E2BC200F7E1FA /* InfoPlist.strings in Resources */ = {isa = PBXBuildFile; fileRef = E54D92580B0E2BC200F7E1FA /* InfoPlist.strings */; };
		E54D925D0B0E2BDC00F7E1FA /* AppCustomPDE.bundle in CopyFiles */ = {isa = PBXBuildFile; fileRef = E54D924D0B0E2B3A00F7E1FA /* AppCustomPDE.bundle */; };
		E54D926F0B0E2CB600F7E1FA /* Carbon.framework in Frameworks */ = {isa = PBXBuildFile; fileRef = 20286C33FDCF999611CA2CEA /* Carbon.framework */; };
/* End PBXBuildFile section */

/* Begin PBXContainerItemProxy section */
		E54D92AF0B0E30AA00F7E1FA /* PBXContainerItemProxy */ = {
			isa = PBXContainerItemProxy;
			containerPortal = 20286C28FDCF999611CA2CEA /* Project object */;
			proxyType = 1;
			remoteGlobalIDString = E54D924C0B0E2B3A00F7E1FA;
			remoteInfo = AppCustomPDE;
		};
/* End PBXContainerItemProxy section */

/* Begin PBXCopyFilesBuildPhase section */
		E54D92190B0D4E9B00F7E1FA /* CopyFiles */ = {
			isa = PBXCopyFilesBuildPhase;
			buildActionMask = 2147483647;
			dstPath = "";
			dstSubfolderSpec = 13;
			files = (
				E54D925D0B0E2BDC00F7E1FA /* AppCustomPDE.bundle in CopyFiles */,
			);
			runOnlyForDeploymentPostprocessing = 0;
		};
/* End PBXCopyFilesBuildPhase section */

/* Begin PBXFileReference section */
		0867D6ABFE840B52C02AAC07 /* English */ = {isa = PBXFileReference; fileEncoding = 10; lastKnownFileType = text.plist.strings; name = English; path = English.lproj/InfoPlist.strings; sourceTree = "<group>"; };
		1870340FFE93FCAF11CA0CD7 /* English */ = {isa = PBXFileReference; lastKnownFileType = wrapper.nib; name = English; path = English.lproj/main.nib; sourceTree = "<group>"; };
		20286C33FDCF999611CA2CEA /* Carbon.framework */ = {isa = PBXFileReference; lastKnownFileType = wrapper.framework; name = Carbon.framework; path = /System/Library/Frameworks/Carbon.framework; sourceTree = "<absolute>"; };
		32DBCF6D0370B57F00C91783 /* CarbonPrintingSample_Prefix.pch */ = {isa = PBXFileReference; fileEncoding = 4; lastKnownFileType = sourcecode.c.h; path = CarbonPrintingSample_Prefix.pch; sourceTree = "<group>"; };
		4A9504C8FFE6A3BC11CA0CBA /* ApplicationServices.framework */ = {isa = PBXFileReference; lastKnownFileType = wrapper.framework; name = ApplicationServices.framework; path = /System/Library/Frameworks/ApplicationServices.framework; sourceTree = "<absolute>"; };
		4A9504CAFFE6A41611CA0CBA /* CoreServices.framework */ = {isa = PBXFileReference; lastKnownFileType = wrapper.framework; name = CoreServices.framework; path = /System/Library/Frameworks/CoreServices.framework; sourceTree = "<absolute>"; };
		63F096760C04EB0400D5A490 /* Cocoa.framework */ = {isa = PBXFileReference; lastKnownFileType = wrapper.framework; name = Cocoa.framework; path = /System/Library/Frameworks/Cocoa.framework; sourceTree = "<absolute>"; };
		8D0C4E960486CD37000505A6 /* Info.plist */ = {isa = PBXFileReference; fileEncoding = 4; lastKnownFileType = text.plist; path = Info.plist; sourceTree = "<group>"; };
		8D0C4E970486CD37000505A6 /* CarbonPrintingSample.app */ = {isa = PBXFileReference; explicitFileType = wrapper.application; includeInIndex = 0; path = CarbonPrintingSample.app; sourceTree = BUILT_PRODUCTS_DIR; };
		E54D91AD0B0D4AD900F7E1FA /* AESupport.r */ = {isa = PBXFileReference; fileEncoding = 30; lastKnownFileType = sourcecode.rez; path = AESupport.r; sourceTree = "<group>"; };
		E54D91AE0B0D4AD900F7E1FA /* AppDrawing.c */ = {isa = PBXFileReference; fileEncoding = 30; lastKnownFileType = sourcecode.c.c; path = AppDrawing.c; sourceTree = "<group>"; };
		E54D91AF0B0D4AD900F7E1FA /* AppDrawing.h */ = {isa = PBXFileReference; fileEncoding = 30; lastKnownFileType = sourcecode.c.h; path = AppDrawing.h; sourceTree = "<group>"; };
		E54D91B00B0D4AD900F7E1FA /* MyCarbonPrinting.c */ = {isa = PBXFileReference; fileEncoding = 30; lastKnownFileType = sourcecode.c.c; path = MyCarbonPrinting.c; sourceTree = "<group>"; };
		E54D91B10B0D4AD900F7E1FA /* MyCarbonPrinting.h */ = {isa = PBXFileReference; fileEncoding = 30; lastKnownFileType = sourcecode.c.h; path = MyCarbonPrinting.h; sourceTree = "<group>"; };
		E54D91B20B0D4AD900F7E1FA /* NavServicesHandling.c */ = {isa = PBXFileReference; fileEncoding = 30; lastKnownFileType = sourcecode.c.c; path = NavServicesHandling.c; sourceTree = "<group>"; };
		E54D91B30B0D4AD900F7E1FA /* NavServicesHandling.h */ = {isa = PBXFileReference; fileEncoding = 30; lastKnownFileType = sourcecode.c.h; path = NavServicesHandling.h; sourceTree = "<group>"; };
		E54D91B40B0D4AD900F7E1FA /* PDECommon.h */ = {isa = PBXFileReference; fileEncoding = 30; lastKnownFileType = sourcecode.c.h; path = PDECommon.h; sourceTree = "<group>"; };
		E54D91B50B0D4AD900F7E1FA /* UIHandling.c */ = {isa = PBXFileReference; fileEncoding = 30; lastKnownFileType = sourcecode.c.c; path = UIHandling.c; sourceTree = "<group>"; };
		E54D91B60B0D4AD900F7E1FA /* UIHandling.h */ = {isa = PBXFileReference; fileEncoding = 30; lastKnownFileType = sourcecode.c.h; path = UIHandling.h; sourceTree = "<group>"; };
		E54D91CA0B0D4BAC00F7E1FA /* AppCustomPDE.h */ = {isa = PBXFileReference; fileEncoding = 30; lastKnownFileType = sourcecode.c.h; name = AppCustomPDE.h; path = AppCustomPDE/AppCustomPDE.h; sourceTree = "<group>"; };
		E54D91CB0B0D4BAC00F7E1FA /* AppCustomPDE.m */ = {isa = PBXFileReference; fileEncoding = 30; lastKnownFileType = sourcecode.c.objc; name = AppCustomPDE.m; path = AppCustomPDE/AppCustomPDE.m; sourceTree = "<group>"; };
		E54D924D0B0E2B3A00F7E1FA /* AppCustomPDE.bundle */ = {isa = PBXFileReference; explicitFileType = wrapper.cfbundle; includeInIndex = 0; path = AppCustomPDE.bundle; sourceTree = BUILT_PRODUCTS_DIR; };
		E54D92540B0E2BB200F7E1FA /* Info.plist */ = {isa = PBXFileReference; fileEncoding = 30; lastKnownFileType = text.xml; name = Info.plist; path = AppCustomPDE/Info.plist; sourceTree = "<group>"; };
		E54D92570B0E2BC200F7E1FA /* English */ = {isa = PBXFileReference; lastKnownFileType = wrapper.nib; name = English; path = AppCustomPDE/English.lproj/AppCustomPDE.nib; sourceTree = "<group>"; };
		E54D92590B0E2BC200F7E1FA /* English */ = {isa = PBXFileReference; fileEncoding = 4; lastKnownFileType = text.plist.strings; name = English; path = AppCustomPDE/English.lproj/InfoPlist.strings; sourceTree = "<group>"; };
/* End PBXFileReference section */

/* Begin PBXFrameworksBuildPhase section */
		8D0C4E910486CD37000505A6 /* Frameworks */ = {
			isa = PBXFrameworksBuildPhase;
			buildActionMask = 2147483647;
			files = (
				8D0C4E920486CD37000505A6 /* Carbon.framework in Frameworks */,
			);
			runOnlyForDeploymentPostprocessing = 0;
		};
		E54D924B0B0E2B3A00F7E1FA /* Frameworks */ = {
			isa = PBXFrameworksBuildPhase;
			buildActionMask = 2147483647;
			files = (
				E54D926F0B0E2CB600F7E1FA /* Carbon.framework in Frameworks */,
				63F096770C04EB0400D5A490 /* Cocoa.framework in Frameworks */,
			);
			runOnlyForDeploymentPostprocessing = 0;
		};
/* End PBXFrameworksBuildPhase section */

/* Begin PBXGroup section */
		195DF8CFFE9D517E11CA2CBB /* Products */ = {
			isa = PBXGroup;
			children = (
				8D0C4E970486CD37000505A6 /* CarbonPrintingSample.app */,
				E54D924D0B0E2B3A00F7E1FA /* AppCustomPDE.bundle */,
			);
			name = Products;
			sourceTree = "<group>";
		};
		20286C29FDCF999611CA2CEA /* CarbonPrintingSample */ = {
			isa = PBXGroup;
			children = (
				E54D91C70B0D4B8B00F7E1FA /* AppCustomPDE */,
				20286C2AFDCF999611CA2CEA /* Sources */,
				20286C2CFDCF999611CA2CEA /* Resources */,
				20286C32FDCF999611CA2CEA /* External Frameworks and Libraries */,
				195DF8CFFE9D517E11CA2CBB /* Products */,
			);
			name = CarbonPrintingSample;
			sourceTree = "<group>";
		};
		20286C2AFDCF999611CA2CEA /* Sources */ = {
			isa = PBXGroup;
			children = (
				E54D91AE0B0D4AD900F7E1FA /* AppDrawing.c */,
				E54D91AF0B0D4AD900F7E1FA /* AppDrawing.h */,
				E54D91B00B0D4AD900F7E1FA /* MyCarbonPrinting.c */,
				E54D91B10B0D4AD900F7E1FA /* MyCarbonPrinting.h */,
				E54D91B20B0D4AD900F7E1FA /* NavServicesHandling.c */,
				E54D91B30B0D4AD900F7E1FA /* NavServicesHandling.h */,
				E54D91B40B0D4AD900F7E1FA /* PDECommon.h */,
				E54D91B50B0D4AD900F7E1FA /* UIHandling.c */,
				E54D91B60B0D4AD900F7E1FA /* UIHandling.h */,
				32DBCF6D0370B57F00C91783 /* CarbonPrintingSample_Prefix.pch */,
			);
			name = Sources;
			sourceTree = "<group>";
		};
		20286C2CFDCF999611CA2CEA /* Resources */ = {
			isa = PBXGroup;
			children = (
				E54D91AD0B0D4AD900F7E1FA /* AESupport.r */,
				8D0C4E960486CD37000505A6 /* Info.plist */,
				0867D6AAFE840B52C02AAC07 /* InfoPlist.strings */,
				02345980000FD03B11CA0E72 /* main.nib */,
			);
			name = Resources;
			sourceTree = "<group>";
		};
		20286C32FDCF999611CA2CEA /* External Frameworks and Libraries */ = {
			isa = PBXGroup;
			children = (
				20286C33FDCF999611CA2CEA /* Carbon.framework */,
				63F096760C04EB0400D5A490 /* Cocoa.framework */,
				4A9504CAFFE6A41611CA0CBA /* CoreServices.framework */,
				4A9504C8FFE6A3BC11CA0CBA /* ApplicationServices.framework */,
			);
			name = "External Frameworks and Libraries";
			sourceTree = "<group>";
		};
		E54D91C70B0D4B8B00F7E1FA /* AppCustomPDE */ = {
			isa = PBXGroup;
			children = (
				E54D92560B0E2BC200F7E1FA /* AppCustomPDE.nib */,
				E54D92580B0E2BC200F7E1FA /* InfoPlist.strings */,
				E54D92540B0E2BB200F7E1FA /* Info.plist */,
				E54D91CA0B0D4BAC00F7E1FA /* AppCustomPDE.h */,
				E54D91CB0B0D4BAC00F7E1FA /* AppCustomPDE.m */,
			);
			name = AppCustomPDE;
			sourceTree = "<group>";
		};
/* End PBXGroup section */

/* Begin PBXNativeTarget section */
		8D0C4E890486CD37000505A6 /* CarbonPrintingSample */ = {
			isa = PBXNativeTarget;
			buildConfigurationList = C0E91AC508A95435008D54AB /* Build configuration list for PBXNativeTarget "CarbonPrintingSample" */;
			buildPhases = (
				8D0C4E8C0486CD37000505A6 /* Resources */,
				8D0C4E8F0486CD37000505A6 /* Sources */,
				8D0C4E910486CD37000505A6 /* Frameworks */,
				E54D92180B0D4E9B00F7E1FA /* Rez */,
				E54D92190B0D4E9B00F7E1FA /* CopyFiles */,
			);
			buildRules = (
			);
			dependencies = (
				E54D92B00B0E30AA00F7E1FA /* PBXTargetDependency */,
			);
			name = CarbonPrintingSample;
			productInstallPath = "$(HOME)/Applications";
			productName = CarbonPrintingSample;
			productReference = 8D0C4E970486CD37000505A6 /* CarbonPrintingSample.app */;
			productType = "com.apple.product-type.application";
		};
		E54D924C0B0E2B3A00F7E1FA /* AppCustomPDE */ = {
			isa = PBXNativeTarget;
			buildConfigurationList = E54D924F0B0E2B3D00F7E1FA /* Build configuration list for PBXNativeTarget "AppCustomPDE" */;
			buildPhases = (
				E54D92490B0E2B3A00F7E1FA /* Resources */,
				E54D924A0B0E2B3A00F7E1FA /* Sources */,
				E54D924B0B0E2B3A00F7E1FA /* Frameworks */,
			);
			buildRules = (
			);
			dependencies = (
			);
			name = AppCustomPDE;
			productName = AppCustomPDE;
			productReference = E54D924D0B0E2B3A00F7E1FA /* AppCustomPDE.bundle */;
			productType = "com.apple.product-type.bundle";
		};
/* End PBXNativeTarget section */

/* Begin PBXProject section */
		20286C28FDCF999611CA2CEA /* Project object */ = {
			isa = PBXProject;
			buildConfigurationList = C0E91AC908A95435008D54AB /* Build configuration list for PBXProject "CarbonPrintingSample" */;
			hasScannedForEncodings = 1;
			mainGroup = 20286C29FDCF999611CA2CEA /* CarbonPrintingSample */;
			projectDirPath = "";
			projectRoot = "";
			targets = (
				8D0C4E890486CD37000505A6 /* CarbonPrintingSample */,
				E54D924C0B0E2B3A00F7E1FA /* AppCustomPDE */,
			);
		};
/* End PBXProject section */

/* Begin PBXResourcesBuildPhase section */
		8D0C4E8C0486CD37000505A6 /* Resources */ = {
			isa = PBXResourcesBuildPhase;
			buildActionMask = 2147483647;
			files = (
				8D0C4E8D0486CD37000505A6 /* InfoPlist.strings in Resources */,
				8D0C4E8E0486CD37000505A6 /* main.nib in Resources */,
			);
			runOnlyForDeploymentPostprocessing = 0;
		};
		E54D92490B0E2B3A00F7E1FA /* Resources */ = {
			isa = PBXResourcesBuildPhase;
			buildActionMask = 2147483647;
			files = (
				E54D92550B0E2BB200F7E1FA /* Info.plist in Resources */,
				E54D925A0B0E2BC200F7E1FA /* AppCustomPDE.nib in Resources */,
				E54D925B0B0E2BC200F7E1FA /* InfoPlist.strings in Resources */,
			);
			runOnlyForDeploymentPostprocessing = 0;
		};
/* End PBXResourcesBuildPhase section */

/* Begin PBXRezBuildPhase section */
		E54D92180B0D4E9B00F7E1FA /* Rez */ = {
			isa = PBXRezBuildPhase;
			buildActionMask = 2147483647;
			files = (
				E54D92050B0D4E7000F7E1FA /* AESupport.r in Rez */,
			);
			runOnlyForDeploymentPostprocessing = 0;
		};
/* End PBXRezBuildPhase section */

/* Begin PBXSourcesBuildPhase section */
		8D0C4E8F0486CD37000505A6 /* Sources */ = {
			isa = PBXSourcesBuildPhase;
			buildActionMask = 2147483647;
			files = (
				E54D91B70B0D4AD900F7E1FA /* AppDrawing.c in Sources */,
				E54D91B80B0D4AD900F7E1FA /* MyCarbonPrinting.c in Sources */,
				E54D91B90B0D4AD900F7E1FA /* NavServicesHandling.c in Sources */,
				E54D91BA0B0D4AD900F7E1FA /* UIHandling.c in Sources */,
			);
			runOnlyForDeploymentPostprocessing = 0;
		};
		E54D924A0B0E2B3A00F7E1FA /* Sources */ = {
			isa = PBXSourcesBuildPhase;
			buildActionMask = 2147483647;
			files = (
				E54D92520B0E2B5500F7E1FA /* AppCustomPDE.m in Sources */,
			);
			runOnlyForDeploymentPostprocessing = 0;
		};
/* End PBXSourcesBuildPhase section */

/* Begin PBXTargetDependency section */
		E54D92B00B0E30AA00F7E1FA /* PBXTargetDependency */ = {
			isa = PBXTargetDependency;
			target = E54D924C0B0E2B3A00F7E1FA /* AppCustomPDE */;
			targetProxy = E54D92AF0B0E30AA00F7E1FA /* PBXContainerItemProxy */;
		};
/* End PBXTargetDependency section */

/* Begin PBXVariantGroup section */
		02345980000FD03B11CA0E72 /* main.nib */ = {
			isa = PBXVariantGroup;
			children = (
				1870340FFE93FCAF11CA0CD7 /* English */,
			);
			name = main.nib;
			sourceTree = "<group>";
		};
		0867D6AAFE840B52C02AAC07 /* InfoPlist.strings */ = {
			isa = PBXVariantGroup;
			children = (
				0867D6ABFE840B52C02AAC07 /* English */,
			);
			name = InfoPlist.strings;
			sourceTree = "<group>";
		};
		E54D92560B0E2BC200F7E1FA /* AppCustomPDE.nib */ = {
			isa = PBXVariantGroup;
			children = (
				E54D92570B0E2BC200F7E1FA /* English */,
			);
			name = AppCustomPDE.nib;
			sourceTree = "<group>";
		};
		E54D92580B0E2BC200F7E1FA /* InfoPlist.strings */ = {
			isa = PBXVariantGroup;
			children = (
				E54D92590B0E2BC200F7E1FA /* English */,
			);
			name = InfoPlist.strings;
			sourceTree = "<group>";
		};
/* End PBXVariantGroup section */

/* Begin XCBuildConfiguration section */
		C0E91AC608A95435008D54AB /* Debug */ = {
			isa = XCBuildConfiguration;
			buildSettings = {
				COPY_PHASE_STRIP = NO;
				DEBUG_INFORMATION_FORMAT = dwarf;
				GCC_DYNAMIC_NO_PIC = NO;
				GCC_ENABLE_FIX_AND_CONTINUE = YES;
				GCC_MODEL_TUNING = G5;
				GCC_OPTIMIZATION_LEVEL = 0;
				GCC_PRECOMPILE_PREFIX_HEADER = YES;
				GCC_PREFIX_HEADER = CarbonPrintingSample_Prefix.pch;
				INFOPLIST_FILE = Info.plist;
				INSTALL_PATH = "$(HOME)/Applications";
				MACOSX_DEPLOYMENT_TARGET = 10.4;
				PRODUCT_NAME = CarbonPrintingSample;
				SDKROOT = /Developer/SDKs/MacOSX10.4u.sdk;
				WRAPPER_EXTENSION = app;
				ZERO_LINK = YES;
			};
			name = Debug;
		};
		C0E91AC708A95435008D54AB /* Release */ = {
			isa = XCBuildConfiguration;
			buildSettings = {
				ARCHS = (
					i386,
					ppc,
				);
				DEBUG_INFORMATION_FORMAT = "dwarf-with-dsym";
				GCC_GENERATE_DEBUGGING_SYMBOLS = NO;
				GCC_MODEL_TUNING = G5;
				GCC_PRECOMPILE_PREFIX_HEADER = YES;
				GCC_PREFIX_HEADER = CarbonPrintingSample_Prefix.pch;
				INFOPLIST_FILE = Info.plist;
				INSTALL_PATH = "$(HOME)/Applications";
				MACOSX_DEPLOYMENT_TARGET = 10.4;
				PRODUCT_NAME = CarbonPrintingSample;
				SDKROOT = /Developer/SDKs/MacOSX10.4u.sdk;
				WRAPPER_EXTENSION = app;
			};
			name = Release;
		};
		C0E91ACA08A95435008D54AB /* Debug */ = {
			isa = XCBuildConfiguration;
			buildSettings = {
				GCC_WARN_ABOUT_RETURN_TYPE = YES;
				GCC_WARN_UNUSED_VARIABLE = YES;
				PREBINDING = NO;
				SDKROOT = /Developer/SDKs/MacOSX10.5.sdk;
			};
			name = Debug;
		};
		C0E91ACB08A95435008D54AB /* Release */ = {
			isa = XCBuildConfiguration;
			buildSettings = {
				GCC_WARN_ABOUT_RETURN_TYPE = YES;
				GCC_WARN_UNUSED_VARIABLE = YES;
				PREBINDING = NO;
				SDKROOT = /Developer/SDKs/MacOSX10.5.sdk;
			};
			name = Release;
		};
		E54D92500B0E2B3D00F7E1FA /* Debug */ = {
			isa = XCBuildConfiguration;
			buildSettings = {
				COPY_PHASE_STRIP = NO;
				FRAMEWORK_SEARCH_PATHS = (
					"$(SYSTEM_LIBRARY_DIR)/Frameworks/ApplicationServices.framework/Frameworks",
					"$(SYSTEM_LIBRARY_DIR)/Frameworks/Carbon.framework/Frameworks",
				);
				GCC_DYNAMIC_NO_PIC = NO;
				GCC_ENABLE_FIX_AND_CONTINUE = YES;
				GCC_GENERATE_DEBUGGING_SYMBOLS = YES;
				GCC_MODEL_TUNING = G5;
				GCC_OPTIMIZATION_LEVEL = 0;
				GCC_PRECOMPILE_PREFIX_HEADER = YES;
				GCC_PREFIX_HEADER = "";
				HEADER_SEARCH_PATHS = "";
				INFOPLIST_FILE = AppCustomPDE/Info.plist;
				INSTALL_PATH = "$(HOME)/Library/Bundles";
				MACOSX_DEPLOYMENT_TARGET = 10.4;
				OTHER_LDFLAGS = "";
				PREBINDING = NO;
				PRODUCT_NAME = AppCustomPDE;
				SDKROOT = /Developer/SDKs/MacOSX10.4u.sdk;
				WRAPPER_EXTENSION = bundle;
				ZERO_LINK = NO;
			};
			name = Debug;
		};
		E54D92510B0E2B3D00F7E1FA /* Release */ = {
			isa = XCBuildConfiguration;
			buildSettings = {
				ARCHS = (
					i386,
					ppc,
				);
				COPY_PHASE_STRIP = YES;
				DEBUG_INFORMATION_FORMAT = "dwarf-with-dsym";
				FRAMEWORK_SEARCH_PATHS = (
					"$(SYSTEM_LIBRARY_DIR)/Frameworks/ApplicationServices.framework/Frameworks/",
					"$(SYSTEM_LIBRARY_DIR)/Frameworks/Carbon.framework/Frameworks",
				);
				GCC_ENABLE_FIX_AND_CONTINUE = NO;
				GCC_GENERATE_DEBUGGING_SYMBOLS = NO;
				GCC_MODEL_TUNING = G5;
				GCC_PRECOMPILE_PREFIX_HEADER = YES;
				GCC_PREFIX_HEADER = "";
				HEADER_SEARCH_PATHS = "";
				INFOPLIST_FILE = AppCustomPDE/Info.plist;
				INSTALL_PATH = "$(HOME)/Library/Bundles";
				MACOSX_DEPLOYMENT_TARGET = 10.4;
				OTHER_LDFLAGS = "";
				PREBINDING = NO;
				PRODUCT_NAME = AppCustomPDE;
				SDKROOT = /Developer/SDKs/MacOSX10.4u.sdk;
				WRAPPER_EXTENSION = bundle;
				ZERO_LINK = NO;
			};
			name = Release;
		};
/* End XCBuildConfiguration section */

/* Begin XCConfigurationList section */
		C0E91AC508A95435008D54AB /* Build configuration list for PBXNativeTarget "CarbonPrintingSample" */ = {
			isa = XCConfigurationList;
			buildConfigurations = (
				C0E91AC608A95435008D54AB /* Debug */,
				C0E91AC708A95435008D54AB /* Release */,
			);
			defaultConfigurationIsVisible = 0;
			defaultConfigurationName = Release;
		};
		C0E91AC908A95435008D54AB /* Build configuration list for PBXProject "CarbonPrintingSample" */ = {
			isa = XCConfigurationList;
			buildConfigurations = (
				C0E91ACA08A95435008D54AB /* Debug */,
				C0E91ACB08A95435008D54AB /* Release */,
			);
			defaultConfigurationIsVisible = 0;
			defaultConfigurationName = Release;
		};
		E54D924F0B0E2B3D00F7E1FA /* Build configuration list for PBXNativeTarget "AppCustomPDE" */ = {
			isa = XCConfigurationList;
			buildConfigurations = (
				E54D92500B0E2B3D00F7E1FA /* Debug */,
				E54D92510B0E2B3D00F7E1FA /* Release */,
			);
			defaultConfigurationIsVisible = 0;
			defaultConfigurationName = Release;
		};
/* End XCConfigurationList section */
	};
	rootObject = 20286C28FDCF999611CA2CEA /* Project object */;
}
