// !$*UTF8*$!
{
	archiveVersion = 1;
	classes = {
	};
	objectVersion = 34;
	objects = {
		00C46A65009E7A2F7F000001 = {
			children = (
				00C46A66009E7A2F7F000001,
				00C46A67009E7A2F7F000001,
				00C46A68009E7A2F7F000001,
				00C46A69009E7A2F7F000001,
				00C46A6A009E7A2F7F000001,
				00C46A6B009E7A2F7F000001,
				00C46A6C009E7A2F7F000001,
				00C46A6D009E7A2F7F000001,
				00C46A6E009E7A2F7F000001,
				00C46A6F009E7A2F7F000001,
				00C46A70009E7A2F7F000001,
				F55DEA0800A7188801000001,
			);
			isa = PBXGroup;
			name = "Completed Lab";
			path = "../Completed Lab";
			refType = 2;
		};
		00C46A66009E7A2F7F000001 = {
			isa = PBXFileReference;
			path = animsprite.c;
			refType = 4;
		};
		00C46A67009E7A2F7F000001 = {
			isa = PBXFileReference;
			path = animsprite.h;
			refType = 4;
		};
		00C46A68009E7A2F7F000001 = {
			isa = PBXFileReference;
			path = createsprites.c;
			refType = 4;
		};
		00C46A69009E7A2F7F000001 = {
			isa = PBXFileReference;
			path = createsprites.h;
			refType = 4;
		};
		00C46A6A009E7A2F7F000001 = {
			isa = PBXFileReference;
			path = DeskTopSprites.rsrc;
			refType = 4;
		};
		00C46A6B009E7A2F7F000001 = {
			isa = PBXFileReference;
			path = dispsprite.c;
			refType = 4;
		};
		00C46A6C009E7A2F7F000001 = {
			isa = PBXFileReference;
			path = dispsprite.h;
			refType = 4;
		};
		00C46A6D009E7A2F7F000001 = {
			isa = PBXFileReference;
			path = ImageCompressionUtilities.c;
			refType = 4;
		};
		00C46A6E009E7A2F7F000001 = {
			isa = PBXFileReference;
			path = ImageCompressionUtilities.h;
			refType = 4;
		};
		00C46A6F009E7A2F7F000001 = {
			isa = PBXFileReference;
			path = main.c;
			refType = 4;
		};
		00C46A70009E7A2F7F000001 = {
			isa = PBXFileReference;
			path = main.h;
			refType = 4;
		};
		00C46A71009E7A2F7F000001 = {
			isa = PBXFileReference;
			name = MacPrefix.h;
			path = ../MacPrefix.h;
			refType = 2;
		};
		00C46A72009E7A2F7F000001 = {
			fileRef = 00C46A67009E7A2F7F000001;
			isa = PBXBuildFile;
			settings = {
			};
		};
		00C46A73009E7A2F7F000001 = {
			fileRef = 00C46A69009E7A2F7F000001;
			isa = PBXBuildFile;
			settings = {
			};
		};
		00C46A74009E7A2F7F000001 = {
			fileRef = 00C46A6C009E7A2F7F000001;
			isa = PBXBuildFile;
			settings = {
			};
		};
		00C46A75009E7A2F7F000001 = {
			fileRef = 00C46A6E009E7A2F7F000001;
			isa = PBXBuildFile;
			settings = {
			};
		};
		00C46A76009E7A2F7F000001 = {
			fileRef = 00C46A70009E7A2F7F000001;
			isa = PBXBuildFile;
			settings = {
			};
		};
		00C46A77009E7A2F7F000001 = {
			fileRef = 00C46A71009E7A2F7F000001;
			isa = PBXBuildFile;
			settings = {
			};
		};
		00C46A78009E7A2F7F000001 = {
			fileRef = 00C46A66009E7A2F7F000001;
			isa = PBXBuildFile;
			settings = {
			};
		};
		00C46A79009E7A2F7F000001 = {
			fileRef = 00C46A68009E7A2F7F000001;
			isa = PBXBuildFile;
			settings = {
			};
		};
		00C46A7A009E7A2F7F000001 = {
			fileRef = 00C46A6B009E7A2F7F000001;
			isa = PBXBuildFile;
			settings = {
			};
		};
		00C46A7B009E7A2F7F000001 = {
			fileRef = 00C46A6D009E7A2F7F000001;
			isa = PBXBuildFile;
			settings = {
			};
		};
		00C46A7C009E7A2F7F000001 = {
			fileRef = 00C46A6F009E7A2F7F000001;
			isa = PBXBuildFile;
			settings = {
			};
		};
		00C46A7D009E7A2F7F000001 = {
			fileRef = 00C46A6A009E7A2F7F000001;
			isa = PBXBuildFile;
			settings = {
			};
		};
		00C46A7E009E7B037F000001 = {
			isa = PBXFrameworkReference;
			name = QuickTime.framework;
			path = /System/Library/Frameworks/QuickTime.framework;
			refType = 0;
		};
		00C46A7F009E7B037F000001 = {
			fileRef = 00C46A7E009E7B037F000001;
			isa = PBXBuildFile;
			settings = {
			};
		};
		00F44ECC00A0D74A7F000001 = {
			children = (
				00F44ECD00A0D74A7F000001,
				00F44ED000A0D74A7F000001,
				00F44ED400A0D74A7F000001,
				00F44ED600A0D74A7F000001,
			);
			isa = PBXGroup;
			name = Clippings;
			path = ../Clippings;
			refType = 2;
		};
		00F44ECD00A0D74A7F000001 = {
			children = (
				00F44ECE00A0D74A7F000001,
				00F44ECF00A0D74A7F000001,
			);
			isa = PBXGroup;
			path = animsprite.c;
			refType = 4;
		};
		00F44ECE00A0D74A7F000001 = {
			isa = PBXFileReference;
			path = SetSpriteImage.txt;
			refType = 4;
		};
		00F44ECF00A0D74A7F000001 = {
			isa = PBXFileReference;
			path = SetSpriteMatrix.txt;
			refType = 4;
		};
		00F44ED000A0D74A7F000001 = {
			children = (
				00F44ED100A0D74A7F000001,
				00F44ED200A0D74A7F000001,
				00F44ED300A0D74A7F000001,
			);
			isa = PBXGroup;
			path = createsprites.c;
			refType = 4;
		};
		00F44ED100A0D74A7F000001 = {
			isa = PBXFileReference;
			path = CreateSpriteLayerGWorld.txt;
			refType = 4;
		};
		00F44ED200A0D74A7F000001 = {
			isa = PBXFileReference;
			path = CreateSpriteWorld.txt;
			refType = 4;
		};
		00F44ED300A0D74A7F000001 = {
			isa = PBXFileReference;
			path = NewSprite.txt;
			refType = 4;
		};
		00F44ED400A0D74A7F000001 = {
			children = (
				00F44ED500A0D74A7F000001,
			);
			isa = PBXGroup;
			path = dispsprite.c;
			refType = 4;
		};
		00F44ED500A0D74A7F000001 = {
			isa = PBXFileReference;
			path = DisposeSprites.txt;
			refType = 4;
		};
		00F44ED600A0D74A7F000001 = {
			children = (
				00F44ED700A0D74A7F000001,
			);
			isa = PBXGroup;
			path = main.c;
			refType = 4;
		};
		00F44ED700A0D74A7F000001 = {
			isa = PBXFileReference;
			path = SpriteWorldIdle.txt;
			refType = 4;
		};
//000
//001
//002
//003
//004
//020
//021
//022
//023
//024
		0249A665FF388DC511CA2CEA = {
			isa = PBXApplicationReference;
			path = DesktopSpritesPB.app;
			refType = 3;
		};
		0249A669FF388E3911CA2CEA = {
			isa = PBXFileReference;
			name = "libstdc++.a";
			path = "/usr/lib/libstdc++.a";
			refType = 0;
		};
		0249A66AFF388E3911CA2CEA = {
			fileRef = 0249A669FF388E3911CA2CEA;
			isa = PBXBuildFile;
			settings = {
			};
		};
//020
//021
//022
//023
//024
//040
//041
//042
//043
//044
		04313892FE3035C9C02AAC07 = {
			buildActionMask = 2147483647;
			files = (
				00C46A7D009E7A2F7F000001,
				F55DEA0900A7188801000001,
			);
			isa = PBXRezBuildPhase;
			name = "ResourceManager Resources";
		};
//040
//041
//042
//043
//044
//050
//051
//052
//053
//054
		05952DFCFFF02D1B11CA0E50 = {
			buildRules = (
			);
			buildSettings = {
				COPY_PHASE_STRIP = NO;
				OPTIMIZATION_CFLAGS = "-O0";
			};
			isa = PBXBuildStyle;
			name = Development;
		};
		05952DFDFFF02D1B11CA0E50 = {
			buildRules = (
			);
			buildSettings = {
				COPY_PHASE_STRIP = YES;
			};
			isa = PBXBuildStyle;
			name = Deployment;
		};
//050
//051
//052
//053
//054
//190
//191
//192
//193
//194
		195DF8C9FE9D4F0611CA2CBB = {
			children = (
				0249A665FF388DC511CA2CEA,
			);
			isa = PBXGroup;
			name = Products;
			refType = 4;
		};
//190
//191
//192
//193
//194
//200
//201
//202
//203
//204
		20286C28FDCF999611CA2CEA = {
			buildStyles = (
				05952DFCFFF02D1B11CA0E50,
				05952DFDFFF02D1B11CA0E50,
			);
			isa = PBXProject;
			mainGroup = 20286C29FDCF999611CA2CEA;
			projectDirPath = "";
			targets = (
				20286C34FDCF999611CA2CEA,
			);
		};
		20286C29FDCF999611CA2CEA = {
			children = (
				F55DE9E100A36BDF01000001,
				00C46A71009E7A2F7F000001,
				00C46A65009E7A2F7F000001,
				00F44ECC00A0D74A7F000001,
				20286C2CFDCF999611CA2CEA,
				20286C32FDCF999611CA2CEA,
				195DF8C9FE9D4F0611CA2CBB,
			);
			isa = PBXGroup;
			name = DesktopSpritesPB;
			path = "";
			refType = 4;
		};
		20286C2CFDCF999611CA2CEA = {
			children = (
			);
			isa = PBXGroup;
			name = Resources;
			path = "";
			refType = 4;
		};
		20286C32FDCF999611CA2CEA = {
			children = (
				20286C33FDCF999611CA2CEA,
				0249A669FF388E3911CA2CEA,
				00C46A7E009E7B037F000001,
			);
			isa = PBXGroup;
			name = "External Frameworks and Libraries";
			path = "";
			refType = 4;
		};
		20286C33FDCF999611CA2CEA = {
			isa = PBXFrameworkReference;
			name = Carbon.framework;
			path = /System/Library/Frameworks/Carbon.framework;
			refType = 0;
		};
		20286C34FDCF999611CA2CEA = {
			buildPhases = (
				20286C35FDCF999611CA2CEA,
				20286C36FDCF999611CA2CEA,
				20286C38FDCF999611CA2CEA,
				20286C3BFDCF999611CA2CEA,
				04313892FE3035C9C02AAC07,
			);
			buildSettings = {
				FRAMEWORK_SEARCH_PATHS = "";
				HEADER_SEARCH_PATHS = "";
				INSTALL_PATH = "$(HOME)/Applications";
				LIBRARY_SEARCH_PATHS = "";
				OTHER_CFLAGS = "-I /Developer/Headers/FlatCarbon";
				OTHER_LDFLAGS = "";
				OTHER_REZFLAGS = "";
				PRODUCT_NAME = DesktopSpritesPB;
				SECTORDER_FLAGS = "";
				WARNING_CFLAGS = "-Wmost -Wno-four-char-constants -Wno-unknown-pragmas";
				WRAPPER_EXTENSION = app;
			};
			dependencies = (
			);
			isa = PBXApplicationTarget;
			name = DesktopSprites;
			productInstallPath = "$(HOME)/Applications";
			productName = DesktopSpritesPB;
			productReference = 0249A665FF388DC511CA2CEA;
			productSettingsXML = "<?xml version=\"1.0\" encoding=\"UTF-8\"?>
<!DOCTYPE plist SYSTEM \"file://localhost/System/Library/DTDs/PropertyList.dtd\">
<plist version=\"0.9\">
<dict>
	<key>CFBundleDevelopmentRegion</key>
	<string>English</string>
	<key>CFBundleExecutable</key>
	<string>DesktopSpritesPB</string>
	<key>CFBundleIconFile</key>
	<string></string>
	<key>CFBundleInfoDictionaryVersion</key>
	<string>6.0</string>
	<key>CFBundlePackageType</key>
	<string>APPL</string>
	<key>CFBundleSignature</key>
	<string>????</string>
	<key>CFBundleVersion</key>
	<string>0.1</string>
	<key>CSResourcesFileMapped</key>
	<true/>
</dict>
</plist>
";
			shouldUseHeadermap = 1;
		};
		20286C35FDCF999611CA2CEA = {
			buildActionMask = 2147483647;
			files = (
				00C46A72009E7A2F7F000001,
				00C46A73009E7A2F7F000001,
				00C46A74009E7A2F7F000001,
				00C46A75009E7A2F7F000001,
				00C46A76009E7A2F7F000001,
				00C46A77009E7A2F7F000001,
			);
			isa = PBXHeadersBuildPhase;
			name = Headers;
		};
		20286C36FDCF999611CA2CEA = {
			buildActionMask = 2147483647;
			files = (
			);
			isa = PBXResourcesBuildPhase;
			name = "Bundle Resources";
		};
		20286C38FDCF999611CA2CEA = {
			buildActionMask = 2147483647;
			files = (
				00C46A78009E7A2F7F000001,
				00C46A79009E7A2F7F000001,
				00C46A7A009E7A2F7F000001,
				00C46A7B009E7A2F7F000001,
				00C46A7C009E7A2F7F000001,
			);
			isa = PBXSourcesBuildPhase;
			name = Sources;
		};
		20286C3BFDCF999611CA2CEA = {
			buildActionMask = 2147483647;
			files = (
				20286C3CFDCF999611CA2CEA,
				0249A66AFF388E3911CA2CEA,
				00C46A7F009E7B037F000001,
			);
			isa = PBXFrameworksBuildPhase;
			name = "Frameworks & Libraries";
		};
		20286C3CFDCF999611CA2CEA = {
			fileRef = 20286C33FDCF999611CA2CEA;
			isa = PBXBuildFile;
			settings = {
			};
		};
//200
//201
//202
//203
//204
//F50
//F51
//F52
//F53
//F54
		F55DE9E100A36BDF01000001 = {
			children = (
				F55DE9E200A36BDF01000001,
				F55DE9E300A36BDF01000001,
				F55DE9E400A36BDF01000001,
				F55DE9E500A36BDF01000001,
				F55DE9E600A36BDF01000001,
			);
			isa = PBXGroup;
			name = "Start Code";
			path = "../Start Code";
			refType = 2;
		};
		F55DE9E200A36BDF01000001 = {
			isa = PBXFileReference;
			path = animsprite.c;
			refType = 4;
		};
		F55DE9E300A36BDF01000001 = {
			isa = PBXFileReference;
			path = createsprites.c;
			refType = 4;
		};
		F55DE9E400A36BDF01000001 = {
			isa = PBXFileReference;
			path = dispsprite.c;
			refType = 4;
		};
		F55DE9E500A36BDF01000001 = {
			isa = PBXFileReference;
			path = ImageCompressionUtilities.c;
			refType = 4;
		};
		F55DE9E600A36BDF01000001 = {
			isa = PBXFileReference;
			path = main.c;
			refType = 4;
		};
		F55DEA0800A7188801000001 = {
			isa = PBXFileReference;
			name = plist.rsrc;
			path = "../Completed Lab/plist.rsrc";
			refType = 2;
		};
		F55DEA0900A7188801000001 = {
			fileRef = F55DEA0800A7188801000001;
			isa = PBXBuildFile;
			settings = {
			};
		};
	};
	rootObject = 20286C28FDCF999611CA2CEA;
}
