// !$*UTF8*$!
{
	archiveVersion = 1;
	classes = {
	};
	objectVersion = 38;
	objects = {
		02345980000FD03B11CA0E72 = {
			children = (
				1870340FFE93FCAF11CA0CD7,
			);
			isa = PBXVariantGroup;
			name = main.nib;
			refType = 4;
		};
		02345981000FD03B11CA0E72 = {
			fileRef = 02345980000FD03B11CA0E72;
			isa = PBXBuildFile;
			settings = {
			};
		};
		0249A667FF388E1711CA2CEA = {
			isa = PBXApplicationReference;
			path = SplitView.app;
			refType = 3;
		};
		0249A66BFF388E3F11CA2CEA = {
			isa = PBXFileReference;
			name = "libstdc++.a";
			path = "/usr/lib/libstdc++.a";
			refType = 0;
		};
		0249A66CFF388E3F11CA2CEA = {
			fileRef = 0249A66BFF388E3F11CA2CEA;
			isa = PBXBuildFile;
			settings = {
			};
		};
//020
//021
//022
//023
//024
//040
//041
//042
//043
//044
		04313892FE3035C9C02AAC07 = {
			buildActionMask = 2147483647;
			files = (
			);
			isa = PBXRezBuildPhase;
			runOnlyForDeploymentPostprocessing = 0;
		};
//040
//041
//042
//043
//044
//080
//081
//082
//083
//084
		0867D6AAFE840B52C02AAC07 = {
			children = (
				0867D6ABFE840B52C02AAC07,
			);
			isa = PBXVariantGroup;
			name = InfoPlist.strings;
			refType = 4;
		};
		0867D6ABFE840B52C02AAC07 = {
			fileEncoding = 10;
			isa = PBXFileReference;
			name = English;
			path = English.lproj/InfoPlist.strings;
			refType = 4;
		};
		0867D6ACFE840B52C02AAC07 = {
			fileRef = 0867D6AAFE840B52C02AAC07;
			isa = PBXBuildFile;
			settings = {
			};
		};
//080
//081
//082
//083
//084
//180
//181
//182
//183
//184
		1870340FFE93FCAF11CA0CD7 = {
			isa = PBXFileReference;
			name = English;
			path = English.lproj/main.nib;
			refType = 4;
		};
//180
//181
//182
//183
//184
//190
//191
//192
//193
//194
		195DF8CFFE9D517E11CA2CBB = {
			children = (
				0249A667FF388E1711CA2CEA,
			);
			isa = PBXGroup;
			name = Products;
			refType = 4;
		};
//190
//191
//192
//193
//194
//200
//201
//202
//203
//204
		20286C28FDCF999611CA2CEA = {
			buildStyles = (
				4A9504C5FFE6A39111CA0CBA,
				4A9504C6FFE6A39111CA0CBA,
			);
			isa = PBXProject;
			mainGroup = 20286C29FDCF999611CA2CEA;
			projectDirPath = "";
			targets = (
				20286C34FDCF999611CA2CEA,
			);
		};
		20286C29FDCF999611CA2CEA = {
			children = (
				60338D32034E58810BCA0CB8,
				20286C2AFDCF999611CA2CEA,
				20286C2CFDCF999611CA2CEA,
				20286C32FDCF999611CA2CEA,
				195DF8CFFE9D517E11CA2CBB,
				60DED2FD030194D40BCA0CB8,
			);
			isa = PBXGroup;
			name = SplitView;
			path = "";
			refType = 4;
		};
		20286C2AFDCF999611CA2CEA = {
			children = (
				608F71A302F7582E0BCA0CB8,
				6067687102FB2AA10BCA0CB8,
				6067687202FB2AA10BCA0CB8,
				600136D502FF33C90BCA0CB8,
				600136D602FF33C90BCA0CB8,
			);
			isa = PBXGroup;
			name = Sources;
			path = "";
			refType = 4;
		};
		20286C2CFDCF999611CA2CEA = {
			children = (
				0867D6AAFE840B52C02AAC07,
				02345980000FD03B11CA0E72,
				60DED2A903007FBF0BCA0CB8,
			);
			isa = PBXGroup;
			name = Resources;
			path = "";
			refType = 4;
		};
		20286C32FDCF999611CA2CEA = {
			children = (
				20286C33FDCF999611CA2CEA,
				4A9504CAFFE6A41611CA0CBA,
				4A9504C8FFE6A3BC11CA0CBA,
				0249A66BFF388E3F11CA2CEA,
			);
			isa = PBXGroup;
			name = "External Frameworks and Libraries";
			path = "";
			refType = 4;
		};
		20286C33FDCF999611CA2CEA = {
			isa = PBXFrameworkReference;
			name = Carbon.framework;
			path = /System/Library/Frameworks/Carbon.framework;
			refType = 0;
		};
		20286C34FDCF999611CA2CEA = {
			buildPhases = (
				20286C35FDCF999611CA2CEA,
				20286C36FDCF999611CA2CEA,
				20286C38FDCF999611CA2CEA,
				20286C3BFDCF999611CA2CEA,
				04313892FE3035C9C02AAC07,
			);
			buildSettings = {
				FRAMEWORK_SEARCH_PATHS = "";
				HEADER_SEARCH_PATHS = "";
				INSTALL_PATH = "$(LOCAL_DEVELOPER_DIR)/Demos";
				LIBRARY_SEARCH_PATHS = "";
				OTHER_CFLAGS = "";
				OTHER_LDFLAGS = "";
				OTHER_REZFLAGS = "";
				PRODUCT_NAME = SplitView;
				SECTORDER_FLAGS = "";
				WARNING_CFLAGS = "-Wmost -Wno-four-char-constants -Wno-unknown-pragmas";
				WRAPPER_EXTENSION = app;
			};
			dependencies = (
			);
			isa = PBXApplicationTarget;
			name = SplitView;
			productInstallPath = "$(LOCAL_DEVELOPER_DIR)/Demos";
			productName = SplitView;
			productReference = 0249A667FF388E1711CA2CEA;
			productSettingsXML = "<?xml version=\"1.0\" encoding=\"UTF-8\"?>
<!DOCTYPE plist PUBLIC \"-//Apple Computer//DTD PLIST 1.0//EN\" \"http://www.apple.com/DTDs/PropertyList-1.0.dtd\">
<plist version=\"1.0\">
<dict>
	<key>CFBundleDevelopmentRegion</key>
	<string>English</string>
	<key>CFBundleExecutable</key>
	<string>SplitView</string>
	<key>CFBundleIconFile</key>
	<string></string>
	<key>CFBundleInfoDictionaryVersion</key>
	<string>6.0</string>
	<key>CFBundlePackageType</key>
	<string>APPL</string>
	<key>CFBundleSignature</key>
	<string>????</string>
	<key>CFBundleVersion</key>
	<string>0.1</string>
	<key>CSResourcesFileMapped</key>
	<true/>
</dict>
</plist>
";
			shouldUseHeadermap = 1;
		};
		20286C35FDCF999611CA2CEA = {
			buildActionMask = 2147483647;
			files = (
				60B8C02702F9E9330BCA0CB8,
				60B8C02902F9E9330BCA0CB8,
				6067687402FB2AA10BCA0CB8,
				600136D802FF33C90BCA0CB8,
				608B18D203062AAE0B0E99A4,
			);
			isa = PBXHeadersBuildPhase;
			runOnlyForDeploymentPostprocessing = 0;
		};
		20286C36FDCF999611CA2CEA = {
			buildActionMask = 2147483647;
			files = (
				0867D6ACFE840B52C02AAC07,
				02345981000FD03B11CA0E72,
				60DED2B203007FBF0BCA0CB8,
				60DED2B303007FBF0BCA0CB8,
				60DED2B403007FBF0BCA0CB8,
				60DED2B503007FBF0BCA0CB8,
				60DED2B603007FBF0BCA0CB8,
				60DED2B703007FBF0BCA0CB8,
				60DED2B803007FBF0BCA0CB8,
				60DED2B903007FBF0BCA0CB8,
				60338D33034E58810BCA0CB8,
			);
			isa = PBXResourcesBuildPhase;
			runOnlyForDeploymentPostprocessing = 0;
		};
		20286C38FDCF999611CA2CEA = {
			buildActionMask = 2147483647;
			files = (
				60B8C02602F9E9330BCA0CB8,
				60B8C02802F9E9330BCA0CB8,
				6067687302FB2AA10BCA0CB8,
				600136D702FF33C90BCA0CB8,
				608B18D303062AAE0B0E99A4,
				600B883F0308DCA60B47B6B3,
			);
			isa = PBXSourcesBuildPhase;
			runOnlyForDeploymentPostprocessing = 0;
		};
		20286C3BFDCF999611CA2CEA = {
			buildActionMask = 2147483647;
			files = (
				20286C3CFDCF999611CA2CEA,
				0249A66CFF388E3F11CA2CEA,
			);
			isa = PBXFrameworksBuildPhase;
			runOnlyForDeploymentPostprocessing = 0;
		};
		20286C3CFDCF999611CA2CEA = {
			fileRef = 20286C33FDCF999611CA2CEA;
			isa = PBXBuildFile;
			settings = {
			};
		};
//200
//201
//202
//203
//204
//4A0
//4A1
//4A2
//4A3
//4A4
		4A9504C5FFE6A39111CA0CBA = {
			buildRules = (
			);
			buildSettings = {
				COPY_PHASE_STRIP = NO;
				OPTIMIZATION_CFLAGS = "-O0";
				OTHER_CFLAGS = "-DDEBUG";
			};
			isa = PBXBuildStyle;
			name = Development;
		};
		4A9504C6FFE6A39111CA0CBA = {
			buildRules = (
			);
			buildSettings = {
				COPY_PHASE_STRIP = YES;
			};
			isa = PBXBuildStyle;
			name = Deployment;
		};
		4A9504C8FFE6A3BC11CA0CBA = {
			isa = PBXFrameworkReference;
			name = ApplicationServices.framework;
			path = /System/Library/Frameworks/ApplicationServices.framework;
			refType = 0;
		};
		4A9504CAFFE6A41611CA0CBA = {
			isa = PBXFrameworkReference;
			name = CoreServices.framework;
			path = /System/Library/Frameworks/CoreServices.framework;
			refType = 0;
		};
//4A0
//4A1
//4A2
//4A3
//4A4
//600
//601
//602
//603
//604
		600136D502FF33C90BCA0CB8 = {
			isa = PBXFileReference;
			name = TClockView.cp;
			path = ../ClockView/TClockView.cp;
			refType = 2;
		};
		600136D602FF33C90BCA0CB8 = {
			isa = PBXFileReference;
			name = TClockView.h;
			path = ../ClockView/TClockView.h;
			refType = 2;
		};
		600136D702FF33C90BCA0CB8 = {
			fileRef = 600136D502FF33C90BCA0CB8;
			isa = PBXBuildFile;
			settings = {
			};
		};
		600136D802FF33C90BCA0CB8 = {
			fileRef = 600136D602FF33C90BCA0CB8;
			isa = PBXBuildFile;
			settings = {
			};
		};
		600B883F0308DCA60B47B6B3 = {
			fileRef = 608F71A302F7582E0BCA0CB8;
			isa = PBXBuildFile;
			settings = {
			};
		};
		60338D32034E58810BCA0CB8 = {
			isa = PBXFileReference;
			path = README.rtf;
			refType = 4;
		};
		60338D33034E58810BCA0CB8 = {
			fileRef = 60338D32034E58810BCA0CB8;
			isa = PBXBuildFile;
			settings = {
			};
		};
		6067687102FB2AA10BCA0CB8 = {
			isa = PBXFileReference;
			path = SplitView.cp;
			refType = 4;
		};
		6067687202FB2AA10BCA0CB8 = {
			isa = PBXFileReference;
			path = SplitView.h;
			refType = 4;
		};
		6067687302FB2AA10BCA0CB8 = {
			fileRef = 6067687102FB2AA10BCA0CB8;
			isa = PBXBuildFile;
			settings = {
			};
		};
		6067687402FB2AA10BCA0CB8 = {
			fileRef = 6067687202FB2AA10BCA0CB8;
			isa = PBXBuildFile;
			settings = {
			};
		};
		608B18D003062AAE0B0E99A4 = {
			isa = PBXFileReference;
			name = TRect.h;
			path = ../HIFramework/TRect.h;
			refType = 2;
		};
		608B18D103062AAE0B0E99A4 = {
			isa = PBXFileReference;
			name = TRect.cp;
			path = ../HIFramework/TRect.cp;
			refType = 2;
		};
		608B18D203062AAE0B0E99A4 = {
			fileRef = 608B18D003062AAE0B0E99A4;
			isa = PBXBuildFile;
			settings = {
			};
		};
		608B18D303062AAE0B0E99A4 = {
			fileRef = 608B18D103062AAE0B0E99A4;
			isa = PBXBuildFile;
			settings = {
			};
		};
		608F71A302F7582E0BCA0CB8 = {
			isa = PBXFileReference;
			path = main.cp;
			refType = 4;
		};
		60B8C02202F9E9330BCA0CB8 = {
			isa = PBXFileReference;
			name = TCarbonEvent.cp;
			path = ../HIFramework/TCarbonEvent.cp;
			refType = 2;
		};
		60B8C02302F9E9330BCA0CB8 = {
			isa = PBXFileReference;
			name = TCarbonEvent.h;
			path = ../HIFramework/TCarbonEvent.h;
			refType = 2;
		};
		60B8C02402F9E9330BCA0CB8 = {
			isa = PBXFileReference;
			name = TView.cp;
			path = ../HIFramework/TView.cp;
			refType = 2;
		};
		60B8C02502F9E9330BCA0CB8 = {
			isa = PBXFileReference;
			name = TView.h;
			path = ../HIFramework/TView.h;
			refType = 2;
		};
		60B8C02602F9E9330BCA0CB8 = {
			fileRef = 60B8C02202F9E9330BCA0CB8;
			isa = PBXBuildFile;
			settings = {
			};
		};
		60B8C02702F9E9330BCA0CB8 = {
			fileRef = 60B8C02302F9E9330BCA0CB8;
			isa = PBXBuildFile;
			settings = {
			};
		};
		60B8C02802F9E9330BCA0CB8 = {
			fileRef = 60B8C02402F9E9330BCA0CB8;
			isa = PBXBuildFile;
			settings = {
			};
		};
		60B8C02902F9E9330BCA0CB8 = {
			fileRef = 60B8C02502F9E9330BCA0CB8;
			isa = PBXBuildFile;
			settings = {
			};
		};
		60DED2A903007FBF0BCA0CB8 = {
			children = (
				60DED2AA03007FBF0BCA0CB8,
				60DED2AB03007FBF0BCA0CB8,
				60DED2AC03007FBF0BCA0CB8,
				60DED2AD03007FBF0BCA0CB8,
				60DED2AE03007FBF0BCA0CB8,
				60DED2AF03007FBF0BCA0CB8,
				60DED2B003007FBF0BCA0CB8,
				60DED2B103007FBF0BCA0CB8,
			);
			isa = PBXGroup;
			path = Images;
			refType = 4;
		};
		60DED2AA03007FBF0BCA0CB8 = {
			isa = PBXFileReference;
			path = HRidges.png;
			refType = 4;
		};
		60DED2AB03007FBF0BCA0CB8 = {
			isa = PBXFileReference;
			path = HRidgesDisabled.png;
			refType = 4;
		};
		60DED2AC03007FBF0BCA0CB8 = {
			isa = PBXFileReference;
			path = HSplitter.png;
			refType = 4;
		};
		60DED2AD03007FBF0BCA0CB8 = {
			isa = PBXFileReference;
			path = HSplitterDisabled.png;
			refType = 4;
		};
		60DED2AE03007FBF0BCA0CB8 = {
			isa = PBXFileReference;
			path = VRidges.png;
			refType = 4;
		};
		60DED2AF03007FBF0BCA0CB8 = {
			isa = PBXFileReference;
			path = VRidgesDisabled.png;
			refType = 4;
		};
		60DED2B003007FBF0BCA0CB8 = {
			isa = PBXFileReference;
			path = VSplitter.png;
			refType = 4;
		};
		60DED2B103007FBF0BCA0CB8 = {
			isa = PBXFileReference;
			path = VSplitterDisabled.png;
			refType = 4;
		};
		60DED2B203007FBF0BCA0CB8 = {
			fileRef = 60DED2AA03007FBF0BCA0CB8;
			isa = PBXBuildFile;
			settings = {
			};
		};
		60DED2B303007FBF0BCA0CB8 = {
			fileRef = 60DED2AB03007FBF0BCA0CB8;
			isa = PBXBuildFile;
			settings = {
			};
		};
		60DED2B403007FBF0BCA0CB8 = {
			fileRef = 60DED2AC03007FBF0BCA0CB8;
			isa = PBXBuildFile;
			settings = {
			};
		};
		60DED2B503007FBF0BCA0CB8 = {
			fileRef = 60DED2AD03007FBF0BCA0CB8;
			isa = PBXBuildFile;
			settings = {
			};
		};
		60DED2B603007FBF0BCA0CB8 = {
			fileRef = 60DED2AE03007FBF0BCA0CB8;
			isa = PBXBuildFile;
			settings = {
			};
		};
		60DED2B703007FBF0BCA0CB8 = {
			fileRef = 60DED2AF03007FBF0BCA0CB8;
			isa = PBXBuildFile;
			settings = {
			};
		};
		60DED2B803007FBF0BCA0CB8 = {
			fileRef = 60DED2B003007FBF0BCA0CB8;
			isa = PBXBuildFile;
			settings = {
			};
		};
		60DED2B903007FBF0BCA0CB8 = {
			fileRef = 60DED2B103007FBF0BCA0CB8;
			isa = PBXBuildFile;
			settings = {
			};
		};
		60DED2FD030194D40BCA0CB8 = {
			children = (
				60B8C02202F9E9330BCA0CB8,
				60B8C02302F9E9330BCA0CB8,
				60B8C02402F9E9330BCA0CB8,
				60B8C02502F9E9330BCA0CB8,
				608B18D003062AAE0B0E99A4,
				608B18D103062AAE0B0E99A4,
			);
			isa = PBXGroup;
			name = HIFramework;
			refType = 4;
		};
	};
	rootObject = 20286C28FDCF999611CA2CEA;
}
