// !$*UTF8*$!
{
	archiveVersion = 1;
	classes = {
	};
	objectVersion = 42;
	objects = {

/* Begin PBXApplicationTarget section */
		84B3128209D8B477004A1135 /* BlockedEventQueue */ = {
			isa = PBXApplicationTarget;
			buildConfigurationList = 84B3128509D8B486004A1135 /* Build configuration list for PBXApplicationTarget "BlockedEventQueue" */;
			buildPhases = (
				84B3127E09D8B477004A1135 /* Sources */,
				84B3127F09D8B477004A1135 /* Resources */,
				84B3128009D8B477004A1135 /* JavaArchive */,
				84B3128109D8B477004A1135 /* Frameworks */,
			);
			buildSettings = {
				JAVA_COMPILER = /usr/bin/javac;
				JAVA_COMPILER_FLAGS = "";
				JAVA_ONLY = YES;
				JAVA_SOURCE_SUBDIR = .;
				OPTIMIZATION_CFLAGS = "";
				OTHER_CFLAGS = "";
				OTHER_LDFLAGS = "";
				OTHER_REZFLAGS = "";
				PRODUCT_NAME = BlockedEventQueue;
				SECTORDER_FLAGS = "";
				WARNING_CFLAGS = (
					"-Wmost",
					"-Wno-four-char-constants",
					"-Wno-unknown-pragmas",
				);
				WRAPPER_EXTENSION = app;
			};
			dependencies = (
			);
			name = BlockedEventQueue;
			productInstallPath = "$(USER_APPS_DIR)";
			productName = BlockedEventQueue;
			productReference = 84B3128309D8B477004A1135 /* BlockedEventQueue.app */;
			productSettingsXML = "<?xml version=\"1.0\" encoding=\"UTF-8\"?>
<!DOCTYPE plist PUBLIC \"-//Apple Computer//DTD PLIST 1.0//EN\" \"http://www.apple.com/DTDs/PropertyList-1.0.dtd\">
<plist version=\"1.0\">
<dict>
	<key>CFBundleDevelopmentRegion</key>
	<string>English</string>
	<key>CFBundleExecutable</key>
	<string>BlockedEventQueue</string>
	<key>CFBundleGetInfoString</key>
	<string>1.1</string>
	<key>CFBundleIconFile</key>
	<string>BlockedEventQueue.icns</string>
	<key>CFBundleIdentifier</key>
	<string>apple.dts.samplecode.BlockedEventQueue</string>
	<key>CFBundleInfoDictionaryVersion</key>
	<string>6.0</string>
	<key>CFBundleName</key>
	<string>Blocked Event Queue</string>
	<key>CFBundlePackageType</key>
	<string>APPL</string>
	<key>CFBundleShortVersionString</key>
	<string>1.1</string>
	<key>CFBundleSignature</key>
	<string>????</string>
	<key>CFBundleVersion</key>
	<string>110</string>
	<key>Java</key>
	<dict>
		<key>ClassPath</key>
		<array>
			<string>$JAVAROOT/BlockedEventQueue.jar</string>
		</array>
		<key>JVMVersion</key>
		<string>1.4+</string>
		<key>MainClass</key>
		<string>BlockedEventQueue</string>
	</dict>
</dict>
</plist>
";
		};
/* End PBXApplicationTarget section */

/* Begin PBXBuildFile section */
		84B312A709D8B4FC004A1135 /* BlockedEventQueue.java in Sources */ = {isa = PBXBuildFile; fileRef = 010341B7FEEF030011DB9C8B /* BlockedEventQueue.java */; };
		84DE712A09D8C3FF0058E834 /* BlockedEventQueue.icns in Resources */ = {isa = PBXBuildFile; fileRef = 84DE712909D8C3FF0058E834 /* BlockedEventQueue.icns */; };
/* End PBXBuildFile section */

/* Begin PBXBuildStyle section */
		130F8B95001BDF0A11CA292A /* Development */ = {
			isa = PBXBuildStyle;
			buildSettings = {
				COPY_PHASE_STRIP = NO;
				GCC_DYNAMIC_NO_PIC = NO;
				GCC_ENABLE_FIX_AND_CONTINUE = YES;
				GCC_GENERATE_DEBUGGING_SYMBOLS = YES;
				GCC_OPTIMIZATION_LEVEL = 0;
				ZERO_LINK = YES;
			};
			name = Development;
		};
		130F8B96001BDF0A11CA292A /* Deployment */ = {
			isa = PBXBuildStyle;
			buildSettings = {
				COPY_PHASE_STRIP = YES;
				GCC_ENABLE_FIX_AND_CONTINUE = NO;
				ZERO_LINK = NO;
			};
			name = Deployment;
		};
/* End PBXBuildStyle section */

/* Begin PBXFileReference section */
		010341B7FEEF030011DB9C8B /* BlockedEventQueue.java */ = {isa = PBXFileReference; fileEncoding = 4; lastKnownFileType = sourcecode.java; path = BlockedEventQueue.java; sourceTree = "<group>"; };
		6A8008AE02C7B68F0CC91562 /* Manifest */ = {isa = PBXFileReference; fileEncoding = 4; lastKnownFileType = text; path = Manifest; sourceTree = "<group>"; };
		84B3128309D8B477004A1135 /* BlockedEventQueue.app */ = {isa = PBXFileReference; explicitFileType = wrapper.application; includeInIndex = 0; path = BlockedEventQueue.app; sourceTree = BUILT_PRODUCTS_DIR; };
		84DE712909D8C3FF0058E834 /* BlockedEventQueue.icns */ = {isa = PBXFileReference; lastKnownFileType = image.icns; path = BlockedEventQueue.icns; sourceTree = "<group>"; };
/* End PBXFileReference section */

/* Begin PBXFrameworksBuildPhase section */
		84B3128109D8B477004A1135 /* Frameworks */ = {
			isa = PBXFrameworksBuildPhase;
			buildActionMask = 2147483647;
			files = (
			);
			runOnlyForDeploymentPostprocessing = 0;
		};
/* End PBXFrameworksBuildPhase section */

/* Begin PBXGroup section */
		00E6828FFEC88D1A11DB9C8B = {
			isa = PBXGroup;
			children = (
				010341B7FEEF030011DB9C8B /* BlockedEventQueue.java */,
				84DE712909D8C3FF0058E834 /* BlockedEventQueue.icns */,
				6A8008AE02C7B68F0CC91562 /* Manifest */,
				0120612AFEC8923411DB9C8B /* Products */,
			);
			sourceTree = "<group>";
		};
		0120612AFEC8923411DB9C8B /* Products */ = {
			isa = PBXGroup;
			children = (
				84B3128309D8B477004A1135 /* BlockedEventQueue.app */,
			);
			name = Products;
			sourceTree = "<group>";
		};
/* End PBXGroup section */

/* Begin PBXJavaArchiveBuildPhase section */
		84B3128009D8B477004A1135 /* JavaArchive */ = {
			isa = PBXJavaArchiveBuildPhase;
			buildActionMask = 2147483647;
			files = (
			);
			runOnlyForDeploymentPostprocessing = 0;
		};
/* End PBXJavaArchiveBuildPhase section */

/* Begin PBXProject section */
		00E6828EFEC88D1A11DB9C8B /* Project object */ = {
			isa = PBXProject;
			buildConfigurationList = 84B3126A09D8B3F5004A1135 /* Build configuration list for PBXProject "BlockedEventQueue" */;
			buildSettings = {
			};
			buildStyles = (
				130F8B95001BDF0A11CA292A /* Development */,
				130F8B96001BDF0A11CA292A /* Deployment */,
			);
			hasScannedForEncodings = 1;
			mainGroup = 00E6828FFEC88D1A11DB9C8B;
			productRefGroup = 0120612AFEC8923411DB9C8B /* Products */;
			projectDirPath = "";
			targets = (
				84B3128209D8B477004A1135 /* BlockedEventQueue */,
			);
		};
/* End PBXProject section */

/* Begin PBXResourcesBuildPhase section */
		84B3127F09D8B477004A1135 /* Resources */ = {
			isa = PBXResourcesBuildPhase;
			buildActionMask = 2147483647;
			files = (
				84DE712A09D8C3FF0058E834 /* BlockedEventQueue.icns in Resources */,
			);
			runOnlyForDeploymentPostprocessing = 0;
		};
/* End PBXResourcesBuildPhase section */

/* Begin PBXSourcesBuildPhase section */
		84B3127E09D8B477004A1135 /* Sources */ = {
			isa = PBXSourcesBuildPhase;
			buildActionMask = 2147483647;
			files = (
				84B312A709D8B4FC004A1135 /* BlockedEventQueue.java in Sources */,
			);
			runOnlyForDeploymentPostprocessing = 0;
		};
/* End PBXSourcesBuildPhase section */

/* Begin XCBuildConfiguration section */
		84B3126B09D8B3F5004A1135 /* Development */ = {
			isa = XCBuildConfiguration;
			buildSettings = {
			};
			name = Development;
		};
		84B3126C09D8B3F5004A1135 /* Deployment */ = {
			isa = XCBuildConfiguration;
			buildSettings = {
			};
			name = Deployment;
		};
		84B3126D09D8B3F5004A1135 /* Default */ = {
			isa = XCBuildConfiguration;
			buildSettings = {
			};
			name = Default;
		};
		84B3128609D8B486004A1135 /* Development */ = {
			isa = XCBuildConfiguration;
			buildSettings = {
				COPY_PHASE_STRIP = NO;
				GCC_DYNAMIC_NO_PIC = NO;
				GCC_GENERATE_DEBUGGING_SYMBOLS = YES;
				GCC_OPTIMIZATION_LEVEL = 0;
				JAVA_COMPILER = /usr/bin/javac;
				JAVA_COMPILER_SOURCE_VERSION = 1.4;
				JAVA_COMPILER_TARGET_VM_VERSION = 1.4;
				JAVA_ONLY = YES;
				JAVA_SOURCE_SUBDIR = .;
				OPTIMIZATION_CFLAGS = "-O0";
				OTHER_CFLAGS = "";
				OTHER_LDFLAGS = "";
				OTHER_REZFLAGS = "";
				PRODUCT_NAME = BlockedEventQueue;
				SECTORDER_FLAGS = "";
				WARNING_CFLAGS = (
					"-Wmost",
					"-Wno-four-char-constants",
					"-Wno-unknown-pragmas",
				);
				WRAPPER_EXTENSION = app;
			};
			name = Development;
		};
		84B3128709D8B486004A1135 /* Deployment */ = {
			isa = XCBuildConfiguration;
			buildSettings = {
				COPY_PHASE_STRIP = YES;
				GCC_ENABLE_FIX_AND_CONTINUE = NO;
				GCC_GENERATE_DEBUGGING_SYMBOLS = NO;
				JAVA_COMPILER = /usr/bin/javac;
				JAVA_ONLY = YES;
				JAVA_SOURCE_SUBDIR = .;
				OPTIMIZATION_CFLAGS = "-O0";
				OTHER_CFLAGS = "";
				OTHER_LDFLAGS = "";
				OTHER_REZFLAGS = "";
				PRODUCT_NAME = BlockedEventQueue;
				SECTORDER_FLAGS = "";
				WARNING_CFLAGS = (
					"-Wmost",
					"-Wno-four-char-constants",
					"-Wno-unknown-pragmas",
				);
				WRAPPER_EXTENSION = app;
				ZERO_LINK = NO;
			};
			name = Deployment;
		};
		84B3128809D8B486004A1135 /* Default */ = {
			isa = XCBuildConfiguration;
			buildSettings = {
				JAVA_COMPILER = /usr/bin/javac;
				JAVA_ONLY = YES;
				JAVA_SOURCE_SUBDIR = .;
				OPTIMIZATION_CFLAGS = "-O0";
				OTHER_CFLAGS = "";
				OTHER_LDFLAGS = "";
				OTHER_REZFLAGS = "";
				PRODUCT_NAME = BlockedEventQueue;
				SECTORDER_FLAGS = "";
				WARNING_CFLAGS = (
					"-Wmost",
					"-Wno-four-char-constants",
					"-Wno-unknown-pragmas",
				);
				WRAPPER_EXTENSION = app;
			};
			name = Default;
		};
/* End XCBuildConfiguration section */

/* Begin XCConfigurationList section */
		84B3126A09D8B3F5004A1135 /* Build configuration list for PBXProject "BlockedEventQueue" */ = {
			isa = XCConfigurationList;
			buildConfigurations = (
				84B3126B09D8B3F5004A1135 /* Development */,
				84B3126C09D8B3F5004A1135 /* Deployment */,
				84B3126D09D8B3F5004A1135 /* Default */,
			);
			defaultConfigurationIsVisible = 0;
			defaultConfigurationName = Default;
		};
		84B3128509D8B486004A1135 /* Build configuration list for PBXApplicationTarget "BlockedEventQueue" */ = {
			isa = XCConfigurationList;
			buildConfigurations = (
				84B3128609D8B486004A1135 /* Development */,
				84B3128709D8B486004A1135 /* Deployment */,
				84B3128809D8B486004A1135 /* Default */,
			);
			defaultConfigurationIsVisible = 0;
			defaultConfigurationName = Default;
		};
/* End XCConfigurationList section */
	};
	rootObject = 00E6828EFEC88D1A11DB9C8B /* Project object */;
}
