// !$*UTF8*$!
{
	archiveVersion = 1;
	classes = {
	};
	objectVersion = 34;
	objects = {
		0249A665FF388DC511CA2CEA = {
			isa = PBXApplicationReference;
			path = OpenMovieFromDataRef.app;
			refType = 3;
		};
		0249A669FF388E3911CA2CEA = {
			isa = PBXFileReference;
			name = "libstdc++.a";
			path = "/usr/lib/libstdc++.a";
			refType = 0;
		};
		0249A66AFF388E3911CA2CEA = {
			fileRef = 0249A669FF388E3911CA2CEA;
			isa = PBXBuildFile;
			settings = {
			};
		};
//020
//021
//022
//023
//024
//040
//041
//042
//043
//044
		04313892FE3035C9C02AAC07 = {
			buildActionMask = 2147483647;
			files = (
				67C96765009F5DD105000001,
				67C96773009F5EBB05000001,
			);
			isa = PBXRezBuildPhase;
			name = "ResourceManager Resources";
		};
//040
//041
//042
//043
//044
//050
//051
//052
//053
//054
		05952DFCFFF02D1B11CA0E50 = {
			buildRules = (
			);
			buildSettings = {
				COPY_PHASE_STRIP = NO;
				OPTIMIZATION_CFLAGS = "-O0";
			};
			isa = PBXBuildStyle;
			name = Development;
		};
		05952DFDFFF02D1B11CA0E50 = {
			buildRules = (
			);
			buildSettings = {
				COPY_PHASE_STRIP = YES;
			};
			isa = PBXBuildStyle;
			name = Deployment;
		};
//050
//051
//052
//053
//054
//080
//081
//082
//083
//084
		0867D6AAFE840B52C02AAC07 = {
			children = (
				0867D6ABFE840B52C02AAC07,
			);
			isa = PBXVariantGroup;
			name = InfoPlist.strings;
			path = "";
			refType = 2;
		};
		0867D6ABFE840B52C02AAC07 = {
			fileEncoding = 10;
			isa = PBXFileReference;
			name = English;
			path = English.lproj/InfoPlist.strings;
			refType = 4;
		};
		0867D6ACFE840B52C02AAC07 = {
			fileRef = 0867D6AAFE840B52C02AAC07;
			isa = PBXBuildFile;
			settings = {
			};
		};
//080
//081
//082
//083
//084
//190
//191
//192
//193
//194
		195DF8C9FE9D4F0611CA2CBB = {
			children = (
				0249A665FF388DC511CA2CEA,
			);
			isa = PBXGroup;
			name = Products;
			refType = 4;
		};
//190
//191
//192
//193
//194
//200
//201
//202
//203
//204
		20286C28FDCF999611CA2CEA = {
			buildStyles = (
				05952DFCFFF02D1B11CA0E50,
				05952DFDFFF02D1B11CA0E50,
			);
			isa = PBXProject;
			mainGroup = 20286C29FDCF999611CA2CEA;
			projectDirPath = "";
			targets = (
				20286C34FDCF999611CA2CEA,
			);
		};
		20286C29FDCF999611CA2CEA = {
			children = (
				67C9675B009F5D0505000001,
				67C9675C009F5D0505000001,
				67C9675A009F5D0505000001,
				67C9675D009F5D2105000001,
				20286C2CFDCF999611CA2CEA,
				20286C32FDCF999611CA2CEA,
				195DF8C9FE9D4F0611CA2CBB,
			);
			isa = PBXGroup;
			name = PlayMovie;
			path = "";
			refType = 4;
		};
		20286C2CFDCF999611CA2CEA = {
			children = (
				67C96772009F5EBB05000001,
				67C96764009F5DD105000001,
				676557BC00A1D39505000001,
				0867D6AAFE840B52C02AAC07,
			);
			isa = PBXGroup;
			name = Resources;
			path = "";
			refType = 4;
		};
		20286C32FDCF999611CA2CEA = {
			children = (
				20286C33FDCF999611CA2CEA,
				0249A669FF388E3911CA2CEA,
				67C96774009F60E005000001,
			);
			isa = PBXGroup;
			name = "External Frameworks and Libraries";
			path = "";
			refType = 4;
		};
		20286C33FDCF999611CA2CEA = {
			isa = PBXFrameworkReference;
			name = Carbon.framework;
			path = /System/Library/Frameworks/Carbon.framework;
			refType = 0;
		};
		20286C34FDCF999611CA2CEA = {
			buildPhases = (
				20286C35FDCF999611CA2CEA,
				20286C36FDCF999611CA2CEA,
				20286C38FDCF999611CA2CEA,
				20286C3BFDCF999611CA2CEA,
				04313892FE3035C9C02AAC07,
			);
			buildSettings = {
				FRAMEWORK_SEARCH_PATHS = "";
				HEADER_SEARCH_PATHS = "";
				IMPLICITLY_INCLUDED_HEADERS = "\"../Common Files/MacPrefix.h\"";
				LIBRARY_SEARCH_PATHS = "";
				OTHER_CFLAGS = "-I/Developer/Headers/FlatCarbon \"-xc++\"";
				OTHER_LDFLAGS = "";
				OTHER_REZFLAGS = "";
				PRODUCT_NAME = OpenMovieFromDataRef;
				SECTORDER_FLAGS = "";
				WARNING_CFLAGS = "-Wno-four-char-constants -Wno-unknown-pragmas";
				WRAPPER_EXTENSION = app;
			};
			dependencies = (
			);
			isa = PBXApplicationTarget;
			name = OpenMovieFromDataRef;
			productName = PlayMovie;
			productReference = 0249A665FF388DC511CA2CEA;
			productSettingsXML = "<?xml version=\"1.0\" encoding=\"UTF-8\"?>
<!DOCTYPE plist SYSTEM \"file://localhost/System/Library/DTDs/PropertyList.dtd\">
<plist version=\"0.9\">
<dict>
	<key>CFBundleDevelopmentRegion</key>
	<string>English</string>
	<key>CFBundleExecutable</key>
	<string>OpenMovieFromDataRef</string>
	<key>CFBundleGetInfoString</key>
	<string>1.0, Copyright 1999-2001 Apple Computer, Inc.</string>
	<key>CFBundleIconFile</key>
	<string>Icon.icns</string>
	<key>CFBundleIdentifier</key>
	<string>com.apple.OpenMovieFromDataRef</string>
	<key>CFBundleInfoDictionaryVersion</key>
	<string>6.0</string>
	<key>CFBundleName</key>
	<string>OpenMovieFromDataRef</string>
	<key>CFBundlePackageType</key>
	<string>APPL</string>
	<key>CFBundleShortVersionString</key>
	<string>1.0</string>
	<key>CFBundleSignature</key>
	<string>????</string>
	<key>CFBundleVersion</key>
	<string>1.0</string>
	<key>CSResourcesFileMapped</key>
	<true/>
</dict>
</plist>
";
			shouldUseHeadermap = 1;
		};
		20286C35FDCF999611CA2CEA = {
			buildActionMask = 2147483647;
			files = (
			);
			isa = PBXHeadersBuildPhase;
			name = Headers;
		};
		20286C36FDCF999611CA2CEA = {
			buildActionMask = 2147483647;
			files = (
				0867D6ACFE840B52C02AAC07,
				676557BD00A1D39505000001,
			);
			isa = PBXResourcesBuildPhase;
			name = "Bundle Resources";
		};
		20286C38FDCF999611CA2CEA = {
			buildActionMask = 2147483647;
			files = (
				67C96761009F5DC405000001,
				67C96762009F5DC405000001,
				67C96763009F5DC405000001,
				67C96771009F5EB105000001,
				677F8EBB00A22B2E05000001,
			);
			isa = PBXSourcesBuildPhase;
			name = Sources;
		};
		20286C3BFDCF999611CA2CEA = {
			buildActionMask = 2147483647;
			files = (
				20286C3CFDCF999611CA2CEA,
				0249A66AFF388E3911CA2CEA,
				67C96775009F60E005000001,
			);
			isa = PBXFrameworksBuildPhase;
			name = "Frameworks & Libraries";
		};
		20286C3CFDCF999611CA2CEA = {
			fileRef = 20286C33FDCF999611CA2CEA;
			isa = PBXBuildFile;
			settings = {
			};
		};
//200
//201
//202
//203
//204
//670
//671
//672
//673
//674
		67222A6500A2324105000001 = {
			children = (
				67222A6600A2324105000001,
				67222A6700A2324105000001,
				67222A6800A2324105000001,
				67222A6900A2324105000001,
			);
			isa = PBXGroup;
			name = CreateMovie.c;
			path = ../Clippings/CreateMovie.c;
			refType = 2;
		};
		67222A6600A2324105000001 = {
			isa = PBXFileReference;
			path = AsyncMovieLoading.txt;
			refType = 4;
		};
		67222A6700A2324105000001 = {
			isa = PBXFileReference;
			path = CreateDataRef.txt;
			refType = 4;
		};
		67222A6800A2324105000001 = {
			isa = PBXFileReference;
			path = CreateDataRefVars.txt;
			refType = 4;
		};
		67222A6900A2324105000001 = {
			isa = PBXFileReference;
			path = CreateMovieFromDataRef.txt;
			refType = 4;
		};
		676557BC00A1D39505000001 = {
			isa = PBXFileReference;
			name = Icon.icns;
			path = "../Application Files/Icon.icns";
			refType = 2;
		};
		676557BD00A1D39505000001 = {
			fileRef = 676557BC00A1D39505000001;
			isa = PBXBuildFile;
			settings = {
			};
		};
		677F8EB900A22B2E05000001 = {
			isa = PBXFileReference;
			name = CreateMovie.c;
			path = "../Start Code/CreateMovie.c";
			refType = 2;
		};
		677F8EBA00A22B2E05000001 = {
			isa = PBXFileReference;
			name = CreateMovie.c;
			path = "../Completed Lab/CreateMovie.c";
			refType = 2;
		};
		677F8EBB00A22B2E05000001 = {
			fileRef = 677F8EBA00A22B2E05000001;
			isa = PBXBuildFile;
			settings = {
			};
		};
		67C9675A009F5D0505000001 = {
			children = (
				67222A6500A2324105000001,
			);
			isa = PBXGroup;
			name = Clippings;
			refType = 4;
		};
		67C9675B009F5D0505000001 = {
			children = (
				677F8EB900A22B2E05000001,
			);
			isa = PBXGroup;
			name = "Start Code";
			refType = 4;
		};
		67C9675C009F5D0505000001 = {
			children = (
				677F8EBA00A22B2E05000001,
			);
			isa = PBXGroup;
			name = "Completed Lab";
			path = "";
			refType = 4;
		};
		67C9675D009F5D2105000001 = {
			children = (
				67C9675E009F5DC405000001,
				67C96770009F5EB105000001,
				67C9675F009F5DC405000001,
				67C96760009F5DC405000001,
			);
			isa = PBXGroup;
			name = Sources;
			refType = 4;
		};
		67C9675E009F5DC405000001 = {
			isa = PBXFileReference;
			name = MacFramework.c;
			path = "../Common Files/MacFramework.c";
			refType = 2;
		};
		67C9675F009F5DC405000001 = {
			isa = PBXFileReference;
			name = ComFramework.c;
			path = "../Common Files/ComFramework.c";
			refType = 2;
		};
		67C96760009F5DC405000001 = {
			isa = PBXFileReference;
			name = QTUtilities.c;
			path = "../Common Files/QTUtilities.c";
			refType = 2;
		};
		67C96761009F5DC405000001 = {
			fileRef = 67C9675E009F5DC405000001;
			isa = PBXBuildFile;
			settings = {
			};
		};
		67C96762009F5DC405000001 = {
			fileRef = 67C9675F009F5DC405000001;
			isa = PBXBuildFile;
			settings = {
			};
		};
		67C96763009F5DC405000001 = {
			fileRef = 67C96760009F5DC405000001;
			isa = PBXBuildFile;
			settings = {
			};
		};
		67C96764009F5DD105000001 = {
			isa = PBXFileReference;
			name = MacFramework.rsrc;
			path = "../Common Files/MacFramework.rsrc";
			refType = 2;
		};
		67C96765009F5DD105000001 = {
			fileRef = 67C96764009F5DD105000001;
			isa = PBXBuildFile;
			settings = {
			};
		};
		67C96770009F5EB105000001 = {
			isa = PBXFileReference;
			name = ComApplication.c;
			path = "../Application Files/ComApplication.c";
			refType = 2;
		};
		67C96771009F5EB105000001 = {
			fileRef = 67C96770009F5EB105000001;
			isa = PBXBuildFile;
			settings = {
			};
		};
		67C96772009F5EBB05000001 = {
			isa = PBXFileReference;
			name = MacApplication.rsrc;
			path = "../Application Files/MacApplication.rsrc";
			refType = 2;
		};
		67C96773009F5EBB05000001 = {
			fileRef = 67C96772009F5EBB05000001;
			isa = PBXBuildFile;
			settings = {
			};
		};
		67C96774009F60E005000001 = {
			isa = PBXFrameworkReference;
			name = QuickTime.framework;
			path = /System/Library/Frameworks/QuickTime.framework;
			refType = 0;
		};
		67C96775009F60E005000001 = {
			fileRef = 67C96774009F60E005000001;
			isa = PBXBuildFile;
			settings = {
			};
		};
	};
	rootObject = 20286C28FDCF999611CA2CEA;
}
